// !$*UTF8*$!
{
	archiveVersion = 1;
	classes = {
	};
	objectVersion = 51;
	objects = {

/* Begin PBXBuildFile section */
		7246B884243C31C00031D3A0 /* KARoadTableViewCell.m in Sources */ = {isa = PBXBuildFile; fileRef = 7246B883243C31C00031D3A0 /* KARoadTableViewCell.m */; };
		7246B887243C3C1F0031D3A0 /* KARoadAddViewController.m in Sources */ = {isa = PBXBuildFile; fileRef = 7246B886243C3C1F0031D3A0 /* KARoadAddViewController.m */; };
		7246B88A243C4C0D0031D3A0 /* KAMineTableViewCell.m in Sources */ = {isa = PBXBuildFile; fileRef = 7246B889243C4C0D0031D3A0 /* KAMineTableViewCell.m */; };
		7246B88D243C4C6A0031D3A0 /* KAMineModel.m in Sources */ = {isa = PBXBuildFile; fileRef = 7246B88C243C4C6A0031D3A0 /* KAMineModel.m */; };
		7246B890243C51E10031D3A0 /* KAModifyNicknameViewController.m in Sources */ = {isa = PBXBuildFile; fileRef = 7246B88F243C51E10031D3A0 /* KAModifyNicknameViewController.m */; };
		7246B893243C51F60031D3A0 /* KAPasswordChangeViewController.m in Sources */ = {isa = PBXBuildFile; fileRef = 7246B892243C51F60031D3A0 /* KAPasswordChangeViewController.m */; };
		7246B896243C58A00031D3A0 /* KAproblemFeedbackViewController.m in Sources */ = {isa = PBXBuildFile; fileRef = 7246B895243C58A00031D3A0 /* KAproblemFeedbackViewController.m */; };
		7246B899243C58C30031D3A0 /* KAproblemFeedbackModel.m in Sources */ = {isa = PBXBuildFile; fileRef = 7246B898243C58C30031D3A0 /* KAproblemFeedbackModel.m */; };
		7246B89C243C59640031D3A0 /* KAproblemFeedbackTableViewCell.m in Sources */ = {isa = PBXBuildFile; fileRef = 7246B89B243C59640031D3A0 /* KAproblemFeedbackTableViewCell.m */; };
		728506D92435B47B00D3BDF8 /* AppDelegate.m in Sources */ = {isa = PBXBuildFile; fileRef = 728506D82435B47B00D3BDF8 /* AppDelegate.m */; };
		728506E42435B48000D3BDF8 /* Assets.xcassets in Resources */ = {isa = PBXBuildFile; fileRef = 728506E32435B48000D3BDF8 /* Assets.xcassets */; };
		728506E72435B48000D3BDF8 /* LaunchScreen.storyboard in Resources */ = {isa = PBXBuildFile; fileRef = 728506E52435B48000D3BDF8 /* LaunchScreen.storyboard */; };
		728506EA2435B48000D3BDF8 /* main.m in Sources */ = {isa = PBXBuildFile; fileRef = 728506E92435B48000D3BDF8 /* main.m */; };
		728507062435F69B00D3BDF8 /* KABaseViewController.m in Sources */ = {isa = PBXBuildFile; fileRef = 728507052435F69B00D3BDF8 /* KABaseViewController.m */; };
		728507092435F8BC00D3BDF8 /* KATabBarController.m in Sources */ = {isa = PBXBuildFile; fileRef = 728507082435F8BC00D3BDF8 /* KATabBarController.m */; };
		7285070C2435FBEF00D3BDF8 /* KAGasolineViewController.m in Sources */ = {isa = PBXBuildFile; fileRef = 7285070B2435FBEF00D3BDF8 /* KAGasolineViewController.m */; };
		7285070F2435FC1E00D3BDF8 /* KAHomeViewController.m in Sources */ = {isa = PBXBuildFile; fileRef = 7285070E2435FC1E00D3BDF8 /* KAHomeViewController.m */; };
		728507122435FC3600D3BDF8 /* KAMineViewController.m in Sources */ = {isa = PBXBuildFile; fileRef = 728507112435FC3600D3BDF8 /* KAMineViewController.m */; };
		728507152435FC4A00D3BDF8 /* KARoadViewController.m in Sources */ = {isa = PBXBuildFile; fileRef = 728507142435FC4A00D3BDF8 /* KARoadViewController.m */; };
		728507262436016F00D3BDF8 /* KAUIUtilities.m in Sources */ = {isa = PBXBuildFile; fileRef = 7285071A2436016D00D3BDF8 /* KAUIUtilities.m */; };
		728507272436016F00D3BDF8 /* CalendarTool.m in Sources */ = {isa = PBXBuildFile; fileRef = 7285071B2436016D00D3BDF8 /* CalendarTool.m */; };
		728507282436016F00D3BDF8 /* NSDictionary+log.m in Sources */ = {isa = PBXBuildFile; fileRef = 7285071C2436016D00D3BDF8 /* NSDictionary+log.m */; };
		728507292436016F00D3BDF8 /* KANDHTTPClient.m in Sources */ = {isa = PBXBuildFile; fileRef = 728507202436016E00D3BDF8 /* KANDHTTPClient.m */; };
		7285072A2436016F00D3BDF8 /* MBProgressHUD+KANJ.m in Sources */ = {isa = PBXBuildFile; fileRef = 728507212436016E00D3BDF8 /* MBProgressHUD+KANJ.m */; };
		7285072B2436016F00D3BDF8 /* NSArray+log.m in Sources */ = {isa = PBXBuildFile; fileRef = 728507222436016E00D3BDF8 /* NSArray+log.m */; };
		7285072C2436016F00D3BDF8 /* KAHBTool.m in Sources */ = {isa = PBXBuildFile; fileRef = 728507232436016E00D3BDF8 /* KAHBTool.m */; };
		7285072F24360F6200D3BDF8 /* KACargoRecordViewController.m in Sources */ = {isa = PBXBuildFile; fileRef = 7285072E24360F6200D3BDF8 /* KACargoRecordViewController.m */; };
		7285073224360F9F00D3BDF8 /* KACargoAddViewController.m in Sources */ = {isa = PBXBuildFile; fileRef = 7285073124360F9F00D3BDF8 /* KACargoAddViewController.m */; };
		728507352436102100D3BDF8 /* KACargoModel.m in Sources */ = {isa = PBXBuildFile; fileRef = 728507342436102100D3BDF8 /* KACargoModel.m */; };
		728507382436134B00D3BDF8 /* KACargoAddViewModel.m in Sources */ = {isa = PBXBuildFile; fileRef = 728507372436134B00D3BDF8 /* KACargoAddViewModel.m */; };
		7285073B24362C4400D3BDF8 /* KACargoEditableTableViewCell.m in Sources */ = {isa = PBXBuildFile; fileRef = 7285073A24362C4400D3BDF8 /* KACargoEditableTableViewCell.m */; };
		7285073E24386A7F00D3BDF8 /* KACargoRecordTableViewCell.m in Sources */ = {isa = PBXBuildFile; fileRef = 7285073D24386A7F00D3BDF8 /* KACargoRecordTableViewCell.m */; };
		728507412438A60C00D3BDF8 /* KALoginTableViewCell.m in Sources */ = {isa = PBXBuildFile; fileRef = 728507402438A60C00D3BDF8 /* KALoginTableViewCell.m */; };
		728507442438C1D700D3BDF8 /* KALoginViewController.m in Sources */ = {isa = PBXBuildFile; fileRef = 728507432438C1D700D3BDF8 /* KALoginViewController.m */; };
		728507472438C8E100D3BDF8 /* KACargoRecordSuperTableViewCell.m in Sources */ = {isa = PBXBuildFile; fileRef = 728507462438C8E100D3BDF8 /* KACargoRecordSuperTableViewCell.m */; };
		7285074A243AB63600D3BDF8 /* KARoadModel.m in Sources */ = {isa = PBXBuildFile; fileRef = 72850749243AB63600D3BDF8 /* KARoadModel.m */; };
		7285074D243AB7CD00D3BDF8 /* KAGasolineModel.m in Sources */ = {isa = PBXBuildFile; fileRef = 7285074C243AB7CD00D3BDF8 /* KAGasolineModel.m */; };
		72850750243ABBF700D3BDF8 /* KAGasolineAddViewController.m in Sources */ = {isa = PBXBuildFile; fileRef = 7285074F243ABBF700D3BDF8 /* KAGasolineAddViewController.m */; };
		72850753243ABF4600D3BDF8 /* KAGasolineTableViewCell.m in Sources */ = {isa = PBXBuildFile; fileRef = 72850752243ABF4600D3BDF8 /* KAGasolineTableViewCell.m */; };
		E7BDC7703E95C58634871974 /* Pods_TransportationManagement.framework in Frameworks */ = {isa = PBXBuildFile; fileRef = D5F639F2312771184B0C56E9 /* Pods_TransportationManagement.framework */; };
/* End PBXBuildFile section */

/* Begin PBXFileReference section */
		461D51084D8B022805E4FEEA /* Pods-TransportationManagement.release.xcconfig */ = {isa = PBXFileReference; includeInIndex = 1; lastKnownFileType = text.xcconfig; name = "Pods-TransportationManagement.release.xcconfig"; path = "Target Support Files/Pods-TransportationManagement/Pods-TransportationManagement.release.xcconfig"; sourceTree = "<group>"; };
		7246B882243C31C00031D3A0 /* KARoadTableViewCell.h */ = {isa = PBXFileReference; lastKnownFileType = sourcecode.c.h; path = KARoadTableViewCell.h; sourceTree = "<group>"; };
		7246B883243C31C00031D3A0 /* KARoadTableViewCell.m */ = {isa = PBXFileReference; lastKnownFileType = sourcecode.c.objc; path = KARoadTableViewCell.m; sourceTree = "<group>"; };
		7246B885243C3C1F0031D3A0 /* KARoadAddViewController.h */ = {isa = PBXFileReference; lastKnownFileType = sourcecode.c.h; path = KARoadAddViewController.h; sourceTree = "<group>"; };
		7246B886243C3C1F0031D3A0 /* KARoadAddViewController.m */ = {isa = PBXFileReference; lastKnownFileType = sourcecode.c.objc; path = KARoadAddViewController.m; sourceTree = "<group>"; };
		7246B888243C4C0D0031D3A0 /* KAMineTableViewCell.h */ = {isa = PBXFileReference; lastKnownFileType = sourcecode.c.h; path = KAMineTableViewCell.h; sourceTree = "<group>"; };
		7246B889243C4C0D0031D3A0 /* KAMineTableViewCell.m */ = {isa = PBXFileReference; lastKnownFileType = sourcecode.c.objc; path = KAMineTableViewCell.m; sourceTree = "<group>"; };
		7246B88B243C4C6A0031D3A0 /* KAMineModel.h */ = {isa = PBXFileReference; lastKnownFileType = sourcecode.c.h; path = KAMineModel.h; sourceTree = "<group>"; };
		7246B88C243C4C6A0031D3A0 /* KAMineModel.m */ = {isa = PBXFileReference; lastKnownFileType = sourcecode.c.objc; path = KAMineModel.m; sourceTree = "<group>"; };
		7246B88E243C51E10031D3A0 /* KAModifyNicknameViewController.h */ = {isa = PBXFileReference; lastKnownFileType = sourcecode.c.h; path = KAModifyNicknameViewController.h; sourceTree = "<group>"; };
		7246B88F243C51E10031D3A0 /* KAModifyNicknameViewController.m */ = {isa = PBXFileReference; lastKnownFileType = sourcecode.c.objc; path = KAModifyNicknameViewController.m; sourceTree = "<group>"; };
		7246B891243C51F60031D3A0 /* KAPasswordChangeViewController.h */ = {isa = PBXFileReference; lastKnownFileType = sourcecode.c.h; path = KAPasswordChangeViewController.h; sourceTree = "<group>"; };
		7246B892243C51F60031D3A0 /* KAPasswordChangeViewController.m */ = {isa = PBXFileReference; lastKnownFileType = sourcecode.c.objc; path = KAPasswordChangeViewController.m; sourceTree = "<group>"; };
		7246B894243C58A00031D3A0 /* KAproblemFeedbackViewController.h */ = {isa = PBXFileReference; lastKnownFileType = sourcecode.c.h; path = KAproblemFeedbackViewController.h; sourceTree = "<group>"; };
		7246B895243C58A00031D3A0 /* KAproblemFeedbackViewController.m */ = {isa = PBXFileReference; lastKnownFileType = sourcecode.c.objc; path = KAproblemFeedbackViewController.m; sourceTree = "<group>"; };
		7246B897243C58C30031D3A0 /* KAproblemFeedbackModel.h */ = {isa = PBXFileReference; lastKnownFileType = sourcecode.c.h; path = KAproblemFeedbackModel.h; sourceTree = "<group>"; };
		7246B898243C58C30031D3A0 /* KAproblemFeedbackModel.m */ = {isa = PBXFileReference; lastKnownFileType = sourcecode.c.objc; path = KAproblemFeedbackModel.m; sourceTree = "<group>"; };
		7246B89A243C59640031D3A0 /* KAproblemFeedbackTableViewCell.h */ = {isa = PBXFileReference; lastKnownFileType = sourcecode.c.h; path = KAproblemFeedbackTableViewCell.h; sourceTree = "<group>"; };
		7246B89B243C59640031D3A0 /* KAproblemFeedbackTableViewCell.m */ = {isa = PBXFileReference; lastKnownFileType = sourcecode.c.objc; path = KAproblemFeedbackTableViewCell.m; sourceTree = "<group>"; };
		728506D42435B47B00D3BDF8 /* TransportationManagement.app */ = {isa = PBXFileReference; explicitFileType = wrapper.application; includeInIndex = 0; path = TransportationManagement.app; sourceTree = BUILT_PRODUCTS_DIR; };
		728506D72435B47B00D3BDF8 /* AppDelegate.h */ = {isa = PBXFileReference; lastKnownFileType = sourcecode.c.h; path = AppDelegate.h; sourceTree = "<group>"; };
		728506D82435B47B00D3BDF8 /* AppDelegate.m */ = {isa = PBXFileReference; lastKnownFileType = sourcecode.c.objc; path = AppDelegate.m; sourceTree = "<group>"; };
		728506E32435B48000D3BDF8 /* Assets.xcassets */ = {isa = PBXFileReference; lastKnownFileType = folder.assetcatalog; path = Assets.xcassets; sourceTree = "<group>"; };
		728506E62435B48000D3BDF8 /* Base */ = {isa = PBXFileReference; lastKnownFileType = file.storyboard; name = Base; path = Base.lproj/LaunchScreen.storyboard; sourceTree = "<group>"; };
		728506E82435B48000D3BDF8 /* Info.plist */ = {isa = PBXFileReference; lastKnownFileType = text.plist.xml; path = Info.plist; sourceTree = "<group>"; };
		728506E92435B48000D3BDF8 /* main.m */ = {isa = PBXFileReference; lastKnownFileType = sourcecode.c.objc; path = main.m; sourceTree = "<group>"; };
		728507042435F69B00D3BDF8 /* KABaseViewController.h */ = {isa = PBXFileReference; lastKnownFileType = sourcecode.c.h; path = KABaseViewController.h; sourceTree = "<group>"; };
		728507052435F69B00D3BDF8 /* KABaseViewController.m */ = {isa = PBXFileReference; lastKnownFileType = sourcecode.c.objc; path = KABaseViewController.m; sourceTree = "<group>"; };
		728507072435F8BC00D3BDF8 /* KATabBarController.h */ = {isa = PBXFileReference; lastKnownFileType = sourcecode.c.h; path = KATabBarController.h; sourceTree = "<group>"; };
		728507082435F8BC00D3BDF8 /* KATabBarController.m */ = {isa = PBXFileReference; lastKnownFileType = sourcecode.c.objc; path = KATabBarController.m; sourceTree = "<group>"; };
		7285070A2435FBEF00D3BDF8 /* KAGasolineViewController.h */ = {isa = PBXFileReference; lastKnownFileType = sourcecode.c.h; path = KAGasolineViewController.h; sourceTree = "<group>"; };
		7285070B2435FBEF00D3BDF8 /* KAGasolineViewController.m */ = {isa = PBXFileReference; lastKnownFileType = sourcecode.c.objc; path = KAGasolineViewController.m; sourceTree = "<group>"; };
		7285070D2435FC1E00D3BDF8 /* KAHomeViewController.h */ = {isa = PBXFileReference; lastKnownFileType = sourcecode.c.h; path = KAHomeViewController.h; sourceTree = "<group>"; };
		7285070E2435FC1E00D3BDF8 /* KAHomeViewController.m */ = {isa = PBXFileReference; lastKnownFileType = sourcecode.c.objc; path = KAHomeViewController.m; sourceTree = "<group>"; };
		728507102435FC3600D3BDF8 /* KAMineViewController.h */ = {isa = PBXFileReference; lastKnownFileType = sourcecode.c.h; path = KAMineViewController.h; sourceTree = "<group>"; };
		728507112435FC3600D3BDF8 /* KAMineViewController.m */ = {isa = PBXFileReference; lastKnownFileType = sourcecode.c.objc; path = KAMineViewController.m; sourceTree = "<group>"; };
		728507132435FC4A00D3BDF8 /* KARoadViewController.h */ = {isa = PBXFileReference; lastKnownFileType = sourcecode.c.h; path = KARoadViewController.h; sourceTree = "<group>"; };
		728507142435FC4A00D3BDF8 /* KARoadViewController.m */ = {isa = PBXFileReference; lastKnownFileType = sourcecode.c.objc; path = KARoadViewController.m; sourceTree = "<group>"; };
		728507162436012D00D3BDF8 /* KAGlobal.h */ = {isa = PBXFileReference; lastKnownFileType = sourcecode.c.h; path = KAGlobal.h; sourceTree = "<group>"; };
		728507172436016C00D3BDF8 /* KANDHTTPClient.h */ = {isa = PBXFileReference; fileEncoding = 4; lastKnownFileType = sourcecode.c.h; path = KANDHTTPClient.h; sourceTree = "<group>"; };
		728507182436016C00D3BDF8 /* NSDictionary+log.h */ = {isa = PBXFileReference; fileEncoding = 4; lastKnownFileType = sourcecode.c.h; path = "NSDictionary+log.h"; sourceTree = "<group>"; };
		728507192436016C00D3BDF8 /* KAHBTool.h */ = {isa = PBXFileReference; fileEncoding = 4; lastKnownFileType = sourcecode.c.h; path = KAHBTool.h; sourceTree = "<group>"; };
		7285071A2436016D00D3BDF8 /* KAUIUtilities.m */ = {isa = PBXFileReference; fileEncoding = 4; lastKnownFileType = sourcecode.c.objc; path = KAUIUtilities.m; sourceTree = "<group>"; };
		7285071B2436016D00D3BDF8 /* CalendarTool.m */ = {isa = PBXFileReference; fileEncoding = 4; lastKnownFileType = sourcecode.c.objc; path = CalendarTool.m; sourceTree = "<group>"; };
		7285071C2436016D00D3BDF8 /* NSDictionary+log.m */ = {isa = PBXFileReference; fileEncoding = 4; lastKnownFileType = sourcecode.c.objc; path = "NSDictionary+log.m"; sourceTree = "<group>"; };
		7285071D2436016D00D3BDF8 /* NSArray+log.h */ = {isa = PBXFileReference; fileEncoding = 4; lastKnownFileType = sourcecode.c.h; path = "NSArray+log.h"; sourceTree = "<group>"; };
		7285071E2436016D00D3BDF8 /* KA_PrefixHeader.pch */ = {isa = PBXFileReference; fileEncoding = 4; lastKnownFileType = sourcecode.c.h; path = KA_PrefixHeader.pch; sourceTree = "<group>"; };
		7285071F2436016D00D3BDF8 /* CalendarTool.h */ = {isa = PBXFileReference; fileEncoding = 4; lastKnownFileType = sourcecode.c.h; path = CalendarTool.h; sourceTree = "<group>"; };
		728507202436016E00D3BDF8 /* KANDHTTPClient.m */ = {isa = PBXFileReference; fileEncoding = 4; lastKnownFileType = sourcecode.c.objc; path = KANDHTTPClient.m; sourceTree = "<group>"; };
		728507212436016E00D3BDF8 /* MBProgressHUD+KANJ.m */ = {isa = PBXFileReference; fileEncoding = 4; lastKnownFileType = sourcecode.c.objc; path = "MBProgressHUD+KANJ.m"; sourceTree = "<group>"; };
		728507222436016E00D3BDF8 /* NSArray+log.m */ = {isa = PBXFileReference; fileEncoding = 4; lastKnownFileType = sourcecode.c.objc; path = "NSArray+log.m"; sourceTree = "<group>"; };
		728507232436016E00D3BDF8 /* KAHBTool.m */ = {isa = PBXFileReference; fileEncoding = 4; lastKnownFileType = sourcecode.c.objc; path = KAHBTool.m; sourceTree = "<group>"; };
		728507242436016E00D3BDF8 /* KAUIUtilities.h */ = {isa = PBXFileReference; fileEncoding = 4; lastKnownFileType = sourcecode.c.h; path = KAUIUtilities.h; sourceTree = "<group>"; };
		728507252436016F00D3BDF8 /* MBProgressHUD+KANJ.h */ = {isa = PBXFileReference; fileEncoding = 4; lastKnownFileType = sourcecode.c.h; path = "MBProgressHUD+KANJ.h"; sourceTree = "<group>"; };
		7285072D24360F6200D3BDF8 /* KACargoRecordViewController.h */ = {isa = PBXFileReference; lastKnownFileType = sourcecode.c.h; path = KACargoRecordViewController.h; sourceTree = "<group>"; };
		7285072E24360F6200D3BDF8 /* KACargoRecordViewController.m */ = {isa = PBXFileReference; lastKnownFileType = sourcecode.c.objc; path = KACargoRecordViewController.m; sourceTree = "<group>"; };
		7285073024360F9F00D3BDF8 /* KACargoAddViewController.h */ = {isa = PBXFileReference; lastKnownFileType = sourcecode.c.h; path = KACargoAddViewController.h; sourceTree = "<group>"; };
		7285073124360F9F00D3BDF8 /* KACargoAddViewController.m */ = {isa = PBXFileReference; lastKnownFileType = sourcecode.c.objc; path = KACargoAddViewController.m; sourceTree = "<group>"; };
		728507332436102100D3BDF8 /* KACargoModel.h */ = {isa = PBXFileReference; lastKnownFileType = sourcecode.c.h; path = KACargoModel.h; sourceTree = "<group>"; };
		728507342436102100D3BDF8 /* KACargoModel.m */ = {isa = PBXFileReference; lastKnownFileType = sourcecode.c.objc; path = KACargoModel.m; sourceTree = "<group>"; };
		728507362436134A00D3BDF8 /* KACargoAddViewModel.h */ = {isa = PBXFileReference; lastKnownFileType = sourcecode.c.h; path = KACargoAddViewModel.h; sourceTree = "<group>"; };
		728507372436134B00D3BDF8 /* KACargoAddViewModel.m */ = {isa = PBXFileReference; lastKnownFileType = sourcecode.c.objc; path = KACargoAddViewModel.m; sourceTree = "<group>"; };
		7285073924362C4400D3BDF8 /* KACargoEditableTableViewCell.h */ = {isa = PBXFileReference; lastKnownFileType = sourcecode.c.h; path = KACargoEditableTableViewCell.h; sourceTree = "<group>"; };
		7285073A24362C4400D3BDF8 /* KACargoEditableTableViewCell.m */ = {isa = PBXFileReference; lastKnownFileType = sourcecode.c.objc; path = KACargoEditableTableViewCell.m; sourceTree = "<group>"; };
		7285073C24386A7E00D3BDF8 /* KACargoRecordTableViewCell.h */ = {isa = PBXFileReference; lastKnownFileType = sourcecode.c.h; path = KACargoRecordTableViewCell.h; sourceTree = "<group>"; };
		7285073D24386A7F00D3BDF8 /* KACargoRecordTableViewCell.m */ = {isa = PBXFileReference; lastKnownFileType = sourcecode.c.objc; path = KACargoRecordTableViewCell.m; sourceTree = "<group>"; };
		7285073F2438A60B00D3BDF8 /* KALoginTableViewCell.h */ = {isa = PBXFileReference; lastKnownFileType = sourcecode.c.h; path = KALoginTableViewCell.h; sourceTree = "<group>"; };
		728507402438A60C00D3BDF8 /* KALoginTableViewCell.m */ = {isa = PBXFileReference; lastKnownFileType = sourcecode.c.objc; path = KALoginTableViewCell.m; sourceTree = "<group>"; };
		728507422438C1D700D3BDF8 /* KALoginViewController.h */ = {isa = PBXFileReference; lastKnownFileType = sourcecode.c.h; path = KALoginViewController.h; sourceTree = "<group>"; };
		728507432438C1D700D3BDF8 /* KALoginViewController.m */ = {isa = PBXFileReference; lastKnownFileType = sourcecode.c.objc; path = KALoginViewController.m; sourceTree = "<group>"; };
		728507452438C8E100D3BDF8 /* KACargoRecordSuperTableViewCell.h */ = {isa = PBXFileReference; lastKnownFileType = sourcecode.c.h; path = KACargoRecordSuperTableViewCell.h; sourceTree = "<group>"; };
		728507462438C8E100D3BDF8 /* KACargoRecordSuperTableViewCell.m */ = {isa = PBXFileReference; lastKnownFileType = sourcecode.c.objc; path = KACargoRecordSuperTableViewCell.m; sourceTree = "<group>"; };
		72850748243AB63600D3BDF8 /* KARoadModel.h */ = {isa = PBXFileReference; lastKnownFileType = sourcecode.c.h; path = KARoadModel.h; sourceTree = "<group>"; };
		72850749243AB63600D3BDF8 /* KARoadModel.m */ = {isa = PBXFileReference; lastKnownFileType = sourcecode.c.objc; path = KARoadModel.m; sourceTree = "<group>"; };
		7285074B243AB7CD00D3BDF8 /* KAGasolineModel.h */ = {isa = PBXFileReference; lastKnownFileType = sourcecode.c.h; path = KAGasolineModel.h; sourceTree = "<group>"; };
		7285074C243AB7CD00D3BDF8 /* KAGasolineModel.m */ = {isa = PBXFileReference; lastKnownFileType = sourcecode.c.objc; path = KAGasolineModel.m; sourceTree = "<group>"; };
		7285074E243ABBF700D3BDF8 /* KAGasolineAddViewController.h */ = {isa = PBXFileReference; lastKnownFileType = sourcecode.c.h; path = KAGasolineAddViewController.h; sourceTree = "<group>"; };
		7285074F243ABBF700D3BDF8 /* KAGasolineAddViewController.m */ = {isa = PBXFileReference; lastKnownFileType = sourcecode.c.objc; path = KAGasolineAddViewController.m; sourceTree = "<group>"; };
		72850751243ABF4600D3BDF8 /* KAGasolineTableViewCell.h */ = {isa = PBXFileReference; lastKnownFileType = sourcecode.c.h; path = KAGasolineTableViewCell.h; sourceTree = "<group>"; };
		72850752243ABF4600D3BDF8 /* KAGasolineTableViewCell.m */ = {isa = PBXFileReference; lastKnownFileType = sourcecode.c.objc; path = KAGasolineTableViewCell.m; sourceTree = "<group>"; };
		C478DEEBE13474D57569AF72 /* Pods-TransportationManagement.debug.xcconfig */ = {isa = PBXFileReference; includeInIndex = 1; lastKnownFileType = text.xcconfig; name = "Pods-TransportationManagement.debug.xcconfig"; path = "Target Support Files/Pods-TransportationManagement/Pods-TransportationManagement.debug.xcconfig"; sourceTree = "<group>"; };
		D5F639F2312771184B0C56E9 /* Pods_TransportationManagement.framework */ = {isa = PBXFileReference; explicitFileType = wrapper.framework; includeInIndex = 0; path = Pods_TransportationManagement.framework; sourceTree = BUILT_PRODUCTS_DIR; };
/* End PBXFileReference section */

/* Begin PBXFrameworksBuildPhase section */
		728506D12435B47B00D3BDF8 /* Frameworks */ = {
			isa = PBXFrameworksBuildPhase;
			buildActionMask = 2147483647;
			files = (
				E7BDC7703E95C58634871974 /* Pods_TransportationManagement.framework in Frameworks */,
			);
			runOnlyForDeploymentPostprocessing = 0;
		};
/* End PBXFrameworksBuildPhase section */

/* Begin PBXGroup section */
		58CD696FF3B3A8BA26DEA958 /* Pods */ = {
			isa = PBXGroup;
			children = (
				C478DEEBE13474D57569AF72 /* Pods-TransportationManagement.debug.xcconfig */,
				461D51084D8B022805E4FEEA /* Pods-TransportationManagement.release.xcconfig */,
			);
			path = Pods;
			sourceTree = "<group>";
		};
		5A9C40BBFFA7FC8CE49BF66C /* Frameworks */ = {
			isa = PBXGroup;
			children = (
				D5F639F2312771184B0C56E9 /* Pods_TransportationManagement.framework */,
			);
			name = Frameworks;
			sourceTree = "<group>";
		};
		728506CB2435B47B00D3BDF8 = {
			isa = PBXGroup;
			children = (
				728506D62435B47B00D3BDF8 /* TransportationManagement */,
				728506D52435B47B00D3BDF8 /* Products */,
				58CD696FF3B3A8BA26DEA958 /* Pods */,
				5A9C40BBFFA7FC8CE49BF66C /* Frameworks */,
			);
			sourceTree = "<group>";
		};
		728506D52435B47B00D3BDF8 /* Products */ = {
			isa = PBXGroup;
			children = (
				728506D42435B47B00D3BDF8 /* TransportationManagement.app */,
			);
			name = Products;
			sourceTree = "<group>";
		};
		728506D62435B47B00D3BDF8 /* TransportationManagement */ = {
			isa = PBXGroup;
			children = (
				728506F02435F55700D3BDF8 /* Common */,
				728506FD2435F55800D3BDF8 /* Gasoline */,
				728506F92435F55800D3BDF8 /* Home */,
				728506F52435F55800D3BDF8 /* Mine */,
				728506F12435F55800D3BDF8 /* Road */,
				728506D72435B47B00D3BDF8 /* AppDelegate.h */,
				728506D82435B47B00D3BDF8 /* AppDelegate.m */,
				728506E32435B48000D3BDF8 /* Assets.xcassets */,
				728506E52435B48000D3BDF8 /* LaunchScreen.storyboard */,
				728506E82435B48000D3BDF8 /* Info.plist */,
				728506E92435B48000D3BDF8 /* main.m */,
			);
			path = TransportationManagement;
			sourceTree = "<group>";
		};
		728506F02435F55700D3BDF8 /* Common */ = {
			isa = PBXGroup;
			children = (
				728507162436012D00D3BDF8 /* KAGlobal.h */,
				7285071E2436016D00D3BDF8 /* KA_PrefixHeader.pch */,
				728507192436016C00D3BDF8 /* KAHBTool.h */,
				728507232436016E00D3BDF8 /* KAHBTool.m */,
				728507172436016C00D3BDF8 /* KANDHTTPClient.h */,
				728507202436016E00D3BDF8 /* KANDHTTPClient.m */,
				728507242436016E00D3BDF8 /* KAUIUtilities.h */,
				7285071A2436016D00D3BDF8 /* KAUIUtilities.m */,
				7285071F2436016D00D3BDF8 /* CalendarTool.h */,
				7285071B2436016D00D3BDF8 /* CalendarTool.m */,
				728507252436016F00D3BDF8 /* MBProgressHUD+KANJ.h */,
				728507212436016E00D3BDF8 /* MBProgressHUD+KANJ.m */,
				7285071D2436016D00D3BDF8 /* NSArray+log.h */,
				728507222436016E00D3BDF8 /* NSArray+log.m */,
				728507182436016C00D3BDF8 /* NSDictionary+log.h */,
				7285071C2436016D00D3BDF8 /* NSDictionary+log.m */,
				728507042435F69B00D3BDF8 /* KABaseViewController.h */,
				728507052435F69B00D3BDF8 /* KABaseViewController.m */,
				728507072435F8BC00D3BDF8 /* KATabBarController.h */,
				728507082435F8BC00D3BDF8 /* KATabBarController.m */,
			);
			path = Common;
			sourceTree = "<group>";
		};
		728506F12435F55800D3BDF8 /* Road */ = {
			isa = PBXGroup;
			children = (
				728506F22435F55800D3BDF8 /* Models */,
				728506F32435F55800D3BDF8 /* Controllers */,
				728506F42435F55800D3BDF8 /* Views */,
			);
			path = Road;
			sourceTree = "<group>";
		};
		728506F22435F55800D3BDF8 /* Models */ = {
			isa = PBXGroup;
			children = (
				72850748243AB63600D3BDF8 /* KARoadModel.h */,
				72850749243AB63600D3BDF8 /* KARoadModel.m */,
			);
			path = Models;
			sourceTree = "<group>";
		};
		728506F32435F55800D3BDF8 /* Controllers */ = {
			isa = PBXGroup;
			children = (
				728507132435FC4A00D3BDF8 /* KARoadViewController.h */,
				728507142435FC4A00D3BDF8 /* KARoadViewController.m */,
				7246B885243C3C1F0031D3A0 /* KARoadAddViewController.h */,
				7246B886243C3C1F0031D3A0 /* KARoadAddViewController.m */,
			);
			path = Controllers;
			sourceTree = "<group>";
		};
		728506F42435F55800D3BDF8 /* Views */ = {
			isa = PBXGroup;
			children = (
				7246B882243C31C00031D3A0 /* KARoadTableViewCell.h */,
				7246B883243C31C00031D3A0 /* KARoadTableViewCell.m */,
			);
			path = Views;
			sourceTree = "<group>";
		};
		728506F52435F55800D3BDF8 /* Mine */ = {
			isa = PBXGroup;
			children = (
				728506F62435F55800D3BDF8 /* Models */,
				728506F72435F55800D3BDF8 /* Controllers */,
				728506F82435F55800D3BDF8 /* Views */,
			);
			path = Mine;
			sourceTree = "<group>";
		};
		728506F62435F55800D3BDF8 /* Models */ = {
			isa = PBXGroup;
			children = (
				7246B88B243C4C6A0031D3A0 /* KAMineModel.h */,
				7246B88C243C4C6A0031D3A0 /* KAMineModel.m */,
				7246B897243C58C30031D3A0 /* KAproblemFeedbackModel.h */,
				7246B898243C58C30031D3A0 /* KAproblemFeedbackModel.m */,
			);
			path = Models;
			sourceTree = "<group>";
		};
		728506F72435F55800D3BDF8 /* Controllers */ = {
			isa = PBXGroup;
			children = (
				728507102435FC3600D3BDF8 /* KAMineViewController.h */,
				728507112435FC3600D3BDF8 /* KAMineViewController.m */,
				728507422438C1D700D3BDF8 /* KALoginViewController.h */,
				728507432438C1D700D3BDF8 /* KALoginViewController.m */,
				7246B88E243C51E10031D3A0 /* KAModifyNicknameViewController.h */,
				7246B88F243C51E10031D3A0 /* KAModifyNicknameViewController.m */,
				7246B891243C51F60031D3A0 /* KAPasswordChangeViewController.h */,
				7246B892243C51F60031D3A0 /* KAPasswordChangeViewController.m */,
				7246B894243C58A00031D3A0 /* KAproblemFeedbackViewController.h */,
				7246B895243C58A00031D3A0 /* KAproblemFeedbackViewController.m */,
			);
			path = Controllers;
			sourceTree = "<group>";
		};
		728506F82435F55800D3BDF8 /* Views */ = {
			isa = PBXGroup;
			children = (
				7285073F2438A60B00D3BDF8 /* KALoginTableViewCell.h */,
				728507402438A60C00D3BDF8 /* KALoginTableViewCell.m */,
				7246B888243C4C0D0031D3A0 /* KAMineTableViewCell.h */,
				7246B889243C4C0D0031D3A0 /* KAMineTableViewCell.m */,
				7246B89A243C59640031D3A0 /* KAproblemFeedbackTableViewCell.h */,
				7246B89B243C59640031D3A0 /* KAproblemFeedbackTableViewCell.m */,
			);
			path = Views;
			sourceTree = "<group>";
		};
		728506F92435F55800D3BDF8 /* Home */ = {
			isa = PBXGroup;
			children = (
				728506FA2435F55800D3BDF8 /* Models */,
				728506FB2435F55800D3BDF8 /* Controllers */,
				728506FC2435F55800D3BDF8 /* Views */,
			);
			path = Home;
			sourceTree = "<group>";
		};
		728506FA2435F55800D3BDF8 /* Models */ = {
			isa = PBXGroup;
			children = (
				728507332436102100D3BDF8 /* KACargoModel.h */,
				728507342436102100D3BDF8 /* KACargoModel.m */,
				728507362436134A00D3BDF8 /* KACargoAddViewModel.h */,
				728507372436134B00D3BDF8 /* KACargoAddViewModel.m */,
			);
			path = Models;
			sourceTree = "<group>";
		};
		728506FB2435F55800D3BDF8 /* Controllers */ = {
			isa = PBXGroup;
			children = (
				7285070D2435FC1E00D3BDF8 /* KAHomeViewController.h */,
				7285070E2435FC1E00D3BDF8 /* KAHomeViewController.m */,
				7285072D24360F6200D3BDF8 /* KACargoRecordViewController.h */,
				7285072E24360F6200D3BDF8 /* KACargoRecordViewController.m */,
				7285073024360F9F00D3BDF8 /* KACargoAddViewController.h */,
				7285073124360F9F00D3BDF8 /* KACargoAddViewController.m */,
			);
			path = Controllers;
			sourceTree = "<group>";
		};
		728506FC2435F55800D3BDF8 /* Views */ = {
			isa = PBXGroup;
			children = (
				7285073924362C4400D3BDF8 /* KACargoEditableTableViewCell.h */,
				7285073A24362C4400D3BDF8 /* KACargoEditableTableViewCell.m */,
				728507452438C8E100D3BDF8 /* KACargoRecordSuperTableViewCell.h */,
				728507462438C8E100D3BDF8 /* KACargoRecordSuperTableViewCell.m */,
				7285073C24386A7E00D3BDF8 /* KACargoRecordTableViewCell.h */,
				7285073D24386A7F00D3BDF8 /* KACargoRecordTableViewCell.m */,
			);
			path = Views;
			sourceTree = "<group>";
		};
		728506FD2435F55800D3BDF8 /* Gasoline */ = {
			isa = PBXGroup;
			children = (
				728506FE2435F55800D3BDF8 /* Models */,
				728506FF2435F55800D3BDF8 /* Controllers */,
				728507002435F55800D3BDF8 /* Views */,
			);
			path = Gasoline;
			sourceTree = "<group>";
		};
		728506FE2435F55800D3BDF8 /* Models */ = {
			isa = PBXGroup;
			children = (
				7285074B243AB7CD00D3BDF8 /* KAGasolineModel.h */,
				7285074C243AB7CD00D3BDF8 /* KAGasolineModel.m */,
			);
			path = Models;
			sourceTree = "<group>";
		};
		728506FF2435F55800D3BDF8 /* Controllers */ = {
			isa = PBXGroup;
			children = (
				7285070A2435FBEF00D3BDF8 /* KAGasolineViewController.h */,
				7285070B2435FBEF00D3BDF8 /* KAGasolineViewController.m */,
				7285074E243ABBF700D3BDF8 /* KAGasolineAddViewController.h */,
				7285074F243ABBF700D3BDF8 /* KAGasolineAddViewController.m */,
			);
			path = Controllers;
			sourceTree = "<group>";
		};
		728507002435F55800D3BDF8 /* Views */ = {
			isa = PBXGroup;
			children = (
				72850751243ABF4600D3BDF8 /* KAGasolineTableViewCell.h */,
				72850752243ABF4600D3BDF8 /* KAGasolineTableViewCell.m */,
			);
			path = Views;
			sourceTree = "<group>";
		};
/* End PBXGroup section */

/* Begin PBXNativeTarget section */
		728506D32435B47B00D3BDF8 /* TransportationManagement */ = {
			isa = PBXNativeTarget;
			buildConfigurationList = 728506ED2435B48000D3BDF8 /* Build configuration list for PBXNativeTarget "TransportationManagement" */;
			buildPhases = (
				B9ABB74873D0E7185B81E4BC /* [CP] Check Pods Manifest.lock */,
				728506D02435B47B00D3BDF8 /* Sources */,
				728506D12435B47B00D3BDF8 /* Frameworks */,
				728506D22435B47B00D3BDF8 /* Resources */,
				FFF57EC1DDFC1E24E1921D75 /* [CP] Embed Pods Frameworks */,
			);
			buildRules = (
			);
			dependencies = (
			);
			name = TransportationManagement;
			productName = TransportationManagement;
			productReference = 728506D42435B47B00D3BDF8 /* TransportationManagement.app */;
			productType = "com.apple.product-type.application";
		};
/* End PBXNativeTarget section */

/* Begin PBXProject section */
		728506CC2435B47B00D3BDF8 /* Project object */ = {
			isa = PBXProject;
			attributes = {
				LastUpgradeCheck = 1130;
				ORGANIZATIONNAME = hb;
				TargetAttributes = {
					728506D32435B47B00D3BDF8 = {
						CreatedOnToolsVersion = 11.3;
					};
				};
			};
			buildConfigurationList = 728506CF2435B47B00D3BDF8 /* Build configuration list for PBXProject "TransportationManagement" */;
			compatibilityVersion = "Xcode 9.3";
			developmentRegion = en;
			hasScannedForEncodings = 0;
			knownRegions = (
				en,
				Base,
			);
			mainGroup = 728506CB2435B47B00D3BDF8;
			productRefGroup = 728506D52435B47B00D3BDF8 /* Products */;
			projectDirPath = "";
			projectRoot = "";
			targets = (
				728506D32435B47B00D3BDF8 /* TransportationManagement */,
			);
		};
/* End PBXProject section */

/* Begin PBXResourcesBuildPhase section */
		728506D22435B47B00D3BDF8 /* Resources */ = {
			isa = PBXResourcesBuildPhase;
			buildActionMask = 2147483647;
			files = (
				728506E72435B48000D3BDF8 /* LaunchScreen.storyboard in Resources */,
				728506E42435B48000D3BDF8 /* Assets.xcassets in Resources */,
			);
			runOnlyForDeploymentPostprocessing = 0;
		};
/* End PBXResourcesBuildPhase section */

/* Begin PBXShellScriptBuildPhase section */
		B9ABB74873D0E7185B81E4BC /* [CP] Check Pods Manifest.lock */ = {
			isa = PBXShellScriptBuildPhase;
			buildActionMask = 2147483647;
			files = (
			);
			inputFileListPaths = (
			);
			inputPaths = (
				"${PODS_PODFILE_DIR_PATH}/Podfile.lock",
				"${PODS_ROOT}/Manifest.lock",
			);
			name = "[CP] Check Pods Manifest.lock";
			outputFileListPaths = (
			);
			outputPaths = (
				"$(DERIVED_FILE_DIR)/Pods-TransportationManagement-checkManifestLockResult.txt",
			);
			runOnlyForDeploymentPostprocessing = 0;
			shellPath = /bin/sh;
			shellScript = "diff \"${PODS_PODFILE_DIR_PATH}/Podfile.lock\" \"${PODS_ROOT}/Manifest.lock\" > /dev/null\nif [ $? != 0 ] ; then\n    # print error to STDERR\n    echo \"error: The sandbox is not in sync with the Podfile.lock. Run 'pod install' or update your CocoaPods installation.\" >&2\n    exit 1\nfi\n# This output is used by Xcode 'outputs' to avoid re-running this script phase.\necho \"SUCCESS\" > \"${SCRIPT_OUTPUT_FILE_0}\"\n";
			showEnvVarsInLog = 0;
		};
		FFF57EC1DDFC1E24E1921D75 /* [CP] Embed Pods Frameworks */ = {
			isa = PBXShellScriptBuildPhase;
			buildActionMask = 2147483647;
			files = (
			);
			inputFileListPaths = (
				"${PODS_ROOT}/Target Support Files/Pods-TransportationManagement/Pods-TransportationManagement-frameworks-${CONFIGURATION}-input-files.xcfilelist",
			);
			name = "[CP] Embed Pods Frameworks";
			outputFileListPaths = (
				"${PODS_ROOT}/Target Support Files/Pods-TransportationManagement/Pods-TransportationManagement-frameworks-${CONFIGURATION}-output-files.xcfilelist",
			);
			runOnlyForDeploymentPostprocessing = 0;
			shellPath = /bin/sh;
			shellScript = "\"${PODS_ROOT}/Target Support Files/Pods-TransportationManagement/Pods-TransportationManagement-frameworks.sh\"\n";
			showEnvVarsInLog = 0;
		};
/* End PBXShellScriptBuildPhase section */

/* Begin PBXSourcesBuildPhase section */
		728506D02435B47B00D3BDF8 /* Sources */ = {
			isa = PBXSourcesBuildPhase;
			buildActionMask = 2147483647;
			files = (
				728506D92435B47B00D3BDF8 /* AppDelegate.m in Sources */,
				728507412438A60C00D3BDF8 /* KALoginTableViewCell.m in Sources */,
				728506EA2435B48000D3BDF8 /* main.m in Sources */,
				7246B884243C31C00031D3A0 /* KARoadTableViewCell.m in Sources */,
				728507352436102100D3BDF8 /* KACargoModel.m in Sources */,
				728507152435FC4A00D3BDF8 /* KARoadViewController.m in Sources */,
				7285072A2436016F00D3BDF8 /* MBProgressHUD+KANJ.m in Sources */,
				728507382436134B00D3BDF8 /* KACargoAddViewModel.m in Sources */,
				728507062435F69B00D3BDF8 /* KABaseViewController.m in Sources */,
				728507282436016F00D3BDF8 /* NSDictionary+log.m in Sources */,
				7246B88A243C4C0D0031D3A0 /* KAMineTableViewCell.m in Sources */,
				7246B89C243C59640031D3A0 /* KAproblemFeedbackTableViewCell.m in Sources */,
				7285072C2436016F00D3BDF8 /* KAHBTool.m in Sources */,
				728507122435FC3600D3BDF8 /* KAMineViewController.m in Sources */,
				7285074D243AB7CD00D3BDF8 /* KAGasolineModel.m in Sources */,
				7246B896243C58A00031D3A0 /* KAproblemFeedbackViewController.m in Sources */,
				7246B88D243C4C6A0031D3A0 /* KAMineModel.m in Sources */,
				7285074A243AB63600D3BDF8 /* KARoadModel.m in Sources */,
				7285073B24362C4400D3BDF8 /* KACargoEditableTableViewCell.m in Sources */,
				728507442438C1D700D3BDF8 /* KALoginViewController.m in Sources */,
				7246B893243C51F60031D3A0 /* KAPasswordChangeViewController.m in Sources */,
				7285070F2435FC1E00D3BDF8 /* KAHomeViewController.m in Sources */,
				7285073224360F9F00D3BDF8 /* KACargoAddViewController.m in Sources */,
				728507262436016F00D3BDF8 /* KAUIUtilities.m in Sources */,
				7246B890243C51E10031D3A0 /* KAModifyNicknameViewController.m in Sources */,
				7285070C2435FBEF00D3BDF8 /* KAGasolineViewController.m in Sources */,
				7246B887243C3C1F0031D3A0 /* KARoadAddViewController.m in Sources */,
				728507092435F8BC00D3BDF8 /* KATabBarController.m in Sources */,
				7285072B2436016F00D3BDF8 /* NSArray+log.m in Sources */,
				728507272436016F00D3BDF8 /* CalendarTool.m in Sources */,
				7285073E24386A7F00D3BDF8 /* KACargoRecordTableViewCell.m in Sources */,
				7285072F24360F6200D3BDF8 /* KACargoRecordViewController.m in Sources */,
				728507292436016F00D3BDF8 /* KANDHTTPClient.m in Sources */,
				72850753243ABF4600D3BDF8 /* KAGasolineTableViewCell.m in Sources */,
				728507472438C8E100D3BDF8 /* KACargoRecordSuperTableViewCell.m in Sources */,
				7246B899243C58C30031D3A0 /* KAproblemFeedbackModel.m in Sources */,
				72850750243ABBF700D3BDF8 /* KAGasolineAddViewController.m in Sources */,
			);
			runOnlyForDeploymentPostprocessing = 0;
		};
/* End PBXSourcesBuildPhase section */

/* Begin PBXVariantGroup section */
		728506E52435B48000D3BDF8 /* LaunchScreen.storyboard */ = {
			isa = PBXVariantGroup;
			children = (
				728506E62435B48000D3BDF8 /* Base */,
			);
			name = LaunchScreen.storyboard;
			sourceTree = "<group>";
		};
/* End PBXVariantGroup section */

/* Begin XCBuildConfiguration section */
		728506EB2435B48000D3BDF8 /* Debug */ = {
			isa = XCBuildConfiguration;
			buildSettings = {
				ALWAYS_SEARCH_USER_PATHS = NO;
				CLANG_ANALYZER_NONNULL = YES;
				CLANG_ANALYZER_NUMBER_OBJECT_CONVERSION = YES_AGGRESSIVE;
				CLANG_CXX_LANGUAGE_STANDARD = "gnu++14";
				CLANG_CXX_LIBRARY = "libc++";
				CLANG_ENABLE_MODULES = YES;
				CLANG_ENABLE_OBJC_ARC = YES;
				CLANG_ENABLE_OBJC_WEAK = YES;
				CLANG_WARN_BLOCK_CAPTURE_AUTORELEASING = YES;
				CLANG_WARN_BOOL_CONVERSION = YES;
				CLANG_WARN_COMMA = YES;
				CLANG_WARN_CONSTANT_CONVERSION = YES;
				CLANG_WARN_DEPRECATED_OBJC_IMPLEMENTATIONS = YES;
				CLANG_WARN_DIRECT_OBJC_ISA_USAGE = YES_ERROR;
				CLANG_WARN_DOCUMENTATION_COMMENTS = YES;
				CLANG_WARN_EMPTY_BODY = YES;
				CLANG_WARN_ENUM_CONVERSION = YES;
				CLANG_WARN_INFINITE_RECURSION = YES;
				CLANG_WARN_INT_CONVERSION = YES;
				CLANG_WARN_NON_LITERAL_NULL_CONVERSION = YES;
				CLANG_WARN_OBJC_IMPLICIT_RETAIN_SELF = YES;
				CLANG_WARN_OBJC_LITERAL_CONVERSION = YES;
				CLANG_WARN_OBJC_ROOT_CLASS = YES_ERROR;
				CLANG_WARN_RANGE_LOOP_ANALYSIS = YES;
				CLANG_WARN_STRICT_PROTOTYPES = YES;
				CLANG_WARN_SUSPICIOUS_MOVE = YES;
				CLANG_WARN_UNGUARDED_AVAILABILITY = YES_AGGRESSIVE;
				CLANG_WARN_UNREACHABLE_CODE = YES;
				CLANG_WARN__DUPLICATE_METHOD_MATCH = YES;
				COPY_PHASE_STRIP = NO;
				DEBUG_INFORMATION_FORMAT = dwarf;
				ENABLE_STRICT_OBJC_MSGSEND = YES;
				ENABLE_TESTABILITY = YES;
				GCC_C_LANGUAGE_STANDARD = gnu11;
				GCC_DYNAMIC_NO_PIC = NO;
				GCC_NO_COMMON_BLOCKS = YES;
				GCC_OPTIMIZATION_LEVEL = 0;
				GCC_PREPROCESSOR_DEFINITIONS = (
					"DEBUG=1",
					"$(inherited)",
				);
				GCC_WARN_64_TO_32_BIT_CONVERSION = YES;
				GCC_WARN_ABOUT_RETURN_TYPE = YES_ERROR;
				GCC_WARN_UNDECLARED_SELECTOR = YES;
				GCC_WARN_UNINITIALIZED_AUTOS = YES_AGGRESSIVE;
				GCC_WARN_UNUSED_FUNCTION = YES;
				GCC_WARN_UNUSED_VARIABLE = YES;
				IPHONEOS_DEPLOYMENT_TARGET = 13.2;
				MTL_ENABLE_DEBUG_INFO = INCLUDE_SOURCE;
				MTL_FAST_MATH = YES;
				ONLY_ACTIVE_ARCH = YES;
				SDKROOT = iphoneos;
			};
			name = Debug;
		};
		728506EC2435B48000D3BDF8 /* Release */ = {
			isa = XCBuildConfiguration;
			buildSettings = {
				ALWAYS_SEARCH_USER_PATHS = NO;
				CLANG_ANALYZER_NONNULL = YES;
				CLANG_ANALYZER_NUMBER_OBJECT_CONVERSION = YES_AGGRESSIVE;
				CLANG_CXX_LANGUAGE_STANDARD = "gnu++14";
				CLANG_CXX_LIBRARY = "libc++";
				CLANG_ENABLE_MODULES = YES;
				CLANG_ENABLE_OBJC_ARC = YES;
				CLANG_ENABLE_OBJC_WEAK = YES;
				CLANG_WARN_BLOCK_CAPTURE_AUTORELEASING = YES;
				CLANG_WARN_BOOL_CONVERSION = YES;
				CLANG_WARN_COMMA = YES;
				CLANG_WARN_CONSTANT_CONVERSION = YES;
				CLANG_WARN_DEPRECATED_OBJC_IMPLEMENTATIONS = YES;
				CLANG_WARN_DIRECT_OBJC_ISA_USAGE = YES_ERROR;
				CLANG_WARN_DOCUMENTATION_COMMENTS = YES;
				CLANG_WARN_EMPTY_BODY = YES;
				CLANG_WARN_ENUM_CONVERSION = YES;
				CLANG_WARN_INFINITE_RECURSION = YES;
				CLANG_WARN_INT_CONVERSION = YES;
				CLANG_WARN_NON_LITERAL_NULL_CONVERSION = YES;
				CLANG_WARN_OBJC_IMPLICIT_RETAIN_SELF = YES;
				CLANG_WARN_OBJC_LITERAL_CONVERSION = YES;
				CLANG_WARN_OBJC_ROOT_CLASS = YES_ERROR;
				CLANG_WARN_RANGE_LOOP_ANALYSIS = YES;
				CLANG_WARN_STRICT_PROTOTYPES = YES;
				CLANG_WARN_SUSPICIOUS_MOVE = YES;
				CLANG_WARN_UNGUARDED_AVAILABILITY = YES_AGGRESSIVE;
				CLANG_WARN_UNREACHABLE_CODE = YES;
				CLANG_WARN__DUPLICATE_METHOD_MATCH = YES;
				COPY_PHASE_STRIP = NO;
				DEBUG_INFORMATION_FORMAT = "dwarf-with-dsym";
				ENABLE_NS_ASSERTIONS = NO;
				ENABLE_STRICT_OBJC_MSGSEND = YES;
				GCC_C_LANGUAGE_STANDARD = gnu11;
				GCC_NO_COMMON_BLOCKS = YES;
				GCC_WARN_64_TO_32_BIT_CONVERSION = YES;
				GCC_WARN_ABOUT_RETURN_TYPE = YES_ERROR;
				GCC_WARN_UNDECLARED_SELECTOR = YES;
				GCC_WARN_UNINITIALIZED_AUTOS = YES_AGGRESSIVE;
				GCC_WARN_UNUSED_FUNCTION = YES;
				GCC_WARN_UNUSED_VARIABLE = YES;
				IPHONEOS_DEPLOYMENT_TARGET = 13.2;
				MTL_ENABLE_DEBUG_INFO = NO;
				MTL_FAST_MATH = YES;
				SDKROOT = iphoneos;
				VALIDATE_PRODUCT = YES;
			};
			name = Release;
		};
		728506EE2435B48000D3BDF8 /* Debug */ = {
			isa = XCBuildConfiguration;
			baseConfigurationReference = C478DEEBE13474D57569AF72 /* Pods-TransportationManagement.debug.xcconfig */;
			buildSettings = {
				ASSETCATALOG_COMPILER_APPICON_NAME = AppIcon;
				CODE_SIGN_STYLE = Manual;
				DEVELOPMENT_TEAM = "";
				GCC_PREFIX_HEADER = "$(SRCROOT)/TransportationManagement/Common/KA_PrefixHeader.pch";
				INFOPLIST_FILE = TransportationManagement/Info.plist;
				LD_RUNPATH_SEARCH_PATHS = (
					"$(inherited)",
					"@executable_path/Frameworks",
				);
				PRODUCT_BUNDLE_IDENTIFIER = com.cn.TransportationManagement;
				PRODUCT_NAME = "$(TARGET_NAME)";
				PROVISIONING_PROFILE_SPECIFIER = "";
				TARGETED_DEVICE_FAMILY = 1;
			};
			name = Debug;
		};
		728506EF2435B48000D3BDF8 /* Release */ = {
			isa = XCBuildConfiguration;
			baseConfigurationReference = 461D51084D8B022805E4FEEA /* Pods-TransportationManagement.release.xcconfig */;
			buildSettings = {
				ASSETCATALOG_COMPILER_APPICON_NAME = AppIcon;
				CODE_SIGN_STYLE = Manual;
				DEVELOPMENT_TEAM = "";
				GCC_PREFIX_HEADER = "$(SRCROOT)/TransportationManagement/Common/KA_PrefixHeader.pch";
				INFOPLIST_FILE = TransportationManagement/Info.plist;
				LD_RUNPATH_SEARCH_PATHS = (
					"$(inherited)",
					"@executable_path/Frameworks",
				);
				PRODUCT_BUNDLE_IDENTIFIER = com.cn.TransportationManagement;
				PRODUCT_NAME = "$(TARGET_NAME)";
				PROVISIONING_PROFILE_SPECIFIER = "";
				TARGETED_DEVICE_FAMILY = 1;
			};
			name = Release;
		};
/* End XCBuildConfiguration section */

/* Begin XCConfigurationList section */
		728506CF2435B47B00D3BDF8 /* Build configuration list for PBXProject "TransportationManagement" */ = {
			isa = XCConfigurationList;
			buildConfigurations = (
				728506EB2435B48000D3BDF8 /* Debug */,
				728506EC2435B48000D3BDF8 /* Release */,
			);
			defaultConfigurationIsVisible = 0;
			defaultConfigurationName = Release;
		};
		728506ED2435B48000D3BDF8 /* Build configuration list for PBXNativeTarget "TransportationManagement" */ = {
			isa = XCConfigurationList;
			buildConfigurations = (
				728506EE2435B48000D3BDF8 /* Debug */,
				728506EF2435B48000D3BDF8 /* Release */,
			);
			defaultConfigurationIsVisible = 0;
			defaultConfigurationName = Release;
		};
/* End XCConfigurationList section */
	};
	rootObject = 728506CC2435B47B00D3BDF8 /* Project object */;
}
