// !$*UTF8*$!
{
	archiveVersion = 1;
	classes = {
	};
	objectVersion = 50;
	objects = {

/* Begin PBXBuildFile section */
		630E99498B027CCAA53F375E /* Pods_ConvenientFootballScoreboard.framework in Frameworks */ = {isa = PBXBuildFile; fileRef = 700EE547517E30F77A60BF08 /* Pods_ConvenientFootballScoreboard.framework */; };
		AE77EA182397830D00AB70D0 /* AppDelegate.m in Sources */ = {isa = PBXBuildFile; fileRef = AE77EA172397830D00AB70D0 /* AppDelegate.m */; };
		AE77EA232397830F00AB70D0 /* Assets.xcassets in Resources */ = {isa = PBXBuildFile; fileRef = AE77EA222397830F00AB70D0 /* Assets.xcassets */; };
		AE77EA292397830F00AB70D0 /* main.m in Sources */ = {isa = PBXBuildFile; fileRef = AE77EA282397830F00AB70D0 /* main.m */; };
/* End PBXBuildFile section */

/* Begin PBXFileReference section */
		700EE547517E30F77A60BF08 /* Pods_ConvenientFootballScoreboard.framework */ = {isa = PBXFileReference; explicitFileType = wrapper.framework; includeInIndex = 0; path = Pods_ConvenientFootballScoreboard.framework; sourceTree = BUILT_PRODUCTS_DIR; };
		AE77EA132397830D00AB70D0 /* ConvenientFootballScoreboard.app */ = {isa = PBXFileReference; explicitFileType = wrapper.application; includeInIndex = 0; path = ConvenientFootballScoreboard.app; sourceTree = BUILT_PRODUCTS_DIR; };
		AE77EA162397830D00AB70D0 /* AppDelegate.h */ = {isa = PBXFileReference; lastKnownFileType = sourcecode.c.h; path = AppDelegate.h; sourceTree = "<group>"; };
		AE77EA172397830D00AB70D0 /* AppDelegate.m */ = {isa = PBXFileReference; lastKnownFileType = sourcecode.c.objc; path = AppDelegate.m; sourceTree = "<group>"; };
		AE77EA222397830F00AB70D0 /* Assets.xcassets */ = {isa = PBXFileReference; lastKnownFileType = folder.assetcatalog; path = Assets.xcassets; sourceTree = "<group>"; };
		AE77EA272397830F00AB70D0 /* Info.plist */ = {isa = PBXFileReference; lastKnownFileType = text.plist.xml; path = Info.plist; sourceTree = "<group>"; };
		AE77EA282397830F00AB70D0 /* main.m */ = {isa = PBXFileReference; lastKnownFileType = sourcecode.c.objc; path = main.m; sourceTree = "<group>"; };
		B270DCD0E48165C591C88F6E /* Pods-ConvenientFootballScoreboard.release.xcconfig */ = {isa = PBXFileReference; includeInIndex = 1; lastKnownFileType = text.xcconfig; name = "Pods-ConvenientFootballScoreboard.release.xcconfig"; path = "Target Support Files/Pods-ConvenientFootballScoreboard/Pods-ConvenientFootballScoreboard.release.xcconfig"; sourceTree = "<group>"; };
		DD33B03954EB7CF628C595DC /* Pods-ConvenientFootballScoreboard.debug.xcconfig */ = {isa = PBXFileReference; includeInIndex = 1; lastKnownFileType = text.xcconfig; name = "Pods-ConvenientFootballScoreboard.debug.xcconfig"; path = "Target Support Files/Pods-ConvenientFootballScoreboard/Pods-ConvenientFootballScoreboard.debug.xcconfig"; sourceTree = "<group>"; };
/* End PBXFileReference section */

/* Begin PBXFrameworksBuildPhase section */
		AE77EA102397830D00AB70D0 /* Frameworks */ = {
			isa = PBXFrameworksBuildPhase;
			buildActionMask = 2147483647;
			files = (
				630E99498B027CCAA53F375E /* Pods_ConvenientFootballScoreboard.framework in Frameworks */,
			);
			runOnlyForDeploymentPostprocessing = 0;
		};
/* End PBXFrameworksBuildPhase section */

/* Begin PBXGroup section */
		AE77EA0A2397830D00AB70D0 = {
			isa = PBXGroup;
			children = (
				AE77EA152397830D00AB70D0 /* ConvenientFootballScoreboard */,
				AE77EA142397830D00AB70D0 /* Products */,
				BBDAA173B4C47C5C35B3A3A2 /* Pods */,
				E3419B513D4AC514E4237046 /* Frameworks */,
			);
			sourceTree = "<group>";
		};
		AE77EA142397830D00AB70D0 /* Products */ = {
			isa = PBXGroup;
			children = (
				AE77EA132397830D00AB70D0 /* ConvenientFootballScoreboard.app */,
			);
			name = Products;
			sourceTree = "<group>";
		};
		AE77EA152397830D00AB70D0 /* ConvenientFootballScoreboard */ = {
			isa = PBXGroup;
			children = (
				AE77EA162397830D00AB70D0 /* AppDelegate.h */,
				AE77EA172397830D00AB70D0 /* AppDelegate.m */,
				AE77EA222397830F00AB70D0 /* Assets.xcassets */,
				AE77EA272397830F00AB70D0 /* Info.plist */,
				AE77EA282397830F00AB70D0 /* main.m */,
			);
			path = ConvenientFootballScoreboard;
			sourceTree = "<group>";
		};
		BBDAA173B4C47C5C35B3A3A2 /* Pods */ = {
			isa = PBXGroup;
			children = (
				DD33B03954EB7CF628C595DC /* Pods-ConvenientFootballScoreboard.debug.xcconfig */,
				B270DCD0E48165C591C88F6E /* Pods-ConvenientFootballScoreboard.release.xcconfig */,
			);
			name = Pods;
			path = Pods;
			sourceTree = "<group>";
		};
		E3419B513D4AC514E4237046 /* Frameworks */ = {
			isa = PBXGroup;
			children = (
				700EE547517E30F77A60BF08 /* Pods_ConvenientFootballScoreboard.framework */,
			);
			name = Frameworks;
			sourceTree = "<group>";
		};
/* End PBXGroup section */

/* Begin PBXNativeTarget section */
		AE77EA122397830D00AB70D0 /* ConvenientFootballScoreboard */ = {
			isa = PBXNativeTarget;
			buildConfigurationList = AE77EA2C2397830F00AB70D0 /* Build configuration list for PBXNativeTarget "ConvenientFootballScoreboard" */;
			buildPhases = (
				5E9CB4BD00DA94AA3BB64793 /* [CP] Check Pods Manifest.lock */,
				AE77EA0F2397830D00AB70D0 /* Sources */,
				AE77EA102397830D00AB70D0 /* Frameworks */,
				AE77EA112397830D00AB70D0 /* Resources */,
				A9667EE0CCB99169C81B046B /* [CP] Embed Pods Frameworks */,
			);
			buildRules = (
			);
			dependencies = (
			);
			name = ConvenientFootballScoreboard;
			productName = ConvenientFootballScoreboard;
			productReference = AE77EA132397830D00AB70D0 /* ConvenientFootballScoreboard.app */;
			productType = "com.apple.product-type.application";
		};
/* End PBXNativeTarget section */

/* Begin PBXProject section */
		AE77EA0B2397830D00AB70D0 /* Project object */ = {
			isa = PBXProject;
			attributes = {
				LastUpgradeCheck = 1110;
				ORGANIZATIONNAME = com;
				TargetAttributes = {
					AE77EA122397830D00AB70D0 = {
						CreatedOnToolsVersion = 11.1;
					};
				};
			};
			buildConfigurationList = AE77EA0E2397830D00AB70D0 /* Build configuration list for PBXProject "ConvenientFootballScoreboard" */;
			compatibilityVersion = "Xcode 9.3";
			developmentRegion = en;
			hasScannedForEncodings = 0;
			knownRegions = (
				en,
				Base,
			);
			mainGroup = AE77EA0A2397830D00AB70D0;
			productRefGroup = AE77EA142397830D00AB70D0 /* Products */;
			projectDirPath = "";
			projectRoot = "";
			targets = (
				AE77EA122397830D00AB70D0 /* ConvenientFootballScoreboard */,
			);
		};
/* End PBXProject section */

/* Begin PBXResourcesBuildPhase section */
		AE77EA112397830D00AB70D0 /* Resources */ = {
			isa = PBXResourcesBuildPhase;
			buildActionMask = 2147483647;
			files = (
				AE77EA232397830F00AB70D0 /* Assets.xcassets in Resources */,
			);
			runOnlyForDeploymentPostprocessing = 0;
		};
/* End PBXResourcesBuildPhase section */

/* Begin PBXShellScriptBuildPhase section */
		5E9CB4BD00DA94AA3BB64793 /* [CP] Check Pods Manifest.lock */ = {
			isa = PBXShellScriptBuildPhase;
			buildActionMask = 2147483647;
			files = (
			);
			inputFileListPaths = (
			);
			inputPaths = (
				"${PODS_PODFILE_DIR_PATH}/Podfile.lock",
				"${PODS_ROOT}/Manifest.lock",
			);
			name = "[CP] Check Pods Manifest.lock";
			outputFileListPaths = (
			);
			outputPaths = (
				"$(DERIVED_FILE_DIR)/Pods-ConvenientFootballScoreboard-checkManifestLockResult.txt",
			);
			runOnlyForDeploymentPostprocessing = 0;
			shellPath = /bin/sh;
			shellScript = "diff \"${PODS_PODFILE_DIR_PATH}/Podfile.lock\" \"${PODS_ROOT}/Manifest.lock\" > /dev/null\nif [ $? != 0 ] ; then\n    # print error to STDERR\n    echo \"error: The sandbox is not in sync with the Podfile.lock. Run 'pod install' or update your CocoaPods installation.\" >&2\n    exit 1\nfi\n# This output is used by Xcode 'outputs' to avoid re-running this script phase.\necho \"SUCCESS\" > \"${SCRIPT_OUTPUT_FILE_0}\"\n";
			showEnvVarsInLog = 0;
		};
		A9667EE0CCB99169C81B046B /* [CP] Embed Pods Frameworks */ = {
			isa = PBXShellScriptBuildPhase;
			buildActionMask = 2147483647;
			files = (
			);
			inputFileListPaths = (
				"${PODS_ROOT}/Target Support Files/Pods-ConvenientFootballScoreboard/Pods-ConvenientFootballScoreboard-frameworks-${CONFIGURATION}-input-files.xcfilelist",
			);
			name = "[CP] Embed Pods Frameworks";
			outputFileListPaths = (
				"${PODS_ROOT}/Target Support Files/Pods-ConvenientFootballScoreboard/Pods-ConvenientFootballScoreboard-frameworks-${CONFIGURATION}-output-files.xcfilelist",
			);
			runOnlyForDeploymentPostprocessing = 0;
			shellPath = /bin/sh;
			shellScript = "\"${PODS_ROOT}/Target Support Files/Pods-ConvenientFootballScoreboard/Pods-ConvenientFootballScoreboard-frameworks.sh\"\n";
			showEnvVarsInLog = 0;
		};
/* End PBXShellScriptBuildPhase section */

/* Begin PBXSourcesBuildPhase section */
		AE77EA0F2397830D00AB70D0 /* Sources */ = {
			isa = PBXSourcesBuildPhase;
			buildActionMask = 2147483647;
			files = (
				AE77EA182397830D00AB70D0 /* AppDelegate.m in Sources */,
				AE77EA292397830F00AB70D0 /* main.m in Sources */,
			);
			runOnlyForDeploymentPostprocessing = 0;
		};
/* End PBXSourcesBuildPhase section */

/* Begin XCBuildConfiguration section */
		AE77EA2A2397830F00AB70D0 /* Debug */ = {
			isa = XCBuildConfiguration;
			buildSettings = {
				ALWAYS_SEARCH_USER_PATHS = NO;
				CLANG_ANALYZER_NONNULL = YES;
				CLANG_ANALYZER_NUMBER_OBJECT_CONVERSION = YES_AGGRESSIVE;
				CLANG_CXX_LANGUAGE_STANDARD = "gnu++14";
				CLANG_CXX_LIBRARY = "libc++";
				CLANG_ENABLE_MODULES = YES;
				CLANG_ENABLE_OBJC_ARC = YES;
				CLANG_ENABLE_OBJC_WEAK = YES;
				CLANG_WARN_BLOCK_CAPTURE_AUTORELEASING = YES;
				CLANG_WARN_BOOL_CONVERSION = YES;
				CLANG_WARN_COMMA = YES;
				CLANG_WARN_CONSTANT_CONVERSION = YES;
				CLANG_WARN_DEPRECATED_OBJC_IMPLEMENTATIONS = YES;
				CLANG_WARN_DIRECT_OBJC_ISA_USAGE = YES_ERROR;
				CLANG_WARN_DOCUMENTATION_COMMENTS = YES;
				CLANG_WARN_EMPTY_BODY = YES;
				CLANG_WARN_ENUM_CONVERSION = YES;
				CLANG_WARN_INFINITE_RECURSION = YES;
				CLANG_WARN_INT_CONVERSION = YES;
				CLANG_WARN_NON_LITERAL_NULL_CONVERSION = YES;
				CLANG_WARN_OBJC_IMPLICIT_RETAIN_SELF = YES;
				CLANG_WARN_OBJC_LITERAL_CONVERSION = YES;
				CLANG_WARN_OBJC_ROOT_CLASS = YES_ERROR;
				CLANG_WARN_RANGE_LOOP_ANALYSIS = YES;
				CLANG_WARN_STRICT_PROTOTYPES = YES;
				CLANG_WARN_SUSPICIOUS_MOVE = YES;
				CLANG_WARN_UNGUARDED_AVAILABILITY = YES_AGGRESSIVE;
				CLANG_WARN_UNREACHABLE_CODE = YES;
				CLANG_WARN__DUPLICATE_METHOD_MATCH = YES;
				COPY_PHASE_STRIP = NO;
				DEBUG_INFORMATION_FORMAT = dwarf;
				ENABLE_STRICT_OBJC_MSGSEND = YES;
				ENABLE_TESTABILITY = YES;
				GCC_C_LANGUAGE_STANDARD = gnu11;
				GCC_DYNAMIC_NO_PIC = NO;
				GCC_NO_COMMON_BLOCKS = YES;
				GCC_OPTIMIZATION_LEVEL = 0;
				GCC_PREPROCESSOR_DEFINITIONS = (
					"DEBUG=1",
					"$(inherited)",
				);
				GCC_WARN_64_TO_32_BIT_CONVERSION = YES;
				GCC_WARN_ABOUT_RETURN_TYPE = YES_ERROR;
				GCC_WARN_UNDECLARED_SELECTOR = YES;
				GCC_WARN_UNINITIALIZED_AUTOS = YES_AGGRESSIVE;
				GCC_WARN_UNUSED_FUNCTION = YES;
				GCC_WARN_UNUSED_VARIABLE = YES;
				IPHONEOS_DEPLOYMENT_TARGET = 13.1;
				MTL_ENABLE_DEBUG_INFO = INCLUDE_SOURCE;
				MTL_FAST_MATH = YES;
				ONLY_ACTIVE_ARCH = YES;
				SDKROOT = iphoneos;
			};
			name = Debug;
		};
		AE77EA2B2397830F00AB70D0 /* Release */ = {
			isa = XCBuildConfiguration;
			buildSettings = {
				ALWAYS_SEARCH_USER_PATHS = NO;
				CLANG_ANALYZER_NONNULL = YES;
				CLANG_ANALYZER_NUMBER_OBJECT_CONVERSION = YES_AGGRESSIVE;
				CLANG_CXX_LANGUAGE_STANDARD = "gnu++14";
				CLANG_CXX_LIBRARY = "libc++";
				CLANG_ENABLE_MODULES = YES;
				CLANG_ENABLE_OBJC_ARC = YES;
				CLANG_ENABLE_OBJC_WEAK = YES;
				CLANG_WARN_BLOCK_CAPTURE_AUTORELEASING = YES;
				CLANG_WARN_BOOL_CONVERSION = YES;
				CLANG_WARN_COMMA = YES;
				CLANG_WARN_CONSTANT_CONVERSION = YES;
				CLANG_WARN_DEPRECATED_OBJC_IMPLEMENTATIONS = YES;
				CLANG_WARN_DIRECT_OBJC_ISA_USAGE = YES_ERROR;
				CLANG_WARN_DOCUMENTATION_COMMENTS = YES;
				CLANG_WARN_EMPTY_BODY = YES;
				CLANG_WARN_ENUM_CONVERSION = YES;
				CLANG_WARN_INFINITE_RECURSION = YES;
				CLANG_WARN_INT_CONVERSION = YES;
				CLANG_WARN_NON_LITERAL_NULL_CONVERSION = YES;
				CLANG_WARN_OBJC_IMPLICIT_RETAIN_SELF = YES;
				CLANG_WARN_OBJC_LITERAL_CONVERSION = YES;
				CLANG_WARN_OBJC_ROOT_CLASS = YES_ERROR;
				CLANG_WARN_RANGE_LOOP_ANALYSIS = YES;
				CLANG_WARN_STRICT_PROTOTYPES = YES;
				CLANG_WARN_SUSPICIOUS_MOVE = YES;
				CLANG_WARN_UNGUARDED_AVAILABILITY = YES_AGGRESSIVE;
				CLANG_WARN_UNREACHABLE_CODE = YES;
				CLANG_WARN__DUPLICATE_METHOD_MATCH = YES;
				COPY_PHASE_STRIP = NO;
				DEBUG_INFORMATION_FORMAT = "dwarf-with-dsym";
				ENABLE_NS_ASSERTIONS = NO;
				ENABLE_STRICT_OBJC_MSGSEND = YES;
				GCC_C_LANGUAGE_STANDARD = gnu11;
				GCC_NO_COMMON_BLOCKS = YES;
				GCC_WARN_64_TO_32_BIT_CONVERSION = YES;
				GCC_WARN_ABOUT_RETURN_TYPE = YES_ERROR;
				GCC_WARN_UNDECLARED_SELECTOR = YES;
				GCC_WARN_UNINITIALIZED_AUTOS = YES_AGGRESSIVE;
				GCC_WARN_UNUSED_FUNCTION = YES;
				GCC_WARN_UNUSED_VARIABLE = YES;
				IPHONEOS_DEPLOYMENT_TARGET = 13.1;
				MTL_ENABLE_DEBUG_INFO = NO;
				MTL_FAST_MATH = YES;
				SDKROOT = iphoneos;
				VALIDATE_PRODUCT = YES;
			};
			name = Release;
		};
		AE77EA2D2397830F00AB70D0 /* Debug */ = {
			isa = XCBuildConfiguration;
			baseConfigurationReference = DD33B03954EB7CF628C595DC /* Pods-ConvenientFootballScoreboard.debug.xcconfig */;
			buildSettings = {
				ASSETCATALOG_COMPILER_APPICON_NAME = AppIcon;
				CODE_SIGN_STYLE = Automatic;
				INFOPLIST_FILE = ConvenientFootballScoreboard/Info.plist;
				LD_RUNPATH_SEARCH_PATHS = (
					"$(inherited)",
					"@executable_path/Frameworks",
				);
				PRODUCT_BUNDLE_IDENTIFIER = com.hgg.ConvenientFootballScoreboard;
				PRODUCT_NAME = "$(TARGET_NAME)";
				TARGETED_DEVICE_FAMILY = "1,2";
			};
			name = Debug;
		};
		AE77EA2E2397830F00AB70D0 /* Release */ = {
			isa = XCBuildConfiguration;
			baseConfigurationReference = B270DCD0E48165C591C88F6E /* Pods-ConvenientFootballScoreboard.release.xcconfig */;
			buildSettings = {
				ASSETCATALOG_COMPILER_APPICON_NAME = AppIcon;
				CODE_SIGN_STYLE = Automatic;
				INFOPLIST_FILE = ConvenientFootballScoreboard/Info.plist;
				LD_RUNPATH_SEARCH_PATHS = (
					"$(inherited)",
					"@executable_path/Frameworks",
				);
				PRODUCT_BUNDLE_IDENTIFIER = com.hgg.ConvenientFootballScoreboard;
				PRODUCT_NAME = "$(TARGET_NAME)";
				TARGETED_DEVICE_FAMILY = "1,2";
			};
			name = Release;
		};
/* End XCBuildConfiguration section */

/* Begin XCConfigurationList section */
		AE77EA0E2397830D00AB70D0 /* Build configuration list for PBXProject "ConvenientFootballScoreboard" */ = {
			isa = XCConfigurationList;
			buildConfigurations = (
				AE77EA2A2397830F00AB70D0 /* Debug */,
				AE77EA2B2397830F00AB70D0 /* Release */,
			);
			defaultConfigurationIsVisible = 0;
			defaultConfigurationName = Release;
		};
		AE77EA2C2397830F00AB70D0 /* Build configuration list for PBXNativeTarget "ConvenientFootballScoreboard" */ = {
			isa = XCConfigurationList;
			buildConfigurations = (
				AE77EA2D2397830F00AB70D0 /* Debug */,
				AE77EA2E2397830F00AB70D0 /* Release */,
			);
			defaultConfigurationIsVisible = 0;
			defaultConfigurationName = Release;
		};
/* End XCConfigurationList section */
	};
	rootObject = AE77EA0B2397830D00AB70D0 /* Project object */;
}
