PODS:
  - AFNetworking (3.2.1):
    - AFNetworking/NSURLSession (= 3.2.1)
    - AFNetworking/Reachability (= 3.2.1)
    - AFNetworking/Security (= 3.2.1)
    - AFNetworking/Serialization (= 3.2.1)
    - AFNetworking/UIKit (= 3.2.1)
  - AFNetworking/NSURLSession (3.2.1):
    - AFNetworking/Reachability
    - AFNetworking/Security
    - AFNetworking/Serialization
  - AFNetworking/Reachability (3.2.1)
  - AFNetworking/Security (3.2.1)
  - AFNetworking/Serialization (3.2.1)
  - AFNetworking/UIKit (3.2.1):
    - AFNetworking/NSURLSession
  - BmobSDK (2.3.4)
  - IQKeyboardManager (6.4.0)
  - JTCalendar (2.2.4)
  - Masonry (1.1.0)
  - MBProgressHUD (1.1.0)
  - MJRefresh (3.2.0)
  - YYModel (1.0.4)

DEPENDENCIES:
  - AFNetworking
  - BmobSDK
  - IQKeyboardManager
  - JTCalendar
  - Masonry
  - MBProgressHUD
  - MJRefresh
  - YYModel

SPEC REPOS:
  https://github.com/cocoapods/specs.git:
    - AFNetworking
    - BmobSDK
    - IQKeyboardManager
    - JTCalendar
    - Masonry
    - MBProgressHUD
    - MJRefresh
    - YYModel

SPEC CHECKSUMS:
  AFNetworking: b6f891fdfaed196b46c7a83cf209e09697b94057
  BmobSDK: 03e9889d92b721bfc2452faa5b2c2497581abbca
  IQKeyboardManager: fcef267266379c003181fc3592f6bdb8bf4db839
  JTCalendar: dce40e7e278b2d9ce747ca45d7fd369f2fda6f57
  Masonry: 678fab65091a9290e40e2832a55e7ab731aad201
  MBProgressHUD: e7baa36a220447d8aeb12769bf0585582f3866d9
  MJRefresh: ed450d6eb9d3346a2cb033ab7eb6de090aeef437
  YYModel: 2a7fdd96aaa4b86a824e26d0c517de8928c04b30

PODFILE CHECKSUM: edab9d49ce3c3d42f2296958c046b396c12c5398

COCOAPODS: 1.7.5
