// !$*UTF8*$!
{
	archiveVersion = 1;
	classes = {
	};
	objectVersion = 51;
	objects = {

/* Begin PBXBuildFile section */
		9E18FDAA08CE2E4AEAAC4FC9 /* Pods_PocketFootballScore.framework in Frameworks */ = {isa = PBXBuildFile; fileRef = 3F441EF6B3DBEEB2FA803146 /* Pods_PocketFootballScore.framework */; };
		AE124737236824D000C6BCAA /* GFRecordViewController.m in Sources */ = {isa = PBXBuildFile; fileRef = AE124733236824CF00C6BCAA /* GFRecordViewController.m */; };
		AE124738236824D000C6BCAA /* GFRecordDetailsViewController.m in Sources */ = {isa = PBXBuildFile; fileRef = AE124734236824CF00C6BCAA /* GFRecordDetailsViewController.m */; };
		AE124739236824D000C6BCAA /* GFRecordViewController.xib in Resources */ = {isa = PBXBuildFile; fileRef = AE124735236824D000C6BCAA /* GFRecordViewController.xib */; };
		AE2AC0EC2366CD0B0010E54D /* NSDictionary+log.m in Sources */ = {isa = PBXBuildFile; fileRef = AE2AC0A32366CD0A0010E54D /* NSDictionary+log.m */; };
		AE2AC0F32366CD0B0010E54D /* CalendarTool.m in Sources */ = {isa = PBXBuildFile; fileRef = AE2AC0B22366CD0A0010E54D /* CalendarTool.m */; };
		AE2AC0F72366CD0B0010E54D /* NSArray+log.m in Sources */ = {isa = PBXBuildFile; fileRef = AE2AC0BA2366CD0A0010E54D /* NSArray+log.m */; };
		AE2AC1012366CD0B0010E54D /* Localizable.strings in Resources */ = {isa = PBXBuildFile; fileRef = AE2AC0D62366CD0B0010E54D /* Localizable.strings */; };
		AE2AC1172366CF510010E54D /* GFNDHTTPClient.m in Sources */ = {isa = PBXBuildFile; fileRef = AE2AC10B2366CF500010E54D /* GFNDHTTPClient.m */; };
		AE2AC1182366CF510010E54D /* GFHBTool.m in Sources */ = {isa = PBXBuildFile; fileRef = AE2AC10D2366CF500010E54D /* GFHBTool.m */; };
		AE2AC1192366CF510010E54D /* GFTabBarController.m in Sources */ = {isa = PBXBuildFile; fileRef = AE2AC10E2366CF510010E54D /* GFTabBarController.m */; };
		AE2AC11A2366CF510010E54D /* GFBaseViewController.m in Sources */ = {isa = PBXBuildFile; fileRef = AE2AC10F2366CF510010E54D /* GFBaseViewController.m */; };
		AE2AC11B2366CF510010E54D /* GFUIUtilities.m in Sources */ = {isa = PBXBuildFile; fileRef = AE2AC1112366CF510010E54D /* GFUIUtilities.m */; };
		AE2AC11C2366CF510010E54D /* MBProgressHUD+GFNJ.m in Sources */ = {isa = PBXBuildFile; fileRef = AE2AC1152366CF510010E54D /* MBProgressHUD+GFNJ.m */; };
		AE2AC11F2366CFBE0010E54D /* GFSetViewModel.m in Sources */ = {isa = PBXBuildFile; fileRef = AE2AC11E2366CFBD0010E54D /* GFSetViewModel.m */; };
		AE2AC1282366CFF20010E54D /* GFPasswordChangeViewController.m in Sources */ = {isa = PBXBuildFile; fileRef = AE2AC1202366CFF10010E54D /* GFPasswordChangeViewController.m */; };
		AE2AC1292366CFF20010E54D /* GFMineViewController.m in Sources */ = {isa = PBXBuildFile; fileRef = AE2AC1212366CFF10010E54D /* GFMineViewController.m */; };
		AE2AC12A2366CFF20010E54D /* GFModifyNicknameViewController.m in Sources */ = {isa = PBXBuildFile; fileRef = AE2AC1222366CFF10010E54D /* GFModifyNicknameViewController.m */; };
		AE2AC12B2366CFF20010E54D /* GFLoginViewController.m in Sources */ = {isa = PBXBuildFile; fileRef = AE2AC1232366CFF20010E54D /* GFLoginViewController.m */; };
		AE2AC1302366D0350010E54D /* GFLoginTableViewCell.m in Sources */ = {isa = PBXBuildFile; fileRef = AE2AC12C2366D0350010E54D /* GFLoginTableViewCell.m */; };
		AE2AC1312366D0350010E54D /* GFSetTableViewCell.m in Sources */ = {isa = PBXBuildFile; fileRef = AE2AC12D2366D0350010E54D /* GFSetTableViewCell.m */; };
		AE2AC1372366D0670010E54D /* GFRecordTableViewCell.m in Sources */ = {isa = PBXBuildFile; fileRef = AE2AC1362366D0670010E54D /* GFRecordTableViewCell.m */; };
		AE2AC13C2366D0860010E54D /* GFScorecardViewModel.m in Sources */ = {isa = PBXBuildFile; fileRef = AE2AC1392366D0860010E54D /* GFScorecardViewModel.m */; };
		AE2AC13D2366D0860010E54D /* GFScorecardModel.m in Sources */ = {isa = PBXBuildFile; fileRef = AE2AC13B2366D0860010E54D /* GFScorecardModel.m */; };
		AE2AC1402366D09D0010E54D /* GFScorecardViewController.m in Sources */ = {isa = PBXBuildFile; fileRef = AE2AC13F2366D09D0010E54D /* GFScorecardViewController.m */; };
		AE2AC1492366D0D30010E54D /* GFScorecardTitleTableViewCell.m in Sources */ = {isa = PBXBuildFile; fileRef = AE2AC1412366D0D20010E54D /* GFScorecardTitleTableViewCell.m */; };
		AE2AC14A2366D0D30010E54D /* GFScorecardTimeStatisticsTableViewCell.m in Sources */ = {isa = PBXBuildFile; fileRef = AE2AC1442366D0D20010E54D /* GFScorecardTimeStatisticsTableViewCell.m */; };
		AE2AC14B2366D0D30010E54D /* GFScorecardOperationTableViewCell.m in Sources */ = {isa = PBXBuildFile; fileRef = AE2AC1452366D0D20010E54D /* GFScorecardOperationTableViewCell.m */; };
		AE2AC14C2366D0D30010E54D /* GFScorecardTableViewCell.m in Sources */ = {isa = PBXBuildFile; fileRef = AE2AC1472366D0D30010E54D /* GFScorecardTableViewCell.m */; };
		AE8BB6352362FAD900AD37E0 /* AppDelegate.m in Sources */ = {isa = PBXBuildFile; fileRef = AE8BB6342362FAD900AD37E0 /* AppDelegate.m */; };
		AE8BB6402362FADC00AD37E0 /* Assets.xcassets in Resources */ = {isa = PBXBuildFile; fileRef = AE8BB63F2362FADC00AD37E0 /* Assets.xcassets */; };
		AE8BB6462362FADC00AD37E0 /* main.m in Sources */ = {isa = PBXBuildFile; fileRef = AE8BB6452362FADC00AD37E0 /* main.m */; };
		AE97714D236FE02200163F70 /* AdSupport.framework in Frameworks */ = {isa = PBXBuildFile; fileRef = AE97714C236FE02200163F70 /* AdSupport.framework */; };
		AE97714F236FE02900163F70 /* AVFoundation.framework in Frameworks */ = {isa = PBXBuildFile; fileRef = AE97714E236FE02900163F70 /* AVFoundation.framework */; };
		AE977151236FE03200163F70 /* CFNetwork.framework in Frameworks */ = {isa = PBXBuildFile; fileRef = AE977150236FE03200163F70 /* CFNetwork.framework */; };
		AE977153236FE03900163F70 /* CoreFoundation.framework in Frameworks */ = {isa = PBXBuildFile; fileRef = AE977152236FE03900163F70 /* CoreFoundation.framework */; };
		AE977155236FE04500163F70 /* CoreGraphics.framework in Frameworks */ = {isa = PBXBuildFile; fileRef = AE977154236FE04500163F70 /* CoreGraphics.framework */; };
		AE977157236FE04D00163F70 /* CoreLocation.framework in Frameworks */ = {isa = PBXBuildFile; fileRef = AE977156236FE04D00163F70 /* CoreLocation.framework */; };
		AE977159236FE05D00163F70 /* CoreTelephony.framework in Frameworks */ = {isa = PBXBuildFile; fileRef = AE977158236FE05D00163F70 /* CoreTelephony.framework */; };
		AE97715B236FE06400163F70 /* Foundation.framework in Frameworks */ = {isa = PBXBuildFile; fileRef = AE97715A236FE06400163F70 /* Foundation.framework */; };
		AE97715D236FE07100163F70 /* ImageIO.framework in Frameworks */ = {isa = PBXBuildFile; fileRef = AE97715C236FE07100163F70 /* ImageIO.framework */; };
		AE97715F236FE08200163F70 /* MobileCoreServices.framework in Frameworks */ = {isa = PBXBuildFile; fileRef = AE97715E236FE08200163F70 /* MobileCoreServices.framework */; };
		AE977161236FE09100163F70 /* Photos.framework in Frameworks */ = {isa = PBXBuildFile; fileRef = AE977160236FE09100163F70 /* Photos.framework */; };
		AE977163236FE0A000163F70 /* QuartzCore.framework in Frameworks */ = {isa = PBXBuildFile; fileRef = AE977162236FE09F00163F70 /* QuartzCore.framework */; };
		AE977165236FE0AA00163F70 /* Security.framework in Frameworks */ = {isa = PBXBuildFile; fileRef = AE977164236FE0AA00163F70 /* Security.framework */; };
		AE977167236FE0B900163F70 /* SystemConfiguration.framework in Frameworks */ = {isa = PBXBuildFile; fileRef = AE977166236FE0B900163F70 /* SystemConfiguration.framework */; };
		AE977169236FE0C000163F70 /* UIKit.framework in Frameworks */ = {isa = PBXBuildFile; fileRef = AE977168236FE0C000163F70 /* UIKit.framework */; };
		AE97716B236FE0CC00163F70 /* UserNotifications.framework in Frameworks */ = {isa = PBXBuildFile; fileRef = AE97716A236FE0CC00163F70 /* UserNotifications.framework */; };
		AE977175236FE10B00163F70 /* jpush-ios-3.2.6.a in Frameworks */ = {isa = PBXBuildFile; fileRef = AE977170236FE10B00163F70 /* jpush-ios-3.2.6.a */; };
		AE977176236FE10B00163F70 /* jcore-ios-2.1.4.a in Frameworks */ = {isa = PBXBuildFile; fileRef = AE977172236FE10B00163F70 /* jcore-ios-2.1.4.a */; };
		AE977177236FE12A00163F70 /* libresolv.tbd in Frameworks */ = {isa = PBXBuildFile; fileRef = AE97716C236FE0ED00163F70 /* libresolv.tbd */; };
		AE977178236FE13100163F70 /* libz.tbd in Frameworks */ = {isa = PBXBuildFile; fileRef = AE97716D236FE0F600163F70 /* libz.tbd */; };
/* End PBXBuildFile section */

/* Begin PBXFileReference section */
		3F441EF6B3DBEEB2FA803146 /* Pods_PocketFootballScore.framework */ = {isa = PBXFileReference; explicitFileType = wrapper.framework; includeInIndex = 0; path = Pods_PocketFootballScore.framework; sourceTree = BUILT_PRODUCTS_DIR; };
		621C02E881E3185407E164D2 /* Pods-PocketFootballScore.debug.xcconfig */ = {isa = PBXFileReference; includeInIndex = 1; lastKnownFileType = text.xcconfig; name = "Pods-PocketFootballScore.debug.xcconfig"; path = "Target Support Files/Pods-PocketFootballScore/Pods-PocketFootballScore.debug.xcconfig"; sourceTree = "<group>"; };
		AE124732236824CF00C6BCAA /* GFRecordDetailsViewController.h */ = {isa = PBXFileReference; fileEncoding = 4; lastKnownFileType = sourcecode.c.h; path = GFRecordDetailsViewController.h; sourceTree = "<group>"; };
		AE124733236824CF00C6BCAA /* GFRecordViewController.m */ = {isa = PBXFileReference; fileEncoding = 4; lastKnownFileType = sourcecode.c.objc; path = GFRecordViewController.m; sourceTree = "<group>"; };
		AE124734236824CF00C6BCAA /* GFRecordDetailsViewController.m */ = {isa = PBXFileReference; fileEncoding = 4; lastKnownFileType = sourcecode.c.objc; path = GFRecordDetailsViewController.m; sourceTree = "<group>"; };
		AE124735236824D000C6BCAA /* GFRecordViewController.xib */ = {isa = PBXFileReference; fileEncoding = 4; lastKnownFileType = file.xib; path = GFRecordViewController.xib; sourceTree = "<group>"; };
		AE124736236824D000C6BCAA /* GFRecordViewController.h */ = {isa = PBXFileReference; fileEncoding = 4; lastKnownFileType = sourcecode.c.h; path = GFRecordViewController.h; sourceTree = "<group>"; };
		AE2AC0A32366CD0A0010E54D /* NSDictionary+log.m */ = {isa = PBXFileReference; fileEncoding = 4; lastKnownFileType = sourcecode.c.objc; path = "NSDictionary+log.m"; sourceTree = "<group>"; };
		AE2AC0A42366CD0A0010E54D /* CalendarTool.h */ = {isa = PBXFileReference; fileEncoding = 4; lastKnownFileType = sourcecode.c.h; path = CalendarTool.h; sourceTree = "<group>"; };
		AE2AC0AA2366CD0A0010E54D /* NSArray+log.h */ = {isa = PBXFileReference; fileEncoding = 4; lastKnownFileType = sourcecode.c.h; path = "NSArray+log.h"; sourceTree = "<group>"; };
		AE2AC0AB2366CD0A0010E54D /* NSDictionary+log.h */ = {isa = PBXFileReference; fileEncoding = 4; lastKnownFileType = sourcecode.c.h; path = "NSDictionary+log.h"; sourceTree = "<group>"; };
		AE2AC0B22366CD0A0010E54D /* CalendarTool.m */ = {isa = PBXFileReference; fileEncoding = 4; lastKnownFileType = sourcecode.c.objc; path = CalendarTool.m; sourceTree = "<group>"; };
		AE2AC0BA2366CD0A0010E54D /* NSArray+log.m */ = {isa = PBXFileReference; fileEncoding = 4; lastKnownFileType = sourcecode.c.objc; path = "NSArray+log.m"; sourceTree = "<group>"; };
		AE2AC0D72366CD0B0010E54D /* zh-Hans */ = {isa = PBXFileReference; lastKnownFileType = text.plist.strings; name = "zh-Hans"; path = "zh-Hans.lproj/Localizable.strings"; sourceTree = "<group>"; };
		AE2AC0D82366CD0B0010E54D /* ja */ = {isa = PBXFileReference; lastKnownFileType = text.plist.strings; name = ja; path = ja.lproj/Localizable.strings; sourceTree = "<group>"; };
		AE2AC0D92366CD0B0010E54D /* en */ = {isa = PBXFileReference; lastKnownFileType = text.plist.strings; name = en; path = en.lproj/Localizable.strings; sourceTree = "<group>"; };
		AE2AC1092366CF500010E54D /* GFUIUtilities.h */ = {isa = PBXFileReference; fileEncoding = 4; lastKnownFileType = sourcecode.c.h; path = GFUIUtilities.h; sourceTree = "<group>"; };
		AE2AC10A2366CF500010E54D /* GFNDHTTPClient.h */ = {isa = PBXFileReference; fileEncoding = 4; lastKnownFileType = sourcecode.c.h; path = GFNDHTTPClient.h; sourceTree = "<group>"; };
		AE2AC10B2366CF500010E54D /* GFNDHTTPClient.m */ = {isa = PBXFileReference; fileEncoding = 4; lastKnownFileType = sourcecode.c.objc; path = GFNDHTTPClient.m; sourceTree = "<group>"; };
		AE2AC10C2366CF500010E54D /* MBProgressHUD+GFNJ.h */ = {isa = PBXFileReference; fileEncoding = 4; lastKnownFileType = sourcecode.c.h; path = "MBProgressHUD+GFNJ.h"; sourceTree = "<group>"; };
		AE2AC10D2366CF500010E54D /* GFHBTool.m */ = {isa = PBXFileReference; fileEncoding = 4; lastKnownFileType = sourcecode.c.objc; path = GFHBTool.m; sourceTree = "<group>"; };
		AE2AC10E2366CF510010E54D /* GFTabBarController.m */ = {isa = PBXFileReference; fileEncoding = 4; lastKnownFileType = sourcecode.c.objc; path = GFTabBarController.m; sourceTree = "<group>"; };
		AE2AC10F2366CF510010E54D /* GFBaseViewController.m */ = {isa = PBXFileReference; fileEncoding = 4; lastKnownFileType = sourcecode.c.objc; path = GFBaseViewController.m; sourceTree = "<group>"; };
		AE2AC1102366CF510010E54D /* GFHBTool.h */ = {isa = PBXFileReference; fileEncoding = 4; lastKnownFileType = sourcecode.c.h; path = GFHBTool.h; sourceTree = "<group>"; };
		AE2AC1112366CF510010E54D /* GFUIUtilities.m */ = {isa = PBXFileReference; fileEncoding = 4; lastKnownFileType = sourcecode.c.objc; path = GFUIUtilities.m; sourceTree = "<group>"; };
		AE2AC1122366CF510010E54D /* GF_PrefixHeader.pch */ = {isa = PBXFileReference; fileEncoding = 4; lastKnownFileType = sourcecode.c.h; path = GF_PrefixHeader.pch; sourceTree = "<group>"; };
		AE2AC1132366CF510010E54D /* GFGlobal.h */ = {isa = PBXFileReference; fileEncoding = 4; lastKnownFileType = sourcecode.c.h; path = GFGlobal.h; sourceTree = "<group>"; };
		AE2AC1142366CF510010E54D /* GFBaseViewController.h */ = {isa = PBXFileReference; fileEncoding = 4; lastKnownFileType = sourcecode.c.h; path = GFBaseViewController.h; sourceTree = "<group>"; };
		AE2AC1152366CF510010E54D /* MBProgressHUD+GFNJ.m */ = {isa = PBXFileReference; fileEncoding = 4; lastKnownFileType = sourcecode.c.objc; path = "MBProgressHUD+GFNJ.m"; sourceTree = "<group>"; };
		AE2AC1162366CF510010E54D /* GFTabBarController.h */ = {isa = PBXFileReference; fileEncoding = 4; lastKnownFileType = sourcecode.c.h; path = GFTabBarController.h; sourceTree = "<group>"; };
		AE2AC11D2366CFBD0010E54D /* GFSetViewModel.h */ = {isa = PBXFileReference; fileEncoding = 4; lastKnownFileType = sourcecode.c.h; path = GFSetViewModel.h; sourceTree = "<group>"; };
		AE2AC11E2366CFBD0010E54D /* GFSetViewModel.m */ = {isa = PBXFileReference; fileEncoding = 4; lastKnownFileType = sourcecode.c.objc; path = GFSetViewModel.m; sourceTree = "<group>"; };
		AE2AC1202366CFF10010E54D /* GFPasswordChangeViewController.m */ = {isa = PBXFileReference; fileEncoding = 4; lastKnownFileType = sourcecode.c.objc; path = GFPasswordChangeViewController.m; sourceTree = "<group>"; };
		AE2AC1212366CFF10010E54D /* GFMineViewController.m */ = {isa = PBXFileReference; fileEncoding = 4; lastKnownFileType = sourcecode.c.objc; path = GFMineViewController.m; sourceTree = "<group>"; };
		AE2AC1222366CFF10010E54D /* GFModifyNicknameViewController.m */ = {isa = PBXFileReference; fileEncoding = 4; lastKnownFileType = sourcecode.c.objc; path = GFModifyNicknameViewController.m; sourceTree = "<group>"; };
		AE2AC1232366CFF20010E54D /* GFLoginViewController.m */ = {isa = PBXFileReference; fileEncoding = 4; lastKnownFileType = sourcecode.c.objc; path = GFLoginViewController.m; sourceTree = "<group>"; };
		AE2AC1242366CFF20010E54D /* GFMineViewController.h */ = {isa = PBXFileReference; fileEncoding = 4; lastKnownFileType = sourcecode.c.h; path = GFMineViewController.h; sourceTree = "<group>"; };
		AE2AC1252366CFF20010E54D /* GFModifyNicknameViewController.h */ = {isa = PBXFileReference; fileEncoding = 4; lastKnownFileType = sourcecode.c.h; path = GFModifyNicknameViewController.h; sourceTree = "<group>"; };
		AE2AC1262366CFF20010E54D /* GFLoginViewController.h */ = {isa = PBXFileReference; fileEncoding = 4; lastKnownFileType = sourcecode.c.h; path = GFLoginViewController.h; sourceTree = "<group>"; };
		AE2AC1272366CFF20010E54D /* GFPasswordChangeViewController.h */ = {isa = PBXFileReference; fileEncoding = 4; lastKnownFileType = sourcecode.c.h; path = GFPasswordChangeViewController.h; sourceTree = "<group>"; };
		AE2AC12C2366D0350010E54D /* GFLoginTableViewCell.m */ = {isa = PBXFileReference; fileEncoding = 4; lastKnownFileType = sourcecode.c.objc; path = GFLoginTableViewCell.m; sourceTree = "<group>"; };
		AE2AC12D2366D0350010E54D /* GFSetTableViewCell.m */ = {isa = PBXFileReference; fileEncoding = 4; lastKnownFileType = sourcecode.c.objc; path = GFSetTableViewCell.m; sourceTree = "<group>"; };
		AE2AC12E2366D0350010E54D /* GFLoginTableViewCell.h */ = {isa = PBXFileReference; fileEncoding = 4; lastKnownFileType = sourcecode.c.h; path = GFLoginTableViewCell.h; sourceTree = "<group>"; };
		AE2AC12F2366D0350010E54D /* GFSetTableViewCell.h */ = {isa = PBXFileReference; fileEncoding = 4; lastKnownFileType = sourcecode.c.h; path = GFSetTableViewCell.h; sourceTree = "<group>"; };
		AE2AC1352366D0670010E54D /* GFRecordTableViewCell.h */ = {isa = PBXFileReference; fileEncoding = 4; lastKnownFileType = sourcecode.c.h; path = GFRecordTableViewCell.h; sourceTree = "<group>"; };
		AE2AC1362366D0670010E54D /* GFRecordTableViewCell.m */ = {isa = PBXFileReference; fileEncoding = 4; lastKnownFileType = sourcecode.c.objc; path = GFRecordTableViewCell.m; sourceTree = "<group>"; };
		AE2AC1382366D0860010E54D /* GFScorecardModel.h */ = {isa = PBXFileReference; fileEncoding = 4; lastKnownFileType = sourcecode.c.h; path = GFScorecardModel.h; sourceTree = "<group>"; };
		AE2AC1392366D0860010E54D /* GFScorecardViewModel.m */ = {isa = PBXFileReference; fileEncoding = 4; lastKnownFileType = sourcecode.c.objc; path = GFScorecardViewModel.m; sourceTree = "<group>"; };
		AE2AC13A2366D0860010E54D /* GFScorecardViewModel.h */ = {isa = PBXFileReference; fileEncoding = 4; lastKnownFileType = sourcecode.c.h; path = GFScorecardViewModel.h; sourceTree = "<group>"; };
		AE2AC13B2366D0860010E54D /* GFScorecardModel.m */ = {isa = PBXFileReference; fileEncoding = 4; lastKnownFileType = sourcecode.c.objc; path = GFScorecardModel.m; sourceTree = "<group>"; };
		AE2AC13E2366D09D0010E54D /* GFScorecardViewController.h */ = {isa = PBXFileReference; fileEncoding = 4; lastKnownFileType = sourcecode.c.h; path = GFScorecardViewController.h; sourceTree = "<group>"; };
		AE2AC13F2366D09D0010E54D /* GFScorecardViewController.m */ = {isa = PBXFileReference; fileEncoding = 4; lastKnownFileType = sourcecode.c.objc; path = GFScorecardViewController.m; sourceTree = "<group>"; };
		AE2AC1412366D0D20010E54D /* GFScorecardTitleTableViewCell.m */ = {isa = PBXFileReference; fileEncoding = 4; lastKnownFileType = sourcecode.c.objc; path = GFScorecardTitleTableViewCell.m; sourceTree = "<group>"; };
		AE2AC1422366D0D20010E54D /* GFScorecardTableViewCell.h */ = {isa = PBXFileReference; fileEncoding = 4; lastKnownFileType = sourcecode.c.h; path = GFScorecardTableViewCell.h; sourceTree = "<group>"; };
		AE2AC1432366D0D20010E54D /* GFScorecardTitleTableViewCell.h */ = {isa = PBXFileReference; fileEncoding = 4; lastKnownFileType = sourcecode.c.h; path = GFScorecardTitleTableViewCell.h; sourceTree = "<group>"; };
		AE2AC1442366D0D20010E54D /* GFScorecardTimeStatisticsTableViewCell.m */ = {isa = PBXFileReference; fileEncoding = 4; lastKnownFileType = sourcecode.c.objc; path = GFScorecardTimeStatisticsTableViewCell.m; sourceTree = "<group>"; };
		AE2AC1452366D0D20010E54D /* GFScorecardOperationTableViewCell.m */ = {isa = PBXFileReference; fileEncoding = 4; lastKnownFileType = sourcecode.c.objc; path = GFScorecardOperationTableViewCell.m; sourceTree = "<group>"; };
		AE2AC1462366D0D30010E54D /* GFScorecardTimeStatisticsTableViewCell.h */ = {isa = PBXFileReference; fileEncoding = 4; lastKnownFileType = sourcecode.c.h; path = GFScorecardTimeStatisticsTableViewCell.h; sourceTree = "<group>"; };
		AE2AC1472366D0D30010E54D /* GFScorecardTableViewCell.m */ = {isa = PBXFileReference; fileEncoding = 4; lastKnownFileType = sourcecode.c.objc; path = GFScorecardTableViewCell.m; sourceTree = "<group>"; };
		AE2AC1482366D0D30010E54D /* GFScorecardOperationTableViewCell.h */ = {isa = PBXFileReference; fileEncoding = 4; lastKnownFileType = sourcecode.c.h; path = GFScorecardOperationTableViewCell.h; sourceTree = "<group>"; };
		AE8BB6302362FAD900AD37E0 /* goodFootballScoring.app */ = {isa = PBXFileReference; explicitFileType = wrapper.application; includeInIndex = 0; path = goodFootballScoring.app; sourceTree = BUILT_PRODUCTS_DIR; };
		AE8BB6332362FAD900AD37E0 /* AppDelegate.h */ = {isa = PBXFileReference; lastKnownFileType = sourcecode.c.h; path = AppDelegate.h; sourceTree = "<group>"; };
		AE8BB6342362FAD900AD37E0 /* AppDelegate.m */ = {isa = PBXFileReference; lastKnownFileType = sourcecode.c.objc; path = AppDelegate.m; sourceTree = "<group>"; };
		AE8BB63F2362FADC00AD37E0 /* Assets.xcassets */ = {isa = PBXFileReference; lastKnownFileType = folder.assetcatalog; path = Assets.xcassets; sourceTree = "<group>"; };
		AE8BB6442362FADC00AD37E0 /* Info.plist */ = {isa = PBXFileReference; lastKnownFileType = text.plist.xml; path = Info.plist; sourceTree = "<group>"; };
		AE8BB6452362FADC00AD37E0 /* main.m */ = {isa = PBXFileReference; lastKnownFileType = sourcecode.c.objc; path = main.m; sourceTree = "<group>"; };
		AE8BB64C2362FCAA00AD37E0 /* PocketFootballScore.entitlements */ = {isa = PBXFileReference; lastKnownFileType = text.plist.entitlements; path = PocketFootballScore.entitlements; sourceTree = "<group>"; };
		AE97714C236FE02200163F70 /* AdSupport.framework */ = {isa = PBXFileReference; lastKnownFileType = wrapper.framework; name = AdSupport.framework; path = System/Library/Frameworks/AdSupport.framework; sourceTree = SDKROOT; };
		AE97714E236FE02900163F70 /* AVFoundation.framework */ = {isa = PBXFileReference; lastKnownFileType = wrapper.framework; name = AVFoundation.framework; path = System/Library/Frameworks/AVFoundation.framework; sourceTree = SDKROOT; };
		AE977150236FE03200163F70 /* CFNetwork.framework */ = {isa = PBXFileReference; lastKnownFileType = wrapper.framework; name = CFNetwork.framework; path = System/Library/Frameworks/CFNetwork.framework; sourceTree = SDKROOT; };
		AE977152236FE03900163F70 /* CoreFoundation.framework */ = {isa = PBXFileReference; lastKnownFileType = wrapper.framework; name = CoreFoundation.framework; path = System/Library/Frameworks/CoreFoundation.framework; sourceTree = SDKROOT; };
		AE977154236FE04500163F70 /* CoreGraphics.framework */ = {isa = PBXFileReference; lastKnownFileType = wrapper.framework; name = CoreGraphics.framework; path = System/Library/Frameworks/CoreGraphics.framework; sourceTree = SDKROOT; };
		AE977156236FE04D00163F70 /* CoreLocation.framework */ = {isa = PBXFileReference; lastKnownFileType = wrapper.framework; name = CoreLocation.framework; path = System/Library/Frameworks/CoreLocation.framework; sourceTree = SDKROOT; };
		AE977158236FE05D00163F70 /* CoreTelephony.framework */ = {isa = PBXFileReference; lastKnownFileType = wrapper.framework; name = CoreTelephony.framework; path = System/Library/Frameworks/CoreTelephony.framework; sourceTree = SDKROOT; };
		AE97715A236FE06400163F70 /* Foundation.framework */ = {isa = PBXFileReference; lastKnownFileType = wrapper.framework; name = Foundation.framework; path = System/Library/Frameworks/Foundation.framework; sourceTree = SDKROOT; };
		AE97715C236FE07100163F70 /* ImageIO.framework */ = {isa = PBXFileReference; lastKnownFileType = wrapper.framework; name = ImageIO.framework; path = System/Library/Frameworks/ImageIO.framework; sourceTree = SDKROOT; };
		AE97715E236FE08200163F70 /* MobileCoreServices.framework */ = {isa = PBXFileReference; lastKnownFileType = wrapper.framework; name = MobileCoreServices.framework; path = System/Library/Frameworks/MobileCoreServices.framework; sourceTree = SDKROOT; };
		AE977160236FE09100163F70 /* Photos.framework */ = {isa = PBXFileReference; lastKnownFileType = wrapper.framework; name = Photos.framework; path = System/Library/Frameworks/Photos.framework; sourceTree = SDKROOT; };
		AE977162236FE09F00163F70 /* QuartzCore.framework */ = {isa = PBXFileReference; lastKnownFileType = wrapper.framework; name = QuartzCore.framework; path = System/Library/Frameworks/QuartzCore.framework; sourceTree = SDKROOT; };
		AE977164236FE0AA00163F70 /* Security.framework */ = {isa = PBXFileReference; lastKnownFileType = wrapper.framework; name = Security.framework; path = System/Library/Frameworks/Security.framework; sourceTree = SDKROOT; };
		AE977166236FE0B900163F70 /* SystemConfiguration.framework */ = {isa = PBXFileReference; lastKnownFileType = wrapper.framework; name = SystemConfiguration.framework; path = System/Library/Frameworks/SystemConfiguration.framework; sourceTree = SDKROOT; };
		AE977168236FE0C000163F70 /* UIKit.framework */ = {isa = PBXFileReference; lastKnownFileType = wrapper.framework; name = UIKit.framework; path = System/Library/Frameworks/UIKit.framework; sourceTree = SDKROOT; };
		AE97716A236FE0CC00163F70 /* UserNotifications.framework */ = {isa = PBXFileReference; lastKnownFileType = wrapper.framework; name = UserNotifications.framework; path = System/Library/Frameworks/UserNotifications.framework; sourceTree = SDKROOT; };
		AE97716C236FE0ED00163F70 /* libresolv.tbd */ = {isa = PBXFileReference; lastKnownFileType = "sourcecode.text-based-dylib-definition"; name = libresolv.tbd; path = usr/lib/libresolv.tbd; sourceTree = SDKROOT; };
		AE97716D236FE0F600163F70 /* libz.tbd */ = {isa = PBXFileReference; lastKnownFileType = "sourcecode.text-based-dylib-definition"; name = libz.tbd; path = usr/lib/libz.tbd; sourceTree = SDKROOT; };
		AE977170236FE10B00163F70 /* jpush-ios-3.2.6.a */ = {isa = PBXFileReference; lastKnownFileType = archive.ar; path = "jpush-ios-3.2.6.a"; sourceTree = "<group>"; };
		AE977172236FE10B00163F70 /* jcore-ios-2.1.4.a */ = {isa = PBXFileReference; lastKnownFileType = archive.ar; path = "jcore-ios-2.1.4.a"; sourceTree = "<group>"; };
		AE977173236FE10B00163F70 /* JPUSHService.h */ = {isa = PBXFileReference; fileEncoding = 4; lastKnownFileType = sourcecode.c.h; path = JPUSHService.h; sourceTree = "<group>"; };
		ED190BF350010FA8719F11FE /* Pods-PocketFootballScore.release.xcconfig */ = {isa = PBXFileReference; includeInIndex = 1; lastKnownFileType = text.xcconfig; name = "Pods-PocketFootballScore.release.xcconfig"; path = "Target Support Files/Pods-PocketFootballScore/Pods-PocketFootballScore.release.xcconfig"; sourceTree = "<group>"; };
/* End PBXFileReference section */

/* Begin PBXFrameworksBuildPhase section */
		AE8BB62D2362FAD900AD37E0 /* Frameworks */ = {
			isa = PBXFrameworksBuildPhase;
			buildActionMask = 2147483647;
			files = (
				AE977155236FE04500163F70 /* CoreGraphics.framework in Frameworks */,
				AE97716B236FE0CC00163F70 /* UserNotifications.framework in Frameworks */,
				AE977169236FE0C000163F70 /* UIKit.framework in Frameworks */,
				AE977167236FE0B900163F70 /* SystemConfiguration.framework in Frameworks */,
				AE977163236FE0A000163F70 /* QuartzCore.framework in Frameworks */,
				AE97715B236FE06400163F70 /* Foundation.framework in Frameworks */,
				AE977153236FE03900163F70 /* CoreFoundation.framework in Frameworks */,
				AE977177236FE12A00163F70 /* libresolv.tbd in Frameworks */,
				AE977165236FE0AA00163F70 /* Security.framework in Frameworks */,
				9E18FDAA08CE2E4AEAAC4FC9 /* Pods_PocketFootballScore.framework in Frameworks */,
				AE977175236FE10B00163F70 /* jpush-ios-3.2.6.a in Frameworks */,
				AE97715D236FE07100163F70 /* ImageIO.framework in Frameworks */,
				AE977176236FE10B00163F70 /* jcore-ios-2.1.4.a in Frameworks */,
				AE977161236FE09100163F70 /* Photos.framework in Frameworks */,
				AE97714D236FE02200163F70 /* AdSupport.framework in Frameworks */,
				AE977159236FE05D00163F70 /* CoreTelephony.framework in Frameworks */,
				AE977178236FE13100163F70 /* libz.tbd in Frameworks */,
				AE977157236FE04D00163F70 /* CoreLocation.framework in Frameworks */,
				AE977151236FE03200163F70 /* CFNetwork.framework in Frameworks */,
				AE97715F236FE08200163F70 /* MobileCoreServices.framework in Frameworks */,
				AE97714F236FE02900163F70 /* AVFoundation.framework in Frameworks */,
			);
			runOnlyForDeploymentPostprocessing = 0;
		};
/* End PBXFrameworksBuildPhase section */

/* Begin PBXGroup section */
		04EB67C5ADAC12CD64F5A3C2 /* Pods */ = {
			isa = PBXGroup;
			children = (
				621C02E881E3185407E164D2 /* Pods-PocketFootballScore.debug.xcconfig */,
				ED190BF350010FA8719F11FE /* Pods-PocketFootballScore.release.xcconfig */,
			);
			path = Pods;
			sourceTree = "<group>";
		};
		225870C98389AB06A6B4AE77 /* Frameworks */ = {
			isa = PBXGroup;
			children = (
				AE97716D236FE0F600163F70 /* libz.tbd */,
				AE97716C236FE0ED00163F70 /* libresolv.tbd */,
				AE97716A236FE0CC00163F70 /* UserNotifications.framework */,
				AE977168236FE0C000163F70 /* UIKit.framework */,
				AE977166236FE0B900163F70 /* SystemConfiguration.framework */,
				AE977164236FE0AA00163F70 /* Security.framework */,
				AE977162236FE09F00163F70 /* QuartzCore.framework */,
				AE977160236FE09100163F70 /* Photos.framework */,
				AE97715E236FE08200163F70 /* MobileCoreServices.framework */,
				AE97715C236FE07100163F70 /* ImageIO.framework */,
				AE97715A236FE06400163F70 /* Foundation.framework */,
				AE977158236FE05D00163F70 /* CoreTelephony.framework */,
				AE977156236FE04D00163F70 /* CoreLocation.framework */,
				AE977154236FE04500163F70 /* CoreGraphics.framework */,
				AE977152236FE03900163F70 /* CoreFoundation.framework */,
				AE977150236FE03200163F70 /* CFNetwork.framework */,
				AE97714E236FE02900163F70 /* AVFoundation.framework */,
				AE97714C236FE02200163F70 /* AdSupport.framework */,
				3F441EF6B3DBEEB2FA803146 /* Pods_PocketFootballScore.framework */,
			);
			name = Frameworks;
			sourceTree = "<group>";
		};
		AE2AC0A02366CD0A0010E54D /* Common */ = {
			isa = PBXGroup;
			children = (
				AE97716E236FE10B00163F70 /* JPush */,
				AE2AC0AA2366CD0A0010E54D /* NSArray+log.h */,
				AE2AC0BA2366CD0A0010E54D /* NSArray+log.m */,
				AE2AC0AB2366CD0A0010E54D /* NSDictionary+log.h */,
				AE2AC0A32366CD0A0010E54D /* NSDictionary+log.m */,
				AE2AC0A42366CD0A0010E54D /* CalendarTool.h */,
				AE2AC0B22366CD0A0010E54D /* CalendarTool.m */,
				AE2AC10C2366CF500010E54D /* MBProgressHUD+GFNJ.h */,
				AE2AC1152366CF510010E54D /* MBProgressHUD+GFNJ.m */,
				AE2AC1122366CF510010E54D /* GF_PrefixHeader.pch */,
				AE2AC1142366CF510010E54D /* GFBaseViewController.h */,
				AE2AC10F2366CF510010E54D /* GFBaseViewController.m */,
				AE2AC1132366CF510010E54D /* GFGlobal.h */,
				AE2AC1102366CF510010E54D /* GFHBTool.h */,
				AE2AC10D2366CF500010E54D /* GFHBTool.m */,
				AE2AC10A2366CF500010E54D /* GFNDHTTPClient.h */,
				AE2AC10B2366CF500010E54D /* GFNDHTTPClient.m */,
				AE2AC1162366CF510010E54D /* GFTabBarController.h */,
				AE2AC10E2366CF510010E54D /* GFTabBarController.m */,
				AE2AC1092366CF500010E54D /* GFUIUtilities.h */,
				AE2AC1112366CF510010E54D /* GFUIUtilities.m */,
			);
			path = Common;
			sourceTree = "<group>";
		};
		AE2AC0BB2366CD0A0010E54D /* Mine */ = {
			isa = PBXGroup;
			children = (
				AE2AC0BC2366CD0A0010E54D /* Models */,
				AE2AC0BF2366CD0A0010E54D /* Controllers */,
				AE2AC0C82366CD0A0010E54D /* Views */,
			);
			path = Mine;
			sourceTree = "<group>";
		};
		AE2AC0BC2366CD0A0010E54D /* Models */ = {
			isa = PBXGroup;
			children = (
				AE2AC11D2366CFBD0010E54D /* GFSetViewModel.h */,
				AE2AC11E2366CFBD0010E54D /* GFSetViewModel.m */,
			);
			path = Models;
			sourceTree = "<group>";
		};
		AE2AC0BF2366CD0A0010E54D /* Controllers */ = {
			isa = PBXGroup;
			children = (
				AE2AC1262366CFF20010E54D /* GFLoginViewController.h */,
				AE2AC1232366CFF20010E54D /* GFLoginViewController.m */,
				AE2AC1242366CFF20010E54D /* GFMineViewController.h */,
				AE2AC1212366CFF10010E54D /* GFMineViewController.m */,
				AE2AC1252366CFF20010E54D /* GFModifyNicknameViewController.h */,
				AE2AC1222366CFF10010E54D /* GFModifyNicknameViewController.m */,
				AE2AC1272366CFF20010E54D /* GFPasswordChangeViewController.h */,
				AE2AC1202366CFF10010E54D /* GFPasswordChangeViewController.m */,
			);
			path = Controllers;
			sourceTree = "<group>";
		};
		AE2AC0C82366CD0A0010E54D /* Views */ = {
			isa = PBXGroup;
			children = (
				AE2AC12E2366D0350010E54D /* GFLoginTableViewCell.h */,
				AE2AC12C2366D0350010E54D /* GFLoginTableViewCell.m */,
				AE2AC12F2366D0350010E54D /* GFSetTableViewCell.h */,
				AE2AC12D2366D0350010E54D /* GFSetTableViewCell.m */,
			);
			path = Views;
			sourceTree = "<group>";
		};
		AE2AC0CD2366CD0B0010E54D /* Record */ = {
			isa = PBXGroup;
			children = (
				AE2AC0CE2366CD0B0010E54D /* Models */,
				AE2AC0CF2366CD0B0010E54D /* Controllers */,
				AE2AC0D22366CD0B0010E54D /* Views */,
			);
			path = Record;
			sourceTree = "<group>";
		};
		AE2AC0CE2366CD0B0010E54D /* Models */ = {
			isa = PBXGroup;
			children = (
			);
			path = Models;
			sourceTree = "<group>";
		};
		AE2AC0CF2366CD0B0010E54D /* Controllers */ = {
			isa = PBXGroup;
			children = (
				AE124732236824CF00C6BCAA /* GFRecordDetailsViewController.h */,
				AE124734236824CF00C6BCAA /* GFRecordDetailsViewController.m */,
				AE124736236824D000C6BCAA /* GFRecordViewController.h */,
				AE124733236824CF00C6BCAA /* GFRecordViewController.m */,
				AE124735236824D000C6BCAA /* GFRecordViewController.xib */,
			);
			path = Controllers;
			sourceTree = "<group>";
		};
		AE2AC0D22366CD0B0010E54D /* Views */ = {
			isa = PBXGroup;
			children = (
				AE2AC1352366D0670010E54D /* GFRecordTableViewCell.h */,
				AE2AC1362366D0670010E54D /* GFRecordTableViewCell.m */,
			);
			path = Views;
			sourceTree = "<group>";
		};
		AE2AC0D52366CD0B0010E54D /* Resources */ = {
			isa = PBXGroup;
			children = (
				AE2AC0D62366CD0B0010E54D /* Localizable.strings */,
			);
			path = Resources;
			sourceTree = "<group>";
		};
		AE2AC0DA2366CD0B0010E54D /* Scorecard */ = {
			isa = PBXGroup;
			children = (
				AE2AC0DB2366CD0B0010E54D /* Models */,
				AE2AC0E32366CD0B0010E54D /* Views */,
				AE2AC0E02366CD0B0010E54D /* Controllers */,
			);
			path = Scorecard;
			sourceTree = "<group>";
		};
		AE2AC0DB2366CD0B0010E54D /* Models */ = {
			isa = PBXGroup;
			children = (
				AE2AC1382366D0860010E54D /* GFScorecardModel.h */,
				AE2AC13B2366D0860010E54D /* GFScorecardModel.m */,
				AE2AC13A2366D0860010E54D /* GFScorecardViewModel.h */,
				AE2AC1392366D0860010E54D /* GFScorecardViewModel.m */,
			);
			path = Models;
			sourceTree = "<group>";
		};
		AE2AC0E02366CD0B0010E54D /* Controllers */ = {
			isa = PBXGroup;
			children = (
				AE2AC13E2366D09D0010E54D /* GFScorecardViewController.h */,
				AE2AC13F2366D09D0010E54D /* GFScorecardViewController.m */,
			);
			path = Controllers;
			sourceTree = "<group>";
		};
		AE2AC0E32366CD0B0010E54D /* Views */ = {
			isa = PBXGroup;
			children = (
				AE2AC1482366D0D30010E54D /* GFScorecardOperationTableViewCell.h */,
				AE2AC1452366D0D20010E54D /* GFScorecardOperationTableViewCell.m */,
				AE2AC1422366D0D20010E54D /* GFScorecardTableViewCell.h */,
				AE2AC1472366D0D30010E54D /* GFScorecardTableViewCell.m */,
				AE2AC1462366D0D30010E54D /* GFScorecardTimeStatisticsTableViewCell.h */,
				AE2AC1442366D0D20010E54D /* GFScorecardTimeStatisticsTableViewCell.m */,
				AE2AC1432366D0D20010E54D /* GFScorecardTitleTableViewCell.h */,
				AE2AC1412366D0D20010E54D /* GFScorecardTitleTableViewCell.m */,
			);
			path = Views;
			sourceTree = "<group>";
		};
		AE8BB6272362FAD800AD37E0 = {
			isa = PBXGroup;
			children = (
				AE8BB6322362FAD900AD37E0 /* PocketFootballScore */,
				AE8BB6312362FAD900AD37E0 /* Products */,
				04EB67C5ADAC12CD64F5A3C2 /* Pods */,
				225870C98389AB06A6B4AE77 /* Frameworks */,
			);
			sourceTree = "<group>";
		};
		AE8BB6312362FAD900AD37E0 /* Products */ = {
			isa = PBXGroup;
			children = (
				AE8BB6302362FAD900AD37E0 /* goodFootballScoring.app */,
			);
			name = Products;
			sourceTree = "<group>";
		};
		AE8BB6322362FAD900AD37E0 /* PocketFootballScore */ = {
			isa = PBXGroup;
			children = (
				AE8BB64C2362FCAA00AD37E0 /* PocketFootballScore.entitlements */,
				AE2AC0D52366CD0B0010E54D /* Resources */,
				AE2AC0A02366CD0A0010E54D /* Common */,
				AE2AC0DA2366CD0B0010E54D /* Scorecard */,
				AE2AC0CD2366CD0B0010E54D /* Record */,
				AE2AC0BB2366CD0A0010E54D /* Mine */,
				AE8BB6332362FAD900AD37E0 /* AppDelegate.h */,
				AE8BB6342362FAD900AD37E0 /* AppDelegate.m */,
				AE8BB63F2362FADC00AD37E0 /* Assets.xcassets */,
				AE8BB6442362FADC00AD37E0 /* Info.plist */,
				AE8BB6452362FADC00AD37E0 /* main.m */,
			);
			path = PocketFootballScore;
			sourceTree = "<group>";
		};
		AE97716E236FE10B00163F70 /* JPush */ = {
			isa = PBXGroup;
			children = (
				AE977170236FE10B00163F70 /* jpush-ios-3.2.6.a */,
				AE977172236FE10B00163F70 /* jcore-ios-2.1.4.a */,
				AE977173236FE10B00163F70 /* JPUSHService.h */,
			);
			path = JPush;
			sourceTree = "<group>";
		};
/* End PBXGroup section */

/* Begin PBXNativeTarget section */
		AE8BB62F2362FAD900AD37E0 /* PocketFootballScore */ = {
			isa = PBXNativeTarget;
			buildConfigurationList = AE8BB6492362FADC00AD37E0 /* Build configuration list for PBXNativeTarget "PocketFootballScore" */;
			buildPhases = (
				B298CA302901B1EF2B90AE38 /* [CP] Check Pods Manifest.lock */,
				AE8BB62C2362FAD900AD37E0 /* Sources */,
				AE8BB62D2362FAD900AD37E0 /* Frameworks */,
				AE8BB62E2362FAD900AD37E0 /* Resources */,
				DB233ECED24C65C61F841789 /* [CP] Embed Pods Frameworks */,
			);
			buildRules = (
			);
			dependencies = (
			);
			name = PocketFootballScore;
			productName = PocketFootballScore;
			productReference = AE8BB6302362FAD900AD37E0 /* goodFootballScoring.app */;
			productType = "com.apple.product-type.application";
		};
/* End PBXNativeTarget section */

/* Begin PBXProject section */
		AE8BB6282362FAD800AD37E0 /* Project object */ = {
			isa = PBXProject;
			attributes = {
				LastUpgradeCheck = 1110;
				ORGANIZATIONNAME = com;
				TargetAttributes = {
					AE8BB62F2362FAD900AD37E0 = {
						CreatedOnToolsVersion = 11.1;
					};
				};
			};
			buildConfigurationList = AE8BB62B2362FAD800AD37E0 /* Build configuration list for PBXProject "PocketFootballScore" */;
			compatibilityVersion = "Xcode 9.3";
			developmentRegion = en;
			hasScannedForEncodings = 0;
			knownRegions = (
				en,
				Base,
				"zh-Hans",
				ja,
			);
			mainGroup = AE8BB6272362FAD800AD37E0;
			productRefGroup = AE8BB6312362FAD900AD37E0 /* Products */;
			projectDirPath = "";
			projectRoot = "";
			targets = (
				AE8BB62F2362FAD900AD37E0 /* PocketFootballScore */,
			);
		};
/* End PBXProject section */

/* Begin PBXResourcesBuildPhase section */
		AE8BB62E2362FAD900AD37E0 /* Resources */ = {
			isa = PBXResourcesBuildPhase;
			buildActionMask = 2147483647;
			files = (
				AE8BB6402362FADC00AD37E0 /* Assets.xcassets in Resources */,
				AE2AC1012366CD0B0010E54D /* Localizable.strings in Resources */,
				AE124739236824D000C6BCAA /* GFRecordViewController.xib in Resources */,
			);
			runOnlyForDeploymentPostprocessing = 0;
		};
/* End PBXResourcesBuildPhase section */

/* Begin PBXShellScriptBuildPhase section */
		B298CA302901B1EF2B90AE38 /* [CP] Check Pods Manifest.lock */ = {
			isa = PBXShellScriptBuildPhase;
			buildActionMask = 2147483647;
			files = (
			);
			inputFileListPaths = (
			);
			inputPaths = (
				"${PODS_PODFILE_DIR_PATH}/Podfile.lock",
				"${PODS_ROOT}/Manifest.lock",
			);
			name = "[CP] Check Pods Manifest.lock";
			outputFileListPaths = (
			);
			outputPaths = (
				"$(DERIVED_FILE_DIR)/Pods-PocketFootballScore-checkManifestLockResult.txt",
			);
			runOnlyForDeploymentPostprocessing = 0;
			shellPath = /bin/sh;
			shellScript = "diff \"${PODS_PODFILE_DIR_PATH}/Podfile.lock\" \"${PODS_ROOT}/Manifest.lock\" > /dev/null\nif [ $? != 0 ] ; then\n    # print error to STDERR\n    echo \"error: The sandbox is not in sync with the Podfile.lock. Run 'pod install' or update your CocoaPods installation.\" >&2\n    exit 1\nfi\n# This output is used by Xcode 'outputs' to avoid re-running this script phase.\necho \"SUCCESS\" > \"${SCRIPT_OUTPUT_FILE_0}\"\n";
			showEnvVarsInLog = 0;
		};
		DB233ECED24C65C61F841789 /* [CP] Embed Pods Frameworks */ = {
			isa = PBXShellScriptBuildPhase;
			buildActionMask = 2147483647;
			files = (
			);
			inputFileListPaths = (
				"${PODS_ROOT}/Target Support Files/Pods-PocketFootballScore/Pods-PocketFootballScore-frameworks-${CONFIGURATION}-input-files.xcfilelist",
			);
			name = "[CP] Embed Pods Frameworks";
			outputFileListPaths = (
				"${PODS_ROOT}/Target Support Files/Pods-PocketFootballScore/Pods-PocketFootballScore-frameworks-${CONFIGURATION}-output-files.xcfilelist",
			);
			runOnlyForDeploymentPostprocessing = 0;
			shellPath = /bin/sh;
			shellScript = "\"${PODS_ROOT}/Target Support Files/Pods-PocketFootballScore/Pods-PocketFootballScore-frameworks.sh\"\n";
			showEnvVarsInLog = 0;
		};
/* End PBXShellScriptBuildPhase section */

/* Begin PBXSourcesBuildPhase section */
		AE8BB62C2362FAD900AD37E0 /* Sources */ = {
			isa = PBXSourcesBuildPhase;
			buildActionMask = 2147483647;
			files = (
				AE8BB6352362FAD900AD37E0 /* AppDelegate.m in Sources */,
				AE2AC1182366CF510010E54D /* GFHBTool.m in Sources */,
				AE2AC11C2366CF510010E54D /* MBProgressHUD+GFNJ.m in Sources */,
				AE2AC0F72366CD0B0010E54D /* NSArray+log.m in Sources */,
				AE2AC1192366CF510010E54D /* GFTabBarController.m in Sources */,
				AE2AC1372366D0670010E54D /* GFRecordTableViewCell.m in Sources */,
				AE2AC14B2366D0D30010E54D /* GFScorecardOperationTableViewCell.m in Sources */,
				AE8BB6462362FADC00AD37E0 /* main.m in Sources */,
				AE124737236824D000C6BCAA /* GFRecordViewController.m in Sources */,
				AE2AC13C2366D0860010E54D /* GFScorecardViewModel.m in Sources */,
				AE2AC1282366CFF20010E54D /* GFPasswordChangeViewController.m in Sources */,
				AE2AC0EC2366CD0B0010E54D /* NSDictionary+log.m in Sources */,
				AE2AC11A2366CF510010E54D /* GFBaseViewController.m in Sources */,
				AE2AC12B2366CFF20010E54D /* GFLoginViewController.m in Sources */,
				AE2AC1492366D0D30010E54D /* GFScorecardTitleTableViewCell.m in Sources */,
				AE2AC11F2366CFBE0010E54D /* GFSetViewModel.m in Sources */,
				AE124738236824D000C6BCAA /* GFRecordDetailsViewController.m in Sources */,
				AE2AC1312366D0350010E54D /* GFSetTableViewCell.m in Sources */,
				AE2AC1402366D09D0010E54D /* GFScorecardViewController.m in Sources */,
				AE2AC12A2366CFF20010E54D /* GFModifyNicknameViewController.m in Sources */,
				AE2AC13D2366D0860010E54D /* GFScorecardModel.m in Sources */,
				AE2AC14A2366D0D30010E54D /* GFScorecardTimeStatisticsTableViewCell.m in Sources */,
				AE2AC14C2366D0D30010E54D /* GFScorecardTableViewCell.m in Sources */,
				AE2AC1302366D0350010E54D /* GFLoginTableViewCell.m in Sources */,
				AE2AC1172366CF510010E54D /* GFNDHTTPClient.m in Sources */,
				AE2AC11B2366CF510010E54D /* GFUIUtilities.m in Sources */,
				AE2AC1292366CFF20010E54D /* GFMineViewController.m in Sources */,
				AE2AC0F32366CD0B0010E54D /* CalendarTool.m in Sources */,
			);
			runOnlyForDeploymentPostprocessing = 0;
		};
/* End PBXSourcesBuildPhase section */

/* Begin PBXVariantGroup section */
		AE2AC0D62366CD0B0010E54D /* Localizable.strings */ = {
			isa = PBXVariantGroup;
			children = (
				AE2AC0D72366CD0B0010E54D /* zh-Hans */,
				AE2AC0D82366CD0B0010E54D /* ja */,
				AE2AC0D92366CD0B0010E54D /* en */,
			);
			name = Localizable.strings;
			sourceTree = "<group>";
		};
/* End PBXVariantGroup section */

/* Begin XCBuildConfiguration section */
		AE8BB6472362FADC00AD37E0 /* Debug */ = {
			isa = XCBuildConfiguration;
			buildSettings = {
				ALWAYS_SEARCH_USER_PATHS = NO;
				CLANG_ANALYZER_NONNULL = YES;
				CLANG_ANALYZER_NUMBER_OBJECT_CONVERSION = YES_AGGRESSIVE;
				CLANG_CXX_LANGUAGE_STANDARD = "gnu++14";
				CLANG_CXX_LIBRARY = "libc++";
				CLANG_ENABLE_MODULES = YES;
				CLANG_ENABLE_OBJC_ARC = YES;
				CLANG_ENABLE_OBJC_WEAK = YES;
				CLANG_WARN_BLOCK_CAPTURE_AUTORELEASING = YES;
				CLANG_WARN_BOOL_CONVERSION = YES;
				CLANG_WARN_COMMA = YES;
				CLANG_WARN_CONSTANT_CONVERSION = YES;
				CLANG_WARN_DEPRECATED_OBJC_IMPLEMENTATIONS = YES;
				CLANG_WARN_DIRECT_OBJC_ISA_USAGE = YES_ERROR;
				CLANG_WARN_DOCUMENTATION_COMMENTS = YES;
				CLANG_WARN_EMPTY_BODY = YES;
				CLANG_WARN_ENUM_CONVERSION = YES;
				CLANG_WARN_INFINITE_RECURSION = YES;
				CLANG_WARN_INT_CONVERSION = YES;
				CLANG_WARN_NON_LITERAL_NULL_CONVERSION = YES;
				CLANG_WARN_OBJC_IMPLICIT_RETAIN_SELF = YES;
				CLANG_WARN_OBJC_LITERAL_CONVERSION = YES;
				CLANG_WARN_OBJC_ROOT_CLASS = YES_ERROR;
				CLANG_WARN_RANGE_LOOP_ANALYSIS = YES;
				CLANG_WARN_STRICT_PROTOTYPES = YES;
				CLANG_WARN_SUSPICIOUS_MOVE = YES;
				CLANG_WARN_UNGUARDED_AVAILABILITY = YES_AGGRESSIVE;
				CLANG_WARN_UNREACHABLE_CODE = YES;
				CLANG_WARN__DUPLICATE_METHOD_MATCH = YES;
				COPY_PHASE_STRIP = NO;
				DEBUG_INFORMATION_FORMAT = dwarf;
				ENABLE_STRICT_OBJC_MSGSEND = YES;
				ENABLE_TESTABILITY = YES;
				GCC_C_LANGUAGE_STANDARD = gnu11;
				GCC_DYNAMIC_NO_PIC = NO;
				GCC_NO_COMMON_BLOCKS = YES;
				GCC_OPTIMIZATION_LEVEL = 0;
				GCC_PREPROCESSOR_DEFINITIONS = (
					"DEBUG=1",
					"$(inherited)",
				);
				GCC_WARN_64_TO_32_BIT_CONVERSION = YES;
				GCC_WARN_ABOUT_RETURN_TYPE = YES_ERROR;
				GCC_WARN_UNDECLARED_SELECTOR = YES;
				GCC_WARN_UNINITIALIZED_AUTOS = YES_AGGRESSIVE;
				GCC_WARN_UNUSED_FUNCTION = YES;
				GCC_WARN_UNUSED_VARIABLE = YES;
				IPHONEOS_DEPLOYMENT_TARGET = 9.0;
				MTL_ENABLE_DEBUG_INFO = INCLUDE_SOURCE;
				MTL_FAST_MATH = YES;
				ONLY_ACTIVE_ARCH = YES;
				SDKROOT = iphoneos;
			};
			name = Debug;
		};
		AE8BB6482362FADC00AD37E0 /* Release */ = {
			isa = XCBuildConfiguration;
			buildSettings = {
				ALWAYS_SEARCH_USER_PATHS = NO;
				CLANG_ANALYZER_NONNULL = YES;
				CLANG_ANALYZER_NUMBER_OBJECT_CONVERSION = YES_AGGRESSIVE;
				CLANG_CXX_LANGUAGE_STANDARD = "gnu++14";
				CLANG_CXX_LIBRARY = "libc++";
				CLANG_ENABLE_MODULES = YES;
				CLANG_ENABLE_OBJC_ARC = YES;
				CLANG_ENABLE_OBJC_WEAK = YES;
				CLANG_WARN_BLOCK_CAPTURE_AUTORELEASING = YES;
				CLANG_WARN_BOOL_CONVERSION = YES;
				CLANG_WARN_COMMA = YES;
				CLANG_WARN_CONSTANT_CONVERSION = YES;
				CLANG_WARN_DEPRECATED_OBJC_IMPLEMENTATIONS = YES;
				CLANG_WARN_DIRECT_OBJC_ISA_USAGE = YES_ERROR;
				CLANG_WARN_DOCUMENTATION_COMMENTS = YES;
				CLANG_WARN_EMPTY_BODY = YES;
				CLANG_WARN_ENUM_CONVERSION = YES;
				CLANG_WARN_INFINITE_RECURSION = YES;
				CLANG_WARN_INT_CONVERSION = YES;
				CLANG_WARN_NON_LITERAL_NULL_CONVERSION = YES;
				CLANG_WARN_OBJC_IMPLICIT_RETAIN_SELF = YES;
				CLANG_WARN_OBJC_LITERAL_CONVERSION = YES;
				CLANG_WARN_OBJC_ROOT_CLASS = YES_ERROR;
				CLANG_WARN_RANGE_LOOP_ANALYSIS = YES;
				CLANG_WARN_STRICT_PROTOTYPES = YES;
				CLANG_WARN_SUSPICIOUS_MOVE = YES;
				CLANG_WARN_UNGUARDED_AVAILABILITY = YES_AGGRESSIVE;
				CLANG_WARN_UNREACHABLE_CODE = YES;
				CLANG_WARN__DUPLICATE_METHOD_MATCH = YES;
				COPY_PHASE_STRIP = NO;
				DEBUG_INFORMATION_FORMAT = "dwarf-with-dsym";
				ENABLE_NS_ASSERTIONS = NO;
				ENABLE_STRICT_OBJC_MSGSEND = YES;
				GCC_C_LANGUAGE_STANDARD = gnu11;
				GCC_NO_COMMON_BLOCKS = YES;
				GCC_WARN_64_TO_32_BIT_CONVERSION = YES;
				GCC_WARN_ABOUT_RETURN_TYPE = YES_ERROR;
				GCC_WARN_UNDECLARED_SELECTOR = YES;
				GCC_WARN_UNINITIALIZED_AUTOS = YES_AGGRESSIVE;
				GCC_WARN_UNUSED_FUNCTION = YES;
				GCC_WARN_UNUSED_VARIABLE = YES;
				IPHONEOS_DEPLOYMENT_TARGET = 9.0;
				MTL_ENABLE_DEBUG_INFO = NO;
				MTL_FAST_MATH = YES;
				SDKROOT = iphoneos;
				VALIDATE_PRODUCT = YES;
			};
			name = Release;
		};
		AE8BB64A2362FADC00AD37E0 /* Debug */ = {
			isa = XCBuildConfiguration;
			baseConfigurationReference = 621C02E881E3185407E164D2 /* Pods-PocketFootballScore.debug.xcconfig */;
			buildSettings = {
				ASSETCATALOG_COMPILER_APPICON_NAME = AppIcon;
				ASSETCATALOG_COMPILER_LAUNCHIMAGE_NAME = LaunchImage;
				CODE_SIGN_ENTITLEMENTS = PocketFootballScore/PocketFootballScore.entitlements;
				CODE_SIGN_IDENTITY = "iPhone Distribution: Ren Guanfei (9JMTNVWG46)";
				CODE_SIGN_STYLE = Manual;
				DEVELOPMENT_TEAM = 9JMTNVWG46;
				GCC_PREFIX_HEADER = "$(SRCROOT)/PocketFootballScore/Common/GF_PrefixHeader.pch";
				INFOPLIST_FILE = PocketFootballScore/Info.plist;
				LD_RUNPATH_SEARCH_PATHS = (
					"$(inherited)",
					"@executable_path/Frameworks",
				);
				LIBRARY_SEARCH_PATHS = (
					"$(inherited)",
					"$(PROJECT_DIR)/PocketFootballScore/Common/JPush",
				);
				MARKETING_VERSION = 1.0.1;
				PRODUCT_BUNDLE_IDENTIFIER = com.hgg.goodFootballScoring;
				PRODUCT_NAME = goodFootballScoring;
				PROVISIONING_PROFILE_SPECIFIER = dis_pro_goodFootBall_20191115;
				TARGETED_DEVICE_FAMILY = 1;
			};
			name = Debug;
		};
		AE8BB64B2362FADC00AD37E0 /* Release */ = {
			isa = XCBuildConfiguration;
			baseConfigurationReference = ED190BF350010FA8719F11FE /* Pods-PocketFootballScore.release.xcconfig */;
			buildSettings = {
				ASSETCATALOG_COMPILER_APPICON_NAME = AppIcon;
				ASSETCATALOG_COMPILER_LAUNCHIMAGE_NAME = LaunchImage;
				CODE_SIGN_ENTITLEMENTS = PocketFootballScore/PocketFootballScore.entitlements;
				CODE_SIGN_IDENTITY = "iPhone Distribution: Ren Guanfei (9JMTNVWG46)";
				CODE_SIGN_STYLE = Manual;
				DEVELOPMENT_TEAM = 9JMTNVWG46;
				GCC_PREFIX_HEADER = "$(SRCROOT)/PocketFootballScore/Common/GF_PrefixHeader.pch";
				INFOPLIST_FILE = PocketFootballScore/Info.plist;
				LD_RUNPATH_SEARCH_PATHS = (
					"$(inherited)",
					"@executable_path/Frameworks",
				);
				LIBRARY_SEARCH_PATHS = (
					"$(inherited)",
					"$(PROJECT_DIR)/PocketFootballScore/Common/JPush",
				);
				MARKETING_VERSION = 1.0.1;
				PRODUCT_BUNDLE_IDENTIFIER = com.hgg.goodFootballScoring;
				PRODUCT_NAME = goodFootballScoring;
				PROVISIONING_PROFILE_SPECIFIER = dis_pro_goodFootBall_20191115;
				TARGETED_DEVICE_FAMILY = 1;
			};
			name = Release;
		};
/* End XCBuildConfiguration section */

/* Begin XCConfigurationList section */
		AE8BB62B2362FAD800AD37E0 /* Build configuration list for PBXProject "PocketFootballScore" */ = {
			isa = XCConfigurationList;
			buildConfigurations = (
				AE8BB6472362FADC00AD37E0 /* Debug */,
				AE8BB6482362FADC00AD37E0 /* Release */,
			);
			defaultConfigurationIsVisible = 0;
			defaultConfigurationName = Release;
		};
		AE8BB6492362FADC00AD37E0 /* Build configuration list for PBXNativeTarget "PocketFootballScore" */ = {
			isa = XCConfigurationList;
			buildConfigurations = (
				AE8BB64A2362FADC00AD37E0 /* Debug */,
				AE8BB64B2362FADC00AD37E0 /* Release */,
			);
			defaultConfigurationIsVisible = 0;
			defaultConfigurationName = Release;
		};
/* End XCConfigurationList section */
	};
	rootObject = AE8BB6282362FAD800AD37E0 /* Project object */;
}
