// !$*UTF8*$!
{
	archiveVersion = 1;
	classes = {
	};
	objectVersion = 50;
	objects = {

/* Begin PBXBuildFile section */
		5B9CBED1B04C2AB9B35C0505 /* Pods______.framework in Frameworks */ = {isa = PBXBuildFile; fileRef = D38A7B1FA7BD238AC31A5317 /* Pods______.framework */; };
		726F53C72452EBA2006CFBE3 /* AppDelegate.m in Sources */ = {isa = PBXBuildFile; fileRef = 726F53C62452EBA2006CFBE3 /* AppDelegate.m */; };
		726F53CA2452EBA2006CFBE3 /* SceneDelegate.m in Sources */ = {isa = PBXBuildFile; fileRef = 726F53C92452EBA2006CFBE3 /* SceneDelegate.m */; };
		726F53CD2452EBA2006CFBE3 /* ViewController.m in Sources */ = {isa = PBXBuildFile; fileRef = 726F53CC2452EBA2006CFBE3 /* ViewController.m */; };
		726F53D02452EBA2006CFBE3 /* Main.storyboard in Resources */ = {isa = PBXBuildFile; fileRef = 726F53CE2452EBA2006CFBE3 /* Main.storyboard */; };
		726F53D22452EBA6006CFBE3 /* Assets.xcassets in Resources */ = {isa = PBXBuildFile; fileRef = 726F53D12452EBA6006CFBE3 /* Assets.xcassets */; };
		726F53D52452EBA6006CFBE3 /* LaunchScreen.storyboard in Resources */ = {isa = PBXBuildFile; fileRef = 726F53D32452EBA6006CFBE3 /* LaunchScreen.storyboard */; };
		726F53D82452EBA6006CFBE3 /* main.m in Sources */ = {isa = PBXBuildFile; fileRef = 726F53D72452EBA6006CFBE3 /* main.m */; };
/* End PBXBuildFile section */

/* Begin PBXFileReference section */
		726F53C22452EBA2006CFBE3 /* 你的靓衣柜.app */ = {isa = PBXFileReference; explicitFileType = wrapper.application; includeInIndex = 0; path = "你的靓衣柜.app"; sourceTree = BUILT_PRODUCTS_DIR; };
		726F53C52452EBA2006CFBE3 /* AppDelegate.h */ = {isa = PBXFileReference; lastKnownFileType = sourcecode.c.h; path = AppDelegate.h; sourceTree = "<group>"; };
		726F53C62452EBA2006CFBE3 /* AppDelegate.m */ = {isa = PBXFileReference; lastKnownFileType = sourcecode.c.objc; path = AppDelegate.m; sourceTree = "<group>"; };
		726F53C82452EBA2006CFBE3 /* SceneDelegate.h */ = {isa = PBXFileReference; lastKnownFileType = sourcecode.c.h; path = SceneDelegate.h; sourceTree = "<group>"; };
		726F53C92452EBA2006CFBE3 /* SceneDelegate.m */ = {isa = PBXFileReference; lastKnownFileType = sourcecode.c.objc; path = SceneDelegate.m; sourceTree = "<group>"; };
		726F53CB2452EBA2006CFBE3 /* ViewController.h */ = {isa = PBXFileReference; lastKnownFileType = sourcecode.c.h; path = ViewController.h; sourceTree = "<group>"; };
		726F53CC2452EBA2006CFBE3 /* ViewController.m */ = {isa = PBXFileReference; lastKnownFileType = sourcecode.c.objc; path = ViewController.m; sourceTree = "<group>"; };
		726F53CF2452EBA2006CFBE3 /* Base */ = {isa = PBXFileReference; lastKnownFileType = file.storyboard; name = Base; path = Base.lproj/Main.storyboard; sourceTree = "<group>"; };
		726F53D12452EBA6006CFBE3 /* Assets.xcassets */ = {isa = PBXFileReference; lastKnownFileType = folder.assetcatalog; path = Assets.xcassets; sourceTree = "<group>"; };
		726F53D42452EBA6006CFBE3 /* Base */ = {isa = PBXFileReference; lastKnownFileType = file.storyboard; name = Base; path = Base.lproj/LaunchScreen.storyboard; sourceTree = "<group>"; };
		726F53D62452EBA6006CFBE3 /* Info.plist */ = {isa = PBXFileReference; lastKnownFileType = text.plist.xml; path = Info.plist; sourceTree = "<group>"; };
		726F53D72452EBA6006CFBE3 /* main.m */ = {isa = PBXFileReference; lastKnownFileType = sourcecode.c.objc; path = main.m; sourceTree = "<group>"; };
		D38A7B1FA7BD238AC31A5317 /* Pods______.framework */ = {isa = PBXFileReference; explicitFileType = wrapper.framework; includeInIndex = 0; path = Pods______.framework; sourceTree = BUILT_PRODUCTS_DIR; };
		DEC46ADF18665B1917E02377 /* Pods-你的靓衣柜.release.xcconfig */ = {isa = PBXFileReference; includeInIndex = 1; lastKnownFileType = text.xcconfig; name = "Pods-你的靓衣柜.release.xcconfig"; path = "Target Support Files/Pods-你的靓衣柜/Pods-你的靓衣柜.release.xcconfig"; sourceTree = "<group>"; };
		F0BF6A1C934F098B918852D0 /* Pods-你的靓衣柜.debug.xcconfig */ = {isa = PBXFileReference; includeInIndex = 1; lastKnownFileType = text.xcconfig; name = "Pods-你的靓衣柜.debug.xcconfig"; path = "Target Support Files/Pods-你的靓衣柜/Pods-你的靓衣柜.debug.xcconfig"; sourceTree = "<group>"; };
/* End PBXFileReference section */

/* Begin PBXFrameworksBuildPhase section */
		726F53BF2452EBA2006CFBE3 /* Frameworks */ = {
			isa = PBXFrameworksBuildPhase;
			buildActionMask = 2147483647;
			files = (
				5B9CBED1B04C2AB9B35C0505 /* Pods______.framework in Frameworks */,
			);
			runOnlyForDeploymentPostprocessing = 0;
		};
/* End PBXFrameworksBuildPhase section */

/* Begin PBXGroup section */
		2BE93E792AF9FA0F5DFE2B4E /* Pods */ = {
			isa = PBXGroup;
			children = (
				F0BF6A1C934F098B918852D0 /* Pods-你的靓衣柜.debug.xcconfig */,
				DEC46ADF18665B1917E02377 /* Pods-你的靓衣柜.release.xcconfig */,
			);
			name = Pods;
			path = Pods;
			sourceTree = "<group>";
		};
		726F53B92452EBA2006CFBE3 = {
			isa = PBXGroup;
			children = (
				726F53C42452EBA2006CFBE3 /* 你的靓衣柜 */,
				726F53C32452EBA2006CFBE3 /* Products */,
				2BE93E792AF9FA0F5DFE2B4E /* Pods */,
				BE1DF6B815972217D59455DB /* Frameworks */,
			);
			sourceTree = "<group>";
		};
		726F53C32452EBA2006CFBE3 /* Products */ = {
			isa = PBXGroup;
			children = (
				726F53C22452EBA2006CFBE3 /* 你的靓衣柜.app */,
			);
			name = Products;
			sourceTree = "<group>";
		};
		726F53C42452EBA2006CFBE3 /* 你的靓衣柜 */ = {
			isa = PBXGroup;
			children = (
				726F53C52452EBA2006CFBE3 /* AppDelegate.h */,
				726F53C62452EBA2006CFBE3 /* AppDelegate.m */,
				726F53C82452EBA2006CFBE3 /* SceneDelegate.h */,
				726F53C92452EBA2006CFBE3 /* SceneDelegate.m */,
				726F53CB2452EBA2006CFBE3 /* ViewController.h */,
				726F53CC2452EBA2006CFBE3 /* ViewController.m */,
				726F53CE2452EBA2006CFBE3 /* Main.storyboard */,
				726F53D12452EBA6006CFBE3 /* Assets.xcassets */,
				726F53D32452EBA6006CFBE3 /* LaunchScreen.storyboard */,
				726F53D62452EBA6006CFBE3 /* Info.plist */,
				726F53D72452EBA6006CFBE3 /* main.m */,
			);
			path = "你的靓衣柜";
			sourceTree = "<group>";
		};
		BE1DF6B815972217D59455DB /* Frameworks */ = {
			isa = PBXGroup;
			children = (
				D38A7B1FA7BD238AC31A5317 /* Pods______.framework */,
			);
			name = Frameworks;
			sourceTree = "<group>";
		};
/* End PBXGroup section */

/* Begin PBXNativeTarget section */
		726F53C12452EBA2006CFBE3 /* 你的靓衣柜 */ = {
			isa = PBXNativeTarget;
			buildConfigurationList = 726F53DB2452EBA6006CFBE3 /* Build configuration list for PBXNativeTarget "你的靓衣柜" */;
			buildPhases = (
				5A4C1082039F4035F3C2B9F5 /* [CP] Check Pods Manifest.lock */,
				726F53BE2452EBA2006CFBE3 /* Sources */,
				726F53BF2452EBA2006CFBE3 /* Frameworks */,
				726F53C02452EBA2006CFBE3 /* Resources */,
				2B98F7019B23D366DFA37E07 /* [CP] Embed Pods Frameworks */,
			);
			buildRules = (
			);
			dependencies = (
			);
			name = "你的靓衣柜";
			productName = "你的靓衣柜";
			productReference = 726F53C22452EBA2006CFBE3 /* 你的靓衣柜.app */;
			productType = "com.apple.product-type.application";
		};
/* End PBXNativeTarget section */

/* Begin PBXProject section */
		726F53BA2452EBA2006CFBE3 /* Project object */ = {
			isa = PBXProject;
			attributes = {
				LastUpgradeCheck = 1130;
				ORGANIZATIONNAME = hb;
				TargetAttributes = {
					726F53C12452EBA2006CFBE3 = {
						CreatedOnToolsVersion = 11.3;
					};
				};
			};
			buildConfigurationList = 726F53BD2452EBA2006CFBE3 /* Build configuration list for PBXProject "你的靓衣柜" */;
			compatibilityVersion = "Xcode 9.3";
			developmentRegion = en;
			hasScannedForEncodings = 0;
			knownRegions = (
				en,
				Base,
			);
			mainGroup = 726F53B92452EBA2006CFBE3;
			productRefGroup = 726F53C32452EBA2006CFBE3 /* Products */;
			projectDirPath = "";
			projectRoot = "";
			targets = (
				726F53C12452EBA2006CFBE3 /* 你的靓衣柜 */,
			);
		};
/* End PBXProject section */

/* Begin PBXResourcesBuildPhase section */
		726F53C02452EBA2006CFBE3 /* Resources */ = {
			isa = PBXResourcesBuildPhase;
			buildActionMask = 2147483647;
			files = (
				726F53D52452EBA6006CFBE3 /* LaunchScreen.storyboard in Resources */,
				726F53D22452EBA6006CFBE3 /* Assets.xcassets in Resources */,
				726F53D02452EBA2006CFBE3 /* Main.storyboard in Resources */,
			);
			runOnlyForDeploymentPostprocessing = 0;
		};
/* End PBXResourcesBuildPhase section */

/* Begin PBXShellScriptBuildPhase section */
		2B98F7019B23D366DFA37E07 /* [CP] Embed Pods Frameworks */ = {
			isa = PBXShellScriptBuildPhase;
			buildActionMask = 2147483647;
			files = (
			);
			inputFileListPaths = (
				"${PODS_ROOT}/Target Support Files/Pods-你的靓衣柜/Pods-你的靓衣柜-frameworks-${CONFIGURATION}-input-files.xcfilelist",
			);
			name = "[CP] Embed Pods Frameworks";
			outputFileListPaths = (
				"${PODS_ROOT}/Target Support Files/Pods-你的靓衣柜/Pods-你的靓衣柜-frameworks-${CONFIGURATION}-output-files.xcfilelist",
			);
			runOnlyForDeploymentPostprocessing = 0;
			shellPath = /bin/sh;
			shellScript = "\"${PODS_ROOT}/Target Support Files/Pods-你的靓衣柜/Pods-你的靓衣柜-frameworks.sh\"\n";
			showEnvVarsInLog = 0;
		};
		5A4C1082039F4035F3C2B9F5 /* [CP] Check Pods Manifest.lock */ = {
			isa = PBXShellScriptBuildPhase;
			buildActionMask = 2147483647;
			files = (
			);
			inputFileListPaths = (
			);
			inputPaths = (
				"${PODS_PODFILE_DIR_PATH}/Podfile.lock",
				"${PODS_ROOT}/Manifest.lock",
			);
			name = "[CP] Check Pods Manifest.lock";
			outputFileListPaths = (
			);
			outputPaths = (
				"$(DERIVED_FILE_DIR)/Pods-你的靓衣柜-checkManifestLockResult.txt",
			);
			runOnlyForDeploymentPostprocessing = 0;
			shellPath = /bin/sh;
			shellScript = "diff \"${PODS_PODFILE_DIR_PATH}/Podfile.lock\" \"${PODS_ROOT}/Manifest.lock\" > /dev/null\nif [ $? != 0 ] ; then\n    # print error to STDERR\n    echo \"error: The sandbox is not in sync with the Podfile.lock. Run 'pod install' or update your CocoaPods installation.\" >&2\n    exit 1\nfi\n# This output is used by Xcode 'outputs' to avoid re-running this script phase.\necho \"SUCCESS\" > \"${SCRIPT_OUTPUT_FILE_0}\"\n";
			showEnvVarsInLog = 0;
		};
/* End PBXShellScriptBuildPhase section */

/* Begin PBXSourcesBuildPhase section */
		726F53BE2452EBA2006CFBE3 /* Sources */ = {
			isa = PBXSourcesBuildPhase;
			buildActionMask = 2147483647;
			files = (
				726F53CD2452EBA2006CFBE3 /* ViewController.m in Sources */,
				726F53C72452EBA2006CFBE3 /* AppDelegate.m in Sources */,
				726F53D82452EBA6006CFBE3 /* main.m in Sources */,
				726F53CA2452EBA2006CFBE3 /* SceneDelegate.m in Sources */,
			);
			runOnlyForDeploymentPostprocessing = 0;
		};
/* End PBXSourcesBuildPhase section */

/* Begin PBXVariantGroup section */
		726F53CE2452EBA2006CFBE3 /* Main.storyboard */ = {
			isa = PBXVariantGroup;
			children = (
				726F53CF2452EBA2006CFBE3 /* Base */,
			);
			name = Main.storyboard;
			sourceTree = "<group>";
		};
		726F53D32452EBA6006CFBE3 /* LaunchScreen.storyboard */ = {
			isa = PBXVariantGroup;
			children = (
				726F53D42452EBA6006CFBE3 /* Base */,
			);
			name = LaunchScreen.storyboard;
			sourceTree = "<group>";
		};
/* End PBXVariantGroup section */

/* Begin XCBuildConfiguration section */
		726F53D92452EBA6006CFBE3 /* Debug */ = {
			isa = XCBuildConfiguration;
			buildSettings = {
				ALWAYS_SEARCH_USER_PATHS = NO;
				CLANG_ANALYZER_NONNULL = YES;
				CLANG_ANALYZER_NUMBER_OBJECT_CONVERSION = YES_AGGRESSIVE;
				CLANG_CXX_LANGUAGE_STANDARD = "gnu++14";
				CLANG_CXX_LIBRARY = "libc++";
				CLANG_ENABLE_MODULES = YES;
				CLANG_ENABLE_OBJC_ARC = YES;
				CLANG_ENABLE_OBJC_WEAK = YES;
				CLANG_WARN_BLOCK_CAPTURE_AUTORELEASING = YES;
				CLANG_WARN_BOOL_CONVERSION = YES;
				CLANG_WARN_COMMA = YES;
				CLANG_WARN_CONSTANT_CONVERSION = YES;
				CLANG_WARN_DEPRECATED_OBJC_IMPLEMENTATIONS = YES;
				CLANG_WARN_DIRECT_OBJC_ISA_USAGE = YES_ERROR;
				CLANG_WARN_DOCUMENTATION_COMMENTS = YES;
				CLANG_WARN_EMPTY_BODY = YES;
				CLANG_WARN_ENUM_CONVERSION = YES;
				CLANG_WARN_INFINITE_RECURSION = YES;
				CLANG_WARN_INT_CONVERSION = YES;
				CLANG_WARN_NON_LITERAL_NULL_CONVERSION = YES;
				CLANG_WARN_OBJC_IMPLICIT_RETAIN_SELF = YES;
				CLANG_WARN_OBJC_LITERAL_CONVERSION = YES;
				CLANG_WARN_OBJC_ROOT_CLASS = YES_ERROR;
				CLANG_WARN_RANGE_LOOP_ANALYSIS = YES;
				CLANG_WARN_STRICT_PROTOTYPES = YES;
				CLANG_WARN_SUSPICIOUS_MOVE = YES;
				CLANG_WARN_UNGUARDED_AVAILABILITY = YES_AGGRESSIVE;
				CLANG_WARN_UNREACHABLE_CODE = YES;
				CLANG_WARN__DUPLICATE_METHOD_MATCH = YES;
				COPY_PHASE_STRIP = NO;
				DEBUG_INFORMATION_FORMAT = dwarf;
				ENABLE_STRICT_OBJC_MSGSEND = YES;
				ENABLE_TESTABILITY = YES;
				GCC_C_LANGUAGE_STANDARD = gnu11;
				GCC_DYNAMIC_NO_PIC = NO;
				GCC_NO_COMMON_BLOCKS = YES;
				GCC_OPTIMIZATION_LEVEL = 0;
				GCC_PREPROCESSOR_DEFINITIONS = (
					"DEBUG=1",
					"$(inherited)",
				);
				GCC_WARN_64_TO_32_BIT_CONVERSION = YES;
				GCC_WARN_ABOUT_RETURN_TYPE = YES_ERROR;
				GCC_WARN_UNDECLARED_SELECTOR = YES;
				GCC_WARN_UNINITIALIZED_AUTOS = YES_AGGRESSIVE;
				GCC_WARN_UNUSED_FUNCTION = YES;
				GCC_WARN_UNUSED_VARIABLE = YES;
				IPHONEOS_DEPLOYMENT_TARGET = 13.2;
				MTL_ENABLE_DEBUG_INFO = INCLUDE_SOURCE;
				MTL_FAST_MATH = YES;
				ONLY_ACTIVE_ARCH = YES;
				SDKROOT = iphoneos;
			};
			name = Debug;
		};
		726F53DA2452EBA6006CFBE3 /* Release */ = {
			isa = XCBuildConfiguration;
			buildSettings = {
				ALWAYS_SEARCH_USER_PATHS = NO;
				CLANG_ANALYZER_NONNULL = YES;
				CLANG_ANALYZER_NUMBER_OBJECT_CONVERSION = YES_AGGRESSIVE;
				CLANG_CXX_LANGUAGE_STANDARD = "gnu++14";
				CLANG_CXX_LIBRARY = "libc++";
				CLANG_ENABLE_MODULES = YES;
				CLANG_ENABLE_OBJC_ARC = YES;
				CLANG_ENABLE_OBJC_WEAK = YES;
				CLANG_WARN_BLOCK_CAPTURE_AUTORELEASING = YES;
				CLANG_WARN_BOOL_CONVERSION = YES;
				CLANG_WARN_COMMA = YES;
				CLANG_WARN_CONSTANT_CONVERSION = YES;
				CLANG_WARN_DEPRECATED_OBJC_IMPLEMENTATIONS = YES;
				CLANG_WARN_DIRECT_OBJC_ISA_USAGE = YES_ERROR;
				CLANG_WARN_DOCUMENTATION_COMMENTS = YES;
				CLANG_WARN_EMPTY_BODY = YES;
				CLANG_WARN_ENUM_CONVERSION = YES;
				CLANG_WARN_INFINITE_RECURSION = YES;
				CLANG_WARN_INT_CONVERSION = YES;
				CLANG_WARN_NON_LITERAL_NULL_CONVERSION = YES;
				CLANG_WARN_OBJC_IMPLICIT_RETAIN_SELF = YES;
				CLANG_WARN_OBJC_LITERAL_CONVERSION = YES;
				CLANG_WARN_OBJC_ROOT_CLASS = YES_ERROR;
				CLANG_WARN_RANGE_LOOP_ANALYSIS = YES;
				CLANG_WARN_STRICT_PROTOTYPES = YES;
				CLANG_WARN_SUSPICIOUS_MOVE = YES;
				CLANG_WARN_UNGUARDED_AVAILABILITY = YES_AGGRESSIVE;
				CLANG_WARN_UNREACHABLE_CODE = YES;
				CLANG_WARN__DUPLICATE_METHOD_MATCH = YES;
				COPY_PHASE_STRIP = NO;
				DEBUG_INFORMATION_FORMAT = "dwarf-with-dsym";
				ENABLE_NS_ASSERTIONS = NO;
				ENABLE_STRICT_OBJC_MSGSEND = YES;
				GCC_C_LANGUAGE_STANDARD = gnu11;
				GCC_NO_COMMON_BLOCKS = YES;
				GCC_WARN_64_TO_32_BIT_CONVERSION = YES;
				GCC_WARN_ABOUT_RETURN_TYPE = YES_ERROR;
				GCC_WARN_UNDECLARED_SELECTOR = YES;
				GCC_WARN_UNINITIALIZED_AUTOS = YES_AGGRESSIVE;
				GCC_WARN_UNUSED_FUNCTION = YES;
				GCC_WARN_UNUSED_VARIABLE = YES;
				IPHONEOS_DEPLOYMENT_TARGET = 13.2;
				MTL_ENABLE_DEBUG_INFO = NO;
				MTL_FAST_MATH = YES;
				SDKROOT = iphoneos;
				VALIDATE_PRODUCT = YES;
			};
			name = Release;
		};
		726F53DC2452EBA6006CFBE3 /* Debug */ = {
			isa = XCBuildConfiguration;
			baseConfigurationReference = F0BF6A1C934F098B918852D0 /* Pods-你的靓衣柜.debug.xcconfig */;
			buildSettings = {
				ASSETCATALOG_COMPILER_APPICON_NAME = AppIcon;
				CODE_SIGN_STYLE = Automatic;
				INFOPLIST_FILE = "你的靓衣柜/Info.plist";
				LD_RUNPATH_SEARCH_PATHS = (
					"$(inherited)",
					"@executable_path/Frameworks",
				);
				PRODUCT_BUNDLE_IDENTIFIER = "com.windy.yourWardrobe.-----";
				PRODUCT_NAME = "$(TARGET_NAME)";
				TARGETED_DEVICE_FAMILY = "1,2";
			};
			name = Debug;
		};
		726F53DD2452EBA6006CFBE3 /* Release */ = {
			isa = XCBuildConfiguration;
			baseConfigurationReference = DEC46ADF18665B1917E02377 /* Pods-你的靓衣柜.release.xcconfig */;
			buildSettings = {
				ASSETCATALOG_COMPILER_APPICON_NAME = AppIcon;
				CODE_SIGN_STYLE = Automatic;
				INFOPLIST_FILE = "你的靓衣柜/Info.plist";
				LD_RUNPATH_SEARCH_PATHS = (
					"$(inherited)",
					"@executable_path/Frameworks",
				);
				PRODUCT_BUNDLE_IDENTIFIER = "com.windy.yourWardrobe.-----";
				PRODUCT_NAME = "$(TARGET_NAME)";
				TARGETED_DEVICE_FAMILY = "1,2";
			};
			name = Release;
		};
/* End XCBuildConfiguration section */

/* Begin XCConfigurationList section */
		726F53BD2452EBA2006CFBE3 /* Build configuration list for PBXProject "你的靓衣柜" */ = {
			isa = XCConfigurationList;
			buildConfigurations = (
				726F53D92452EBA6006CFBE3 /* Debug */,
				726F53DA2452EBA6006CFBE3 /* Release */,
			);
			defaultConfigurationIsVisible = 0;
			defaultConfigurationName = Release;
		};
		726F53DB2452EBA6006CFBE3 /* Build configuration list for PBXNativeTarget "你的靓衣柜" */ = {
			isa = XCConfigurationList;
			buildConfigurations = (
				726F53DC2452EBA6006CFBE3 /* Debug */,
				726F53DD2452EBA6006CFBE3 /* Release */,
			);
			defaultConfigurationIsVisible = 0;
			defaultConfigurationName = Release;
		};
/* End XCConfigurationList section */
	};
	rootObject = 726F53BA2452EBA2006CFBE3 /* Project object */;
}
