// !$*UTF8*$!
{
	archiveVersion = 1;
	classes = {
	};
	objectVersion = 51;
	objects = {

/* Begin PBXBuildFile section */
		45ED2FAD70E58187AF31B5F1 /* Pods_magicPicsew.framework in Frameworks */ = {isa = PBXBuildFile; fileRef = B5FA54DEC02F5AE762CE3685 /* Pods_magicPicsew.framework */; };
		9D5AFEA7254A51F0000EC16D /* AppDelegate.m in Sources */ = {isa = PBXBuildFile; fileRef = 9D5AFEA6254A51F0000EC16D /* AppDelegate.m */; };
		9D5AFEB2254A51F0000EC16D /* Assets.xcassets in Resources */ = {isa = PBXBuildFile; fileRef = 9D5AFEB1254A51F0000EC16D /* Assets.xcassets */; };
		9D5AFEB5254A51F0000EC16D /* LaunchScreen.storyboard in Resources */ = {isa = PBXBuildFile; fileRef = 9D5AFEB3254A51F0000EC16D /* LaunchScreen.storyboard */; };
		9D5AFEB8254A51F0000EC16D /* main.m in Sources */ = {isa = PBXBuildFile; fileRef = 9D5AFEB7254A51F0000EC16D /* main.m */; };
		9D5D37A9254BAC65008F0839 /* NSArray+log.m in Sources */ = {isa = PBXBuildFile; fileRef = 9D5D37A6254BAC65008F0839 /* NSArray+log.m */; };
		9D5D37AA254BAC65008F0839 /* NSDictionary+log.m in Sources */ = {isa = PBXBuildFile; fileRef = 9D5D37A8254BAC65008F0839 /* NSDictionary+log.m */; };
		9D5D37B3254BAD5C008F0839 /* MBProgressHUD+MP.m in Sources */ = {isa = PBXBuildFile; fileRef = 9D5D37B2254BAD5C008F0839 /* MBProgressHUD+MP.m */; };
		9D5D37C1254BB36B008F0839 /* MPBaseViewController.m in Sources */ = {isa = PBXBuildFile; fileRef = 9D5D37C0254BB36B008F0839 /* MPBaseViewController.m */; };
		9D62D9B72575D160008BD38D /* MPRecentProjectsView.m in Sources */ = {isa = PBXBuildFile; fileRef = 9D62D9B62575D160008BD38D /* MPRecentProjectsView.m */; };
		9D62D9BB2575DA2A008BD38D /* MPRecentProjectsTableViewCell.m in Sources */ = {isa = PBXBuildFile; fileRef = 9D62D9BA2575DA2A008BD38D /* MPRecentProjectsTableViewCell.m */; };
		9D64355725622AE7004CBBB3 /* MPSetViewController.m in Sources */ = {isa = PBXBuildFile; fileRef = 9D64355425622AE7004CBBB3 /* MPSetViewController.m */; };
		9D64355E25622AF5004CBBB3 /* MPMainViewController.m in Sources */ = {isa = PBXBuildFile; fileRef = 9D64355A25622AF5004CBBB3 /* MPMainViewController.m */; };
		9D64356225622B25004CBBB3 /* MPSetTableViewCell.m in Sources */ = {isa = PBXBuildFile; fileRef = 9D64356125622B25004CBBB3 /* MPSetTableViewCell.m */; };
		9D64356725624CD1004CBBB3 /* MPSetModel.m in Sources */ = {isa = PBXBuildFile; fileRef = 9D64356625624CD1004CBBB3 /* MPSetModel.m */; };
		9D64356B25627836004CBBB3 /* MPSetHeaderView.m in Sources */ = {isa = PBXBuildFile; fileRef = 9D64356A25627836004CBBB3 /* MPSetHeaderView.m */; };
		9D8EFD2E257F19D600A8074C /* MPRecentProjectsModel.m in Sources */ = {isa = PBXBuildFile; fileRef = 9D8EFD2D257F19D600A8074C /* MPRecentProjectsModel.m */; };
/* End PBXBuildFile section */

/* Begin PBXFileReference section */
		7DC3132A8524173470A4AB36 /* Pods-magicPicsew.release.xcconfig */ = {isa = PBXFileReference; includeInIndex = 1; lastKnownFileType = text.xcconfig; name = "Pods-magicPicsew.release.xcconfig"; path = "Target Support Files/Pods-magicPicsew/Pods-magicPicsew.release.xcconfig"; sourceTree = "<group>"; };
		96FD22351DFBB41585E1DFF3 /* Pods-magicPicsew.debug.xcconfig */ = {isa = PBXFileReference; includeInIndex = 1; lastKnownFileType = text.xcconfig; name = "Pods-magicPicsew.debug.xcconfig"; path = "Target Support Files/Pods-magicPicsew/Pods-magicPicsew.debug.xcconfig"; sourceTree = "<group>"; };
		9D5AFEA2254A51F0000EC16D /* magicPicsew.app */ = {isa = PBXFileReference; explicitFileType = wrapper.application; includeInIndex = 0; path = magicPicsew.app; sourceTree = BUILT_PRODUCTS_DIR; };
		9D5AFEA5254A51F0000EC16D /* AppDelegate.h */ = {isa = PBXFileReference; lastKnownFileType = sourcecode.c.h; path = AppDelegate.h; sourceTree = "<group>"; };
		9D5AFEA6254A51F0000EC16D /* AppDelegate.m */ = {isa = PBXFileReference; lastKnownFileType = sourcecode.c.objc; path = AppDelegate.m; sourceTree = "<group>"; };
		9D5AFEB1254A51F0000EC16D /* Assets.xcassets */ = {isa = PBXFileReference; lastKnownFileType = folder.assetcatalog; path = Assets.xcassets; sourceTree = "<group>"; };
		9D5AFEB4254A51F0000EC16D /* Base */ = {isa = PBXFileReference; lastKnownFileType = file.storyboard; name = Base; path = Base.lproj/LaunchScreen.storyboard; sourceTree = "<group>"; };
		9D5AFEB6254A51F0000EC16D /* Info.plist */ = {isa = PBXFileReference; lastKnownFileType = text.plist.xml; path = Info.plist; sourceTree = "<group>"; };
		9D5AFEB7254A51F0000EC16D /* main.m */ = {isa = PBXFileReference; lastKnownFileType = sourcecode.c.objc; path = main.m; sourceTree = "<group>"; };
		9D5AFECE254A5FD0000EC16D /* MPGlobal.h */ = {isa = PBXFileReference; lastKnownFileType = sourcecode.c.h; path = MPGlobal.h; sourceTree = "<group>"; };
		9D5D378D254BA9AD008F0839 /* MP_PrefixHeader.pch */ = {isa = PBXFileReference; lastKnownFileType = sourcecode.c.h; path = MP_PrefixHeader.pch; sourceTree = "<group>"; };
		9D5D37A5254BAC65008F0839 /* NSDictionary+log.h */ = {isa = PBXFileReference; fileEncoding = 4; lastKnownFileType = sourcecode.c.h; path = "NSDictionary+log.h"; sourceTree = "<group>"; };
		9D5D37A6254BAC65008F0839 /* NSArray+log.m */ = {isa = PBXFileReference; fileEncoding = 4; lastKnownFileType = sourcecode.c.objc; path = "NSArray+log.m"; sourceTree = "<group>"; };
		9D5D37A7254BAC65008F0839 /* NSArray+log.h */ = {isa = PBXFileReference; fileEncoding = 4; lastKnownFileType = sourcecode.c.h; path = "NSArray+log.h"; sourceTree = "<group>"; };
		9D5D37A8254BAC65008F0839 /* NSDictionary+log.m */ = {isa = PBXFileReference; fileEncoding = 4; lastKnownFileType = sourcecode.c.objc; path = "NSDictionary+log.m"; sourceTree = "<group>"; };
		9D5D37B1254BAD5C008F0839 /* MBProgressHUD+MP.h */ = {isa = PBXFileReference; fileEncoding = 4; lastKnownFileType = sourcecode.c.h; path = "MBProgressHUD+MP.h"; sourceTree = "<group>"; };
		9D5D37B2254BAD5C008F0839 /* MBProgressHUD+MP.m */ = {isa = PBXFileReference; fileEncoding = 4; lastKnownFileType = sourcecode.c.objc; path = "MBProgressHUD+MP.m"; sourceTree = "<group>"; };
		9D5D37BF254BB36B008F0839 /* MPBaseViewController.h */ = {isa = PBXFileReference; lastKnownFileType = sourcecode.c.h; path = MPBaseViewController.h; sourceTree = "<group>"; };
		9D5D37C0254BB36B008F0839 /* MPBaseViewController.m */ = {isa = PBXFileReference; lastKnownFileType = sourcecode.c.objc; path = MPBaseViewController.m; sourceTree = "<group>"; };
		9D62D9B52575D160008BD38D /* MPRecentProjectsView.h */ = {isa = PBXFileReference; lastKnownFileType = sourcecode.c.h; path = MPRecentProjectsView.h; sourceTree = "<group>"; };
		9D62D9B62575D160008BD38D /* MPRecentProjectsView.m */ = {isa = PBXFileReference; lastKnownFileType = sourcecode.c.objc; path = MPRecentProjectsView.m; sourceTree = "<group>"; };
		9D62D9B92575DA2A008BD38D /* MPRecentProjectsTableViewCell.h */ = {isa = PBXFileReference; lastKnownFileType = sourcecode.c.h; path = MPRecentProjectsTableViewCell.h; sourceTree = "<group>"; };
		9D62D9BA2575DA2A008BD38D /* MPRecentProjectsTableViewCell.m */ = {isa = PBXFileReference; lastKnownFileType = sourcecode.c.objc; path = MPRecentProjectsTableViewCell.m; sourceTree = "<group>"; };
		9D64355425622AE7004CBBB3 /* MPSetViewController.m */ = {isa = PBXFileReference; fileEncoding = 4; lastKnownFileType = sourcecode.c.objc; path = MPSetViewController.m; sourceTree = "<group>"; };
		9D64355525622AE7004CBBB3 /* MPSetViewController.h */ = {isa = PBXFileReference; fileEncoding = 4; lastKnownFileType = sourcecode.c.h; path = MPSetViewController.h; sourceTree = "<group>"; };
		9D64355A25622AF5004CBBB3 /* MPMainViewController.m */ = {isa = PBXFileReference; fileEncoding = 4; lastKnownFileType = sourcecode.c.objc; path = MPMainViewController.m; sourceTree = "<group>"; };
		9D64355B25622AF5004CBBB3 /* MPMainViewController.h */ = {isa = PBXFileReference; fileEncoding = 4; lastKnownFileType = sourcecode.c.h; path = MPMainViewController.h; sourceTree = "<group>"; };
		9D64356025622B25004CBBB3 /* MPSetTableViewCell.h */ = {isa = PBXFileReference; lastKnownFileType = sourcecode.c.h; path = MPSetTableViewCell.h; sourceTree = "<group>"; };
		9D64356125622B25004CBBB3 /* MPSetTableViewCell.m */ = {isa = PBXFileReference; lastKnownFileType = sourcecode.c.objc; path = MPSetTableViewCell.m; sourceTree = "<group>"; };
		9D64356525624CD1004CBBB3 /* MPSetModel.h */ = {isa = PBXFileReference; lastKnownFileType = sourcecode.c.h; path = MPSetModel.h; sourceTree = "<group>"; };
		9D64356625624CD1004CBBB3 /* MPSetModel.m */ = {isa = PBXFileReference; lastKnownFileType = sourcecode.c.objc; path = MPSetModel.m; sourceTree = "<group>"; };
		9D64356925627836004CBBB3 /* MPSetHeaderView.h */ = {isa = PBXFileReference; lastKnownFileType = sourcecode.c.h; path = MPSetHeaderView.h; sourceTree = "<group>"; };
		9D64356A25627836004CBBB3 /* MPSetHeaderView.m */ = {isa = PBXFileReference; lastKnownFileType = sourcecode.c.objc; path = MPSetHeaderView.m; sourceTree = "<group>"; };
		9D8EFD2C257F19D600A8074C /* MPRecentProjectsModel.h */ = {isa = PBXFileReference; lastKnownFileType = sourcecode.c.h; path = MPRecentProjectsModel.h; sourceTree = "<group>"; };
		9D8EFD2D257F19D600A8074C /* MPRecentProjectsModel.m */ = {isa = PBXFileReference; lastKnownFileType = sourcecode.c.objc; path = MPRecentProjectsModel.m; sourceTree = "<group>"; };
		B5FA54DEC02F5AE762CE3685 /* Pods_magicPicsew.framework */ = {isa = PBXFileReference; explicitFileType = wrapper.framework; includeInIndex = 0; path = Pods_magicPicsew.framework; sourceTree = BUILT_PRODUCTS_DIR; };
/* End PBXFileReference section */

/* Begin PBXFrameworksBuildPhase section */
		9D5AFE9F254A51F0000EC16D /* Frameworks */ = {
			isa = PBXFrameworksBuildPhase;
			buildActionMask = 2147483647;
			files = (
				45ED2FAD70E58187AF31B5F1 /* Pods_magicPicsew.framework in Frameworks */,
			);
			runOnlyForDeploymentPostprocessing = 0;
		};
/* End PBXFrameworksBuildPhase section */

/* Begin PBXGroup section */
		2119BBC8103D1CF697721EB3 /* Frameworks */ = {
			isa = PBXGroup;
			children = (
				B5FA54DEC02F5AE762CE3685 /* Pods_magicPicsew.framework */,
			);
			name = Frameworks;
			sourceTree = "<group>";
		};
		9D5AFE99254A51F0000EC16D = {
			isa = PBXGroup;
			children = (
				9D5AFEA4254A51F0000EC16D /* magicPicsew */,
				9D5AFEA3254A51F0000EC16D /* Products */,
				B7333658EABA1B59445C3D35 /* Pods */,
				2119BBC8103D1CF697721EB3 /* Frameworks */,
			);
			sourceTree = "<group>";
		};
		9D5AFEA3254A51F0000EC16D /* Products */ = {
			isa = PBXGroup;
			children = (
				9D5AFEA2254A51F0000EC16D /* magicPicsew.app */,
			);
			name = Products;
			sourceTree = "<group>";
		};
		9D5AFEA4254A51F0000EC16D /* magicPicsew */ = {
			isa = PBXGroup;
			children = (
				9D5AFECC254A5F51000EC16D /* MPCommon */,
				9D5D37CA254BB7BD008F0839 /* MPSet */,
				9D5D37C9254BB7B2008F0839 /* MPMain */,
				9D5AFEA5254A51F0000EC16D /* AppDelegate.h */,
				9D5AFEA6254A51F0000EC16D /* AppDelegate.m */,
				9D5AFEB1254A51F0000EC16D /* Assets.xcassets */,
				9D5AFEB3254A51F0000EC16D /* LaunchScreen.storyboard */,
				9D5AFEB6254A51F0000EC16D /* Info.plist */,
				9D5AFEB7254A51F0000EC16D /* main.m */,
			);
			path = magicPicsew;
			sourceTree = "<group>";
		};
		9D5AFECC254A5F51000EC16D /* MPCommon */ = {
			isa = PBXGroup;
			children = (
				9D5D378D254BA9AD008F0839 /* MP_PrefixHeader.pch */,
				9D5AFECE254A5FD0000EC16D /* MPGlobal.h */,
				9D5D37A7254BAC65008F0839 /* NSArray+log.h */,
				9D5D37A6254BAC65008F0839 /* NSArray+log.m */,
				9D5D37A5254BAC65008F0839 /* NSDictionary+log.h */,
				9D5D37A8254BAC65008F0839 /* NSDictionary+log.m */,
				9D5D37B1254BAD5C008F0839 /* MBProgressHUD+MP.h */,
				9D5D37B2254BAD5C008F0839 /* MBProgressHUD+MP.m */,
				9D5D37BF254BB36B008F0839 /* MPBaseViewController.h */,
				9D5D37C0254BB36B008F0839 /* MPBaseViewController.m */,
			);
			path = MPCommon;
			sourceTree = "<group>";
		};
		9D5D37C9254BB7B2008F0839 /* MPMain */ = {
			isa = PBXGroup;
			children = (
				9D64355925622AF5004CBBB3 /* controllers */,
				9D64355C25622AF5004CBBB3 /* models */,
				9D64355D25622AF5004CBBB3 /* views */,
			);
			path = MPMain;
			sourceTree = "<group>";
		};
		9D5D37CA254BB7BD008F0839 /* MPSet */ = {
			isa = PBXGroup;
			children = (
				9D64355325622AE7004CBBB3 /* controllers */,
				9D64355625622AE7004CBBB3 /* models */,
				9D64355225622AE7004CBBB3 /* views */,
			);
			path = MPSet;
			sourceTree = "<group>";
		};
		9D64355225622AE7004CBBB3 /* views */ = {
			isa = PBXGroup;
			children = (
				9D64356025622B25004CBBB3 /* MPSetTableViewCell.h */,
				9D64356125622B25004CBBB3 /* MPSetTableViewCell.m */,
				9D64356925627836004CBBB3 /* MPSetHeaderView.h */,
				9D64356A25627836004CBBB3 /* MPSetHeaderView.m */,
			);
			path = views;
			sourceTree = "<group>";
		};
		9D64355325622AE7004CBBB3 /* controllers */ = {
			isa = PBXGroup;
			children = (
				9D64355525622AE7004CBBB3 /* MPSetViewController.h */,
				9D64355425622AE7004CBBB3 /* MPSetViewController.m */,
			);
			path = controllers;
			sourceTree = "<group>";
		};
		9D64355625622AE7004CBBB3 /* models */ = {
			isa = PBXGroup;
			children = (
				9D64356525624CD1004CBBB3 /* MPSetModel.h */,
				9D64356625624CD1004CBBB3 /* MPSetModel.m */,
			);
			path = models;
			sourceTree = "<group>";
		};
		9D64355925622AF5004CBBB3 /* controllers */ = {
			isa = PBXGroup;
			children = (
				9D64355B25622AF5004CBBB3 /* MPMainViewController.h */,
				9D64355A25622AF5004CBBB3 /* MPMainViewController.m */,
			);
			path = controllers;
			sourceTree = "<group>";
		};
		9D64355C25622AF5004CBBB3 /* models */ = {
			isa = PBXGroup;
			children = (
				9D8EFD2C257F19D600A8074C /* MPRecentProjectsModel.h */,
				9D8EFD2D257F19D600A8074C /* MPRecentProjectsModel.m */,
			);
			path = models;
			sourceTree = "<group>";
		};
		9D64355D25622AF5004CBBB3 /* views */ = {
			isa = PBXGroup;
			children = (
				9D62D9B52575D160008BD38D /* MPRecentProjectsView.h */,
				9D62D9B62575D160008BD38D /* MPRecentProjectsView.m */,
				9D62D9B92575DA2A008BD38D /* MPRecentProjectsTableViewCell.h */,
				9D62D9BA2575DA2A008BD38D /* MPRecentProjectsTableViewCell.m */,
			);
			path = views;
			sourceTree = "<group>";
		};
		B7333658EABA1B59445C3D35 /* Pods */ = {
			isa = PBXGroup;
			children = (
				96FD22351DFBB41585E1DFF3 /* Pods-magicPicsew.debug.xcconfig */,
				7DC3132A8524173470A4AB36 /* Pods-magicPicsew.release.xcconfig */,
			);
			path = Pods;
			sourceTree = "<group>";
		};
/* End PBXGroup section */

/* Begin PBXNativeTarget section */
		9D5AFEA1254A51F0000EC16D /* magicPicsew */ = {
			isa = PBXNativeTarget;
			buildConfigurationList = 9D5AFEBB254A51F0000EC16D /* Build configuration list for PBXNativeTarget "magicPicsew" */;
			buildPhases = (
				58E1E6BD25C0A535D58A9475 /* [CP] Check Pods Manifest.lock */,
				9D5AFE9E254A51F0000EC16D /* Sources */,
				9D5AFE9F254A51F0000EC16D /* Frameworks */,
				9D5AFEA0254A51F0000EC16D /* Resources */,
				3FF1F6C2BF08211F4215F6CE /* [CP] Embed Pods Frameworks */,
			);
			buildRules = (
			);
			dependencies = (
			);
			name = magicPicsew;
			productName = magicPicsew;
			productReference = 9D5AFEA2254A51F0000EC16D /* magicPicsew.app */;
			productType = "com.apple.product-type.application";
		};
/* End PBXNativeTarget section */

/* Begin PBXProject section */
		9D5AFE9A254A51F0000EC16D /* Project object */ = {
			isa = PBXProject;
			attributes = {
				LastUpgradeCheck = 1200;
				TargetAttributes = {
					9D5AFEA1254A51F0000EC16D = {
						CreatedOnToolsVersion = 12.0.1;
					};
				};
			};
			buildConfigurationList = 9D5AFE9D254A51F0000EC16D /* Build configuration list for PBXProject "magicPicsew" */;
			compatibilityVersion = "Xcode 9.3";
			developmentRegion = en;
			hasScannedForEncodings = 0;
			knownRegions = (
				en,
				Base,
			);
			mainGroup = 9D5AFE99254A51F0000EC16D;
			productRefGroup = 9D5AFEA3254A51F0000EC16D /* Products */;
			projectDirPath = "";
			projectRoot = "";
			targets = (
				9D5AFEA1254A51F0000EC16D /* magicPicsew */,
			);
		};
/* End PBXProject section */

/* Begin PBXResourcesBuildPhase section */
		9D5AFEA0254A51F0000EC16D /* Resources */ = {
			isa = PBXResourcesBuildPhase;
			buildActionMask = 2147483647;
			files = (
				9D5AFEB5254A51F0000EC16D /* LaunchScreen.storyboard in Resources */,
				9D5AFEB2254A51F0000EC16D /* Assets.xcassets in Resources */,
			);
			runOnlyForDeploymentPostprocessing = 0;
		};
/* End PBXResourcesBuildPhase section */

/* Begin PBXShellScriptBuildPhase section */
		3FF1F6C2BF08211F4215F6CE /* [CP] Embed Pods Frameworks */ = {
			isa = PBXShellScriptBuildPhase;
			buildActionMask = 2147483647;
			files = (
			);
			inputFileListPaths = (
				"${PODS_ROOT}/Target Support Files/Pods-magicPicsew/Pods-magicPicsew-frameworks-${CONFIGURATION}-input-files.xcfilelist",
			);
			name = "[CP] Embed Pods Frameworks";
			outputFileListPaths = (
				"${PODS_ROOT}/Target Support Files/Pods-magicPicsew/Pods-magicPicsew-frameworks-${CONFIGURATION}-output-files.xcfilelist",
			);
			runOnlyForDeploymentPostprocessing = 0;
			shellPath = /bin/sh;
			shellScript = "\"${PODS_ROOT}/Target Support Files/Pods-magicPicsew/Pods-magicPicsew-frameworks.sh\"\n";
			showEnvVarsInLog = 0;
		};
		58E1E6BD25C0A535D58A9475 /* [CP] Check Pods Manifest.lock */ = {
			isa = PBXShellScriptBuildPhase;
			buildActionMask = 2147483647;
			files = (
			);
			inputFileListPaths = (
			);
			inputPaths = (
				"${PODS_PODFILE_DIR_PATH}/Podfile.lock",
				"${PODS_ROOT}/Manifest.lock",
			);
			name = "[CP] Check Pods Manifest.lock";
			outputFileListPaths = (
			);
			outputPaths = (
				"$(DERIVED_FILE_DIR)/Pods-magicPicsew-checkManifestLockResult.txt",
			);
			runOnlyForDeploymentPostprocessing = 0;
			shellPath = /bin/sh;
			shellScript = "diff \"${PODS_PODFILE_DIR_PATH}/Podfile.lock\" \"${PODS_ROOT}/Manifest.lock\" > /dev/null\nif [ $? != 0 ] ; then\n    # print error to STDERR\n    echo \"error: The sandbox is not in sync with the Podfile.lock. Run 'pod install' or update your CocoaPods installation.\" >&2\n    exit 1\nfi\n# This output is used by Xcode 'outputs' to avoid re-running this script phase.\necho \"SUCCESS\" > \"${SCRIPT_OUTPUT_FILE_0}\"\n";
			showEnvVarsInLog = 0;
		};
/* End PBXShellScriptBuildPhase section */

/* Begin PBXSourcesBuildPhase section */
		9D5AFE9E254A51F0000EC16D /* Sources */ = {
			isa = PBXSourcesBuildPhase;
			buildActionMask = 2147483647;
			files = (
				9D62D9B72575D160008BD38D /* MPRecentProjectsView.m in Sources */,
				9D5D37C1254BB36B008F0839 /* MPBaseViewController.m in Sources */,
				9D62D9BB2575DA2A008BD38D /* MPRecentProjectsTableViewCell.m in Sources */,
				9D8EFD2E257F19D600A8074C /* MPRecentProjectsModel.m in Sources */,
				9D64356225622B25004CBBB3 /* MPSetTableViewCell.m in Sources */,
				9D5D37A9254BAC65008F0839 /* NSArray+log.m in Sources */,
				9D64355E25622AF5004CBBB3 /* MPMainViewController.m in Sources */,
				9D64356B25627836004CBBB3 /* MPSetHeaderView.m in Sources */,
				9D64355725622AE7004CBBB3 /* MPSetViewController.m in Sources */,
				9D5D37B3254BAD5C008F0839 /* MBProgressHUD+MP.m in Sources */,
				9D5D37AA254BAC65008F0839 /* NSDictionary+log.m in Sources */,
				9D5AFEA7254A51F0000EC16D /* AppDelegate.m in Sources */,
				9D5AFEB8254A51F0000EC16D /* main.m in Sources */,
				9D64356725624CD1004CBBB3 /* MPSetModel.m in Sources */,
			);
			runOnlyForDeploymentPostprocessing = 0;
		};
/* End PBXSourcesBuildPhase section */

/* Begin PBXVariantGroup section */
		9D5AFEB3254A51F0000EC16D /* LaunchScreen.storyboard */ = {
			isa = PBXVariantGroup;
			children = (
				9D5AFEB4254A51F0000EC16D /* Base */,
			);
			name = LaunchScreen.storyboard;
			sourceTree = "<group>";
		};
/* End PBXVariantGroup section */

/* Begin XCBuildConfiguration section */
		9D5AFEB9254A51F0000EC16D /* Debug */ = {
			isa = XCBuildConfiguration;
			buildSettings = {
				ALWAYS_SEARCH_USER_PATHS = NO;
				CLANG_ANALYZER_NONNULL = YES;
				CLANG_ANALYZER_NUMBER_OBJECT_CONVERSION = YES_AGGRESSIVE;
				CLANG_CXX_LANGUAGE_STANDARD = "gnu++14";
				CLANG_CXX_LIBRARY = "libc++";
				CLANG_ENABLE_MODULES = YES;
				CLANG_ENABLE_OBJC_ARC = YES;
				CLANG_ENABLE_OBJC_WEAK = YES;
				CLANG_WARN_BLOCK_CAPTURE_AUTORELEASING = YES;
				CLANG_WARN_BOOL_CONVERSION = YES;
				CLANG_WARN_COMMA = YES;
				CLANG_WARN_CONSTANT_CONVERSION = YES;
				CLANG_WARN_DEPRECATED_OBJC_IMPLEMENTATIONS = YES;
				CLANG_WARN_DIRECT_OBJC_ISA_USAGE = YES_ERROR;
				CLANG_WARN_DOCUMENTATION_COMMENTS = YES;
				CLANG_WARN_EMPTY_BODY = YES;
				CLANG_WARN_ENUM_CONVERSION = YES;
				CLANG_WARN_INFINITE_RECURSION = YES;
				CLANG_WARN_INT_CONVERSION = YES;
				CLANG_WARN_NON_LITERAL_NULL_CONVERSION = YES;
				CLANG_WARN_OBJC_IMPLICIT_RETAIN_SELF = YES;
				CLANG_WARN_OBJC_LITERAL_CONVERSION = YES;
				CLANG_WARN_OBJC_ROOT_CLASS = YES_ERROR;
				CLANG_WARN_QUOTED_INCLUDE_IN_FRAMEWORK_HEADER = YES;
				CLANG_WARN_RANGE_LOOP_ANALYSIS = YES;
				CLANG_WARN_STRICT_PROTOTYPES = YES;
				CLANG_WARN_SUSPICIOUS_MOVE = YES;
				CLANG_WARN_UNGUARDED_AVAILABILITY = YES_AGGRESSIVE;
				CLANG_WARN_UNREACHABLE_CODE = YES;
				CLANG_WARN__DUPLICATE_METHOD_MATCH = YES;
				COPY_PHASE_STRIP = NO;
				DEBUG_INFORMATION_FORMAT = dwarf;
				ENABLE_STRICT_OBJC_MSGSEND = YES;
				ENABLE_TESTABILITY = YES;
				GCC_C_LANGUAGE_STANDARD = gnu11;
				GCC_DYNAMIC_NO_PIC = NO;
				GCC_NO_COMMON_BLOCKS = YES;
				GCC_OPTIMIZATION_LEVEL = 0;
				GCC_PREPROCESSOR_DEFINITIONS = (
					"DEBUG=1",
					"$(inherited)",
				);
				GCC_WARN_64_TO_32_BIT_CONVERSION = YES;
				GCC_WARN_ABOUT_RETURN_TYPE = YES_ERROR;
				GCC_WARN_UNDECLARED_SELECTOR = YES;
				GCC_WARN_UNINITIALIZED_AUTOS = YES_AGGRESSIVE;
				GCC_WARN_UNUSED_FUNCTION = YES;
				GCC_WARN_UNUSED_VARIABLE = YES;
				IPHONEOS_DEPLOYMENT_TARGET = 11.0;
				MTL_ENABLE_DEBUG_INFO = INCLUDE_SOURCE;
				MTL_FAST_MATH = YES;
				ONLY_ACTIVE_ARCH = YES;
				SDKROOT = iphoneos;
			};
			name = Debug;
		};
		9D5AFEBA254A51F0000EC16D /* Release */ = {
			isa = XCBuildConfiguration;
			buildSettings = {
				ALWAYS_SEARCH_USER_PATHS = NO;
				CLANG_ANALYZER_NONNULL = YES;
				CLANG_ANALYZER_NUMBER_OBJECT_CONVERSION = YES_AGGRESSIVE;
				CLANG_CXX_LANGUAGE_STANDARD = "gnu++14";
				CLANG_CXX_LIBRARY = "libc++";
				CLANG_ENABLE_MODULES = YES;
				CLANG_ENABLE_OBJC_ARC = YES;
				CLANG_ENABLE_OBJC_WEAK = YES;
				CLANG_WARN_BLOCK_CAPTURE_AUTORELEASING = YES;
				CLANG_WARN_BOOL_CONVERSION = YES;
				CLANG_WARN_COMMA = YES;
				CLANG_WARN_CONSTANT_CONVERSION = YES;
				CLANG_WARN_DEPRECATED_OBJC_IMPLEMENTATIONS = YES;
				CLANG_WARN_DIRECT_OBJC_ISA_USAGE = YES_ERROR;
				CLANG_WARN_DOCUMENTATION_COMMENTS = YES;
				CLANG_WARN_EMPTY_BODY = YES;
				CLANG_WARN_ENUM_CONVERSION = YES;
				CLANG_WARN_INFINITE_RECURSION = YES;
				CLANG_WARN_INT_CONVERSION = YES;
				CLANG_WARN_NON_LITERAL_NULL_CONVERSION = YES;
				CLANG_WARN_OBJC_IMPLICIT_RETAIN_SELF = YES;
				CLANG_WARN_OBJC_LITERAL_CONVERSION = YES;
				CLANG_WARN_OBJC_ROOT_CLASS = YES_ERROR;
				CLANG_WARN_QUOTED_INCLUDE_IN_FRAMEWORK_HEADER = YES;
				CLANG_WARN_RANGE_LOOP_ANALYSIS = YES;
				CLANG_WARN_STRICT_PROTOTYPES = YES;
				CLANG_WARN_SUSPICIOUS_MOVE = YES;
				CLANG_WARN_UNGUARDED_AVAILABILITY = YES_AGGRESSIVE;
				CLANG_WARN_UNREACHABLE_CODE = YES;
				CLANG_WARN__DUPLICATE_METHOD_MATCH = YES;
				COPY_PHASE_STRIP = NO;
				DEBUG_INFORMATION_FORMAT = "dwarf-with-dsym";
				ENABLE_NS_ASSERTIONS = NO;
				ENABLE_STRICT_OBJC_MSGSEND = YES;
				GCC_C_LANGUAGE_STANDARD = gnu11;
				GCC_NO_COMMON_BLOCKS = YES;
				GCC_WARN_64_TO_32_BIT_CONVERSION = YES;
				GCC_WARN_ABOUT_RETURN_TYPE = YES_ERROR;
				GCC_WARN_UNDECLARED_SELECTOR = YES;
				GCC_WARN_UNINITIALIZED_AUTOS = YES_AGGRESSIVE;
				GCC_WARN_UNUSED_FUNCTION = YES;
				GCC_WARN_UNUSED_VARIABLE = YES;
				IPHONEOS_DEPLOYMENT_TARGET = 11.0;
				MTL_ENABLE_DEBUG_INFO = NO;
				MTL_FAST_MATH = YES;
				SDKROOT = iphoneos;
				VALIDATE_PRODUCT = YES;
			};
			name = Release;
		};
		9D5AFEBC254A51F0000EC16D /* Debug */ = {
			isa = XCBuildConfiguration;
			baseConfigurationReference = 96FD22351DFBB41585E1DFF3 /* Pods-magicPicsew.debug.xcconfig */;
			buildSettings = {
				ASSETCATALOG_COMPILER_APPICON_NAME = AppIcon;
				ASSETCATALOG_COMPILER_GLOBAL_ACCENT_COLOR_NAME = AccentColor;
				CODE_SIGN_STYLE = Automatic;
				GCC_PREFIX_HEADER = "$(SRCROOT)/magicPicsew/MPCommon/MP_PrefixHeader.pch";
				INFOPLIST_FILE = magicPicsew/Info.plist;
				LD_RUNPATH_SEARCH_PATHS = (
					"$(inherited)",
					"@executable_path/Frameworks",
				);
				MARKETING_VERSION = 1.0.0;
				PRODUCT_BUNDLE_IDENTIFIER = hujiaofen.magicPicsew;
				PRODUCT_NAME = "$(TARGET_NAME)";
				TARGETED_DEVICE_FAMILY = 1;
			};
			name = Debug;
		};
		9D5AFEBD254A51F0000EC16D /* Release */ = {
			isa = XCBuildConfiguration;
			baseConfigurationReference = 7DC3132A8524173470A4AB36 /* Pods-magicPicsew.release.xcconfig */;
			buildSettings = {
				ASSETCATALOG_COMPILER_APPICON_NAME = AppIcon;
				ASSETCATALOG_COMPILER_GLOBAL_ACCENT_COLOR_NAME = AccentColor;
				CODE_SIGN_STYLE = Automatic;
				GCC_PREFIX_HEADER = "$(SRCROOT)/magicPicsew/MPCommon/MP_PrefixHeader.pch";
				INFOPLIST_FILE = magicPicsew/Info.plist;
				LD_RUNPATH_SEARCH_PATHS = (
					"$(inherited)",
					"@executable_path/Frameworks",
				);
				MARKETING_VERSION = 1.0.0;
				PRODUCT_BUNDLE_IDENTIFIER = hujiaofen.magicPicsew;
				PRODUCT_NAME = "$(TARGET_NAME)";
				TARGETED_DEVICE_FAMILY = 1;
			};
			name = Release;
		};
/* End XCBuildConfiguration section */

/* Begin XCConfigurationList section */
		9D5AFE9D254A51F0000EC16D /* Build configuration list for PBXProject "magicPicsew" */ = {
			isa = XCConfigurationList;
			buildConfigurations = (
				9D5AFEB9254A51F0000EC16D /* Debug */,
				9D5AFEBA254A51F0000EC16D /* Release */,
			);
			defaultConfigurationIsVisible = 0;
			defaultConfigurationName = Release;
		};
		9D5AFEBB254A51F0000EC16D /* Build configuration list for PBXNativeTarget "magicPicsew" */ = {
			isa = XCConfigurationList;
			buildConfigurations = (
				9D5AFEBC254A51F0000EC16D /* Debug */,
				9D5AFEBD254A51F0000EC16D /* Release */,
			);
			defaultConfigurationIsVisible = 0;
			defaultConfigurationName = Release;
		};
/* End XCConfigurationList section */
	};
	rootObject = 9D5AFE9A254A51F0000EC16D /* Project object */;
}
