// !$*UTF8*$!
{
	archiveVersion = 1;
	classes = {
	};
	objectVersion = 51;
	objects = {

/* Begin PBXBuildFile section */
		1999A9E2FB26E43093CF20CD /* Pods_wineAwake.framework in Frameworks */ = {isa = PBXBuildFile; fileRef = B50A5434D5E2E4B7548FD024 /* Pods_wineAwake.framework */; };
		AEFF890323497B2B00B81B11 /* AppDelegate.m in Sources */ = {isa = PBXBuildFile; fileRef = AEFF890223497B2B00B81B11 /* AppDelegate.m */; };
		AEFF890623497B2B00B81B11 /* SceneDelegate.m in Sources */ = {isa = PBXBuildFile; fileRef = AEFF890523497B2B00B81B11 /* SceneDelegate.m */; };
		AEFF890923497B2B00B81B11 /* ViewController.m in Sources */ = {isa = PBXBuildFile; fileRef = AEFF890823497B2B00B81B11 /* ViewController.m */; };
		AEFF890C23497B2B00B81B11 /* Main.storyboard in Resources */ = {isa = PBXBuildFile; fileRef = AEFF890A23497B2B00B81B11 /* Main.storyboard */; };
		AEFF890E23497B2E00B81B11 /* Assets.xcassets in Resources */ = {isa = PBXBuildFile; fileRef = AEFF890D23497B2E00B81B11 /* Assets.xcassets */; };
		AEFF891123497B2E00B81B11 /* LaunchScreen.storyboard in Resources */ = {isa = PBXBuildFile; fileRef = AEFF890F23497B2E00B81B11 /* LaunchScreen.storyboard */; };
		AEFF891423497B2E00B81B11 /* main.m in Sources */ = {isa = PBXBuildFile; fileRef = AEFF891323497B2E00B81B11 /* main.m */; };
		AEFF894C2349806B00B81B11 /* JTCalendarSettings.m in Sources */ = {isa = PBXBuildFile; fileRef = AEFF89292349806B00B81B11 /* JTCalendarSettings.m */; };
		AEFF894D2349806B00B81B11 /* JTDateHelper.m in Sources */ = {isa = PBXBuildFile; fileRef = AEFF892A2349806B00B81B11 /* JTDateHelper.m */; };
		AEFF894E2349806B00B81B11 /* JTCalendarScrollManager.m in Sources */ = {isa = PBXBuildFile; fileRef = AEFF89302349806B00B81B11 /* JTCalendarScrollManager.m */; };
		AEFF894F2349806B00B81B11 /* JTCalendarDelegateManager.m in Sources */ = {isa = PBXBuildFile; fileRef = AEFF89312349806B00B81B11 /* JTCalendarDelegateManager.m */; };
		AEFF89502349806B00B81B11 /* JTCalendarManager.m in Sources */ = {isa = PBXBuildFile; fileRef = AEFF89332349806B00B81B11 /* JTCalendarManager.m */; };
		AEFF89512349806B00B81B11 /* JTVerticalCalendarView.m in Sources */ = {isa = PBXBuildFile; fileRef = AEFF89382349806B00B81B11 /* JTVerticalCalendarView.m */; };
		AEFF89522349806B00B81B11 /* JTCalendarWeekDayView.m in Sources */ = {isa = PBXBuildFile; fileRef = AEFF893B2349806B00B81B11 /* JTCalendarWeekDayView.m */; };
		AEFF89532349806B00B81B11 /* JTHorizontalCalendarView.m in Sources */ = {isa = PBXBuildFile; fileRef = AEFF893D2349806B00B81B11 /* JTHorizontalCalendarView.m */; };
		AEFF89542349806B00B81B11 /* JTCalendarWeekView.m in Sources */ = {isa = PBXBuildFile; fileRef = AEFF893E2349806B00B81B11 /* JTCalendarWeekView.m */; };
		AEFF89552349806B00B81B11 /* JTCalendarDayView.m in Sources */ = {isa = PBXBuildFile; fileRef = AEFF89402349806B00B81B11 /* JTCalendarDayView.m */; };
		AEFF89562349806B00B81B11 /* JTCalendarPageView.m in Sources */ = {isa = PBXBuildFile; fileRef = AEFF89412349806B00B81B11 /* JTCalendarPageView.m */; };
		AEFF89572349806B00B81B11 /* JTCalendarMenuView.m in Sources */ = {isa = PBXBuildFile; fileRef = AEFF89432349806B00B81B11 /* JTCalendarMenuView.m */; };
/* End PBXBuildFile section */

/* Begin PBXFileReference section */
		448F2C8E77FD0027ED89D0E7 /* Pods-wineAwake.release.xcconfig */ = {isa = PBXFileReference; includeInIndex = 1; lastKnownFileType = text.xcconfig; name = "Pods-wineAwake.release.xcconfig"; path = "Target Support Files/Pods-wineAwake/Pods-wineAwake.release.xcconfig"; sourceTree = "<group>"; };
		AEFF88FE23497B2B00B81B11 /* wineAwake.app */ = {isa = PBXFileReference; explicitFileType = wrapper.application; includeInIndex = 0; path = wineAwake.app; sourceTree = BUILT_PRODUCTS_DIR; };
		AEFF890123497B2B00B81B11 /* AppDelegate.h */ = {isa = PBXFileReference; lastKnownFileType = sourcecode.c.h; path = AppDelegate.h; sourceTree = "<group>"; };
		AEFF890223497B2B00B81B11 /* AppDelegate.m */ = {isa = PBXFileReference; lastKnownFileType = sourcecode.c.objc; path = AppDelegate.m; sourceTree = "<group>"; };
		AEFF890423497B2B00B81B11 /* SceneDelegate.h */ = {isa = PBXFileReference; lastKnownFileType = sourcecode.c.h; path = SceneDelegate.h; sourceTree = "<group>"; };
		AEFF890523497B2B00B81B11 /* SceneDelegate.m */ = {isa = PBXFileReference; lastKnownFileType = sourcecode.c.objc; path = SceneDelegate.m; sourceTree = "<group>"; };
		AEFF890723497B2B00B81B11 /* ViewController.h */ = {isa = PBXFileReference; lastKnownFileType = sourcecode.c.h; path = ViewController.h; sourceTree = "<group>"; };
		AEFF890823497B2B00B81B11 /* ViewController.m */ = {isa = PBXFileReference; lastKnownFileType = sourcecode.c.objc; path = ViewController.m; sourceTree = "<group>"; };
		AEFF890B23497B2B00B81B11 /* Base */ = {isa = PBXFileReference; lastKnownFileType = file.storyboard; name = Base; path = Base.lproj/Main.storyboard; sourceTree = "<group>"; };
		AEFF890D23497B2E00B81B11 /* Assets.xcassets */ = {isa = PBXFileReference; lastKnownFileType = folder.assetcatalog; path = Assets.xcassets; sourceTree = "<group>"; };
		AEFF891023497B2E00B81B11 /* Base */ = {isa = PBXFileReference; lastKnownFileType = file.storyboard; name = Base; path = Base.lproj/LaunchScreen.storyboard; sourceTree = "<group>"; };
		AEFF891223497B2E00B81B11 /* Info.plist */ = {isa = PBXFileReference; lastKnownFileType = text.plist.xml; path = Info.plist; sourceTree = "<group>"; };
		AEFF891323497B2E00B81B11 /* main.m */ = {isa = PBXFileReference; lastKnownFileType = sourcecode.c.objc; path = main.m; sourceTree = "<group>"; };
		AEFF89292349806B00B81B11 /* JTCalendarSettings.m */ = {isa = PBXFileReference; fileEncoding = 4; lastKnownFileType = sourcecode.c.objc; path = JTCalendarSettings.m; sourceTree = "<group>"; };
		AEFF892A2349806B00B81B11 /* JTDateHelper.m */ = {isa = PBXFileReference; fileEncoding = 4; lastKnownFileType = sourcecode.c.objc; path = JTDateHelper.m; sourceTree = "<group>"; };
		AEFF892B2349806B00B81B11 /* JTCalendarManager.h */ = {isa = PBXFileReference; fileEncoding = 4; lastKnownFileType = sourcecode.c.h; path = JTCalendarManager.h; sourceTree = "<group>"; };
		AEFF892C2349806B00B81B11 /* JTCalendar.h */ = {isa = PBXFileReference; fileEncoding = 4; lastKnownFileType = sourcecode.c.h; path = JTCalendar.h; sourceTree = "<group>"; };
		AEFF892E2349806B00B81B11 /* JTCalendarDelegateManager.h */ = {isa = PBXFileReference; fileEncoding = 4; lastKnownFileType = sourcecode.c.h; path = JTCalendarDelegateManager.h; sourceTree = "<group>"; };
		AEFF892F2349806B00B81B11 /* JTCalendarScrollManager.h */ = {isa = PBXFileReference; fileEncoding = 4; lastKnownFileType = sourcecode.c.h; path = JTCalendarScrollManager.h; sourceTree = "<group>"; };
		AEFF89302349806B00B81B11 /* JTCalendarScrollManager.m */ = {isa = PBXFileReference; fileEncoding = 4; lastKnownFileType = sourcecode.c.objc; path = JTCalendarScrollManager.m; sourceTree = "<group>"; };
		AEFF89312349806B00B81B11 /* JTCalendarDelegateManager.m */ = {isa = PBXFileReference; fileEncoding = 4; lastKnownFileType = sourcecode.c.objc; path = JTCalendarDelegateManager.m; sourceTree = "<group>"; };
		AEFF89322349806B00B81B11 /* JTCalendarSettings.h */ = {isa = PBXFileReference; fileEncoding = 4; lastKnownFileType = sourcecode.c.h; path = JTCalendarSettings.h; sourceTree = "<group>"; };
		AEFF89332349806B00B81B11 /* JTCalendarManager.m */ = {isa = PBXFileReference; fileEncoding = 4; lastKnownFileType = sourcecode.c.objc; path = JTCalendarManager.m; sourceTree = "<group>"; };
		AEFF89342349806B00B81B11 /* JTDateHelper.h */ = {isa = PBXFileReference; fileEncoding = 4; lastKnownFileType = sourcecode.c.h; path = JTDateHelper.h; sourceTree = "<group>"; };
		AEFF89352349806B00B81B11 /* JTCalendarDelegate.h */ = {isa = PBXFileReference; fileEncoding = 4; lastKnownFileType = sourcecode.c.h; path = JTCalendarDelegate.h; sourceTree = "<group>"; };
		AEFF89372349806B00B81B11 /* JTCalendarDayView.h */ = {isa = PBXFileReference; fileEncoding = 4; lastKnownFileType = sourcecode.c.h; path = JTCalendarDayView.h; sourceTree = "<group>"; };
		AEFF89382349806B00B81B11 /* JTVerticalCalendarView.m */ = {isa = PBXFileReference; fileEncoding = 4; lastKnownFileType = sourcecode.c.objc; path = JTVerticalCalendarView.m; sourceTree = "<group>"; };
		AEFF89392349806B00B81B11 /* JTCalendarWeekView.h */ = {isa = PBXFileReference; fileEncoding = 4; lastKnownFileType = sourcecode.c.h; path = JTCalendarWeekView.h; sourceTree = "<group>"; };
		AEFF893A2349806B00B81B11 /* JTCalendarPageView.h */ = {isa = PBXFileReference; fileEncoding = 4; lastKnownFileType = sourcecode.c.h; path = JTCalendarPageView.h; sourceTree = "<group>"; };
		AEFF893B2349806B00B81B11 /* JTCalendarWeekDayView.m */ = {isa = PBXFileReference; fileEncoding = 4; lastKnownFileType = sourcecode.c.objc; path = JTCalendarWeekDayView.m; sourceTree = "<group>"; };
		AEFF893C2349806B00B81B11 /* JTCalendarMenuView.h */ = {isa = PBXFileReference; fileEncoding = 4; lastKnownFileType = sourcecode.c.h; path = JTCalendarMenuView.h; sourceTree = "<group>"; };
		AEFF893D2349806B00B81B11 /* JTHorizontalCalendarView.m */ = {isa = PBXFileReference; fileEncoding = 4; lastKnownFileType = sourcecode.c.objc; path = JTHorizontalCalendarView.m; sourceTree = "<group>"; };
		AEFF893E2349806B00B81B11 /* JTCalendarWeekView.m */ = {isa = PBXFileReference; fileEncoding = 4; lastKnownFileType = sourcecode.c.objc; path = JTCalendarWeekView.m; sourceTree = "<group>"; };
		AEFF893F2349806B00B81B11 /* JTVerticalCalendarView.h */ = {isa = PBXFileReference; fileEncoding = 4; lastKnownFileType = sourcecode.c.h; path = JTVerticalCalendarView.h; sourceTree = "<group>"; };
		AEFF89402349806B00B81B11 /* JTCalendarDayView.m */ = {isa = PBXFileReference; fileEncoding = 4; lastKnownFileType = sourcecode.c.objc; path = JTCalendarDayView.m; sourceTree = "<group>"; };
		AEFF89412349806B00B81B11 /* JTCalendarPageView.m */ = {isa = PBXFileReference; fileEncoding = 4; lastKnownFileType = sourcecode.c.objc; path = JTCalendarPageView.m; sourceTree = "<group>"; };
		AEFF89422349806B00B81B11 /* JTHorizontalCalendarView.h */ = {isa = PBXFileReference; fileEncoding = 4; lastKnownFileType = sourcecode.c.h; path = JTHorizontalCalendarView.h; sourceTree = "<group>"; };
		AEFF89432349806B00B81B11 /* JTCalendarMenuView.m */ = {isa = PBXFileReference; fileEncoding = 4; lastKnownFileType = sourcecode.c.objc; path = JTCalendarMenuView.m; sourceTree = "<group>"; };
		AEFF89442349806B00B81B11 /* JTCalendarWeekDayView.h */ = {isa = PBXFileReference; fileEncoding = 4; lastKnownFileType = sourcecode.c.h; path = JTCalendarWeekDayView.h; sourceTree = "<group>"; };
		AEFF89462349806B00B81B11 /* JTCalendarWeek.h */ = {isa = PBXFileReference; fileEncoding = 4; lastKnownFileType = sourcecode.c.h; path = JTCalendarWeek.h; sourceTree = "<group>"; };
		AEFF89472349806B00B81B11 /* JTContent.h */ = {isa = PBXFileReference; fileEncoding = 4; lastKnownFileType = sourcecode.c.h; path = JTContent.h; sourceTree = "<group>"; };
		AEFF89482349806B00B81B11 /* JTCalendarPage.h */ = {isa = PBXFileReference; fileEncoding = 4; lastKnownFileType = sourcecode.c.h; path = JTCalendarPage.h; sourceTree = "<group>"; };
		AEFF89492349806B00B81B11 /* JTCalendarWeekDay.h */ = {isa = PBXFileReference; fileEncoding = 4; lastKnownFileType = sourcecode.c.h; path = JTCalendarWeekDay.h; sourceTree = "<group>"; };
		AEFF894A2349806B00B81B11 /* JTCalendarDay.h */ = {isa = PBXFileReference; fileEncoding = 4; lastKnownFileType = sourcecode.c.h; path = JTCalendarDay.h; sourceTree = "<group>"; };
		AEFF894B2349806B00B81B11 /* JTMenu.h */ = {isa = PBXFileReference; fileEncoding = 4; lastKnownFileType = sourcecode.c.h; path = JTMenu.h; sourceTree = "<group>"; };
		B50A5434D5E2E4B7548FD024 /* Pods_wineAwake.framework */ = {isa = PBXFileReference; explicitFileType = wrapper.framework; includeInIndex = 0; path = Pods_wineAwake.framework; sourceTree = BUILT_PRODUCTS_DIR; };
		C1DFA28AEE9D389E2E980736 /* Pods-wineAwake.debug.xcconfig */ = {isa = PBXFileReference; includeInIndex = 1; lastKnownFileType = text.xcconfig; name = "Pods-wineAwake.debug.xcconfig"; path = "Target Support Files/Pods-wineAwake/Pods-wineAwake.debug.xcconfig"; sourceTree = "<group>"; };
/* End PBXFileReference section */

/* Begin PBXFrameworksBuildPhase section */
		AEFF88FB23497B2B00B81B11 /* Frameworks */ = {
			isa = PBXFrameworksBuildPhase;
			buildActionMask = 2147483647;
			files = (
				1999A9E2FB26E43093CF20CD /* Pods_wineAwake.framework in Frameworks */,
			);
			runOnlyForDeploymentPostprocessing = 0;
		};
/* End PBXFrameworksBuildPhase section */

/* Begin PBXGroup section */
		11686BB2CB02ECC9F08AA722 /* Frameworks */ = {
			isa = PBXGroup;
			children = (
				B50A5434D5E2E4B7548FD024 /* Pods_wineAwake.framework */,
			);
			name = Frameworks;
			sourceTree = "<group>";
		};
		AEFF88F523497B2B00B81B11 = {
			isa = PBXGroup;
			children = (
				AEFF890023497B2B00B81B11 /* wineAwake */,
				AEFF88FF23497B2B00B81B11 /* Products */,
				DB87A1116B34681753F04F5F /* Pods */,
				11686BB2CB02ECC9F08AA722 /* Frameworks */,
			);
			sourceTree = "<group>";
		};
		AEFF88FF23497B2B00B81B11 /* Products */ = {
			isa = PBXGroup;
			children = (
				AEFF88FE23497B2B00B81B11 /* wineAwake.app */,
			);
			name = Products;
			sourceTree = "<group>";
		};
		AEFF890023497B2B00B81B11 /* wineAwake */ = {
			isa = PBXGroup;
			children = (
				AEFF891A23497FDE00B81B11 /* Common */,
				AEFF891B23497FDE00B81B11 /* Resources */,
				AEFF891C23497FDE00B81B11 /* Clock */,
				AEFF892423497FDE00B81B11 /* Record */,
				AEFF892023497FDE00B81B11 /* Mine */,
				AEFF890123497B2B00B81B11 /* AppDelegate.h */,
				AEFF890223497B2B00B81B11 /* AppDelegate.m */,
				AEFF890423497B2B00B81B11 /* SceneDelegate.h */,
				AEFF890523497B2B00B81B11 /* SceneDelegate.m */,
				AEFF890723497B2B00B81B11 /* ViewController.h */,
				AEFF890823497B2B00B81B11 /* ViewController.m */,
				AEFF890A23497B2B00B81B11 /* Main.storyboard */,
				AEFF890D23497B2E00B81B11 /* Assets.xcassets */,
				AEFF890F23497B2E00B81B11 /* LaunchScreen.storyboard */,
				AEFF891223497B2E00B81B11 /* Info.plist */,
				AEFF891323497B2E00B81B11 /* main.m */,
			);
			path = wineAwake;
			sourceTree = "<group>";
		};
		AEFF891A23497FDE00B81B11 /* Common */ = {
			isa = PBXGroup;
			children = (
			);
			path = Common;
			sourceTree = "<group>";
		};
		AEFF891B23497FDE00B81B11 /* Resources */ = {
			isa = PBXGroup;
			children = (
				AEFF89282349806B00B81B11 /* JTCalendar */,
			);
			path = Resources;
			sourceTree = "<group>";
		};
		AEFF891C23497FDE00B81B11 /* Clock */ = {
			isa = PBXGroup;
			children = (
				AEFF891D23497FDE00B81B11 /* Models */,
				AEFF891E23497FDE00B81B11 /* Controllers */,
				AEFF891F23497FDE00B81B11 /* Views */,
			);
			path = Clock;
			sourceTree = "<group>";
		};
		AEFF891D23497FDE00B81B11 /* Models */ = {
			isa = PBXGroup;
			children = (
			);
			path = Models;
			sourceTree = "<group>";
		};
		AEFF891E23497FDE00B81B11 /* Controllers */ = {
			isa = PBXGroup;
			children = (
			);
			path = Controllers;
			sourceTree = "<group>";
		};
		AEFF891F23497FDE00B81B11 /* Views */ = {
			isa = PBXGroup;
			children = (
			);
			path = Views;
			sourceTree = "<group>";
		};
		AEFF892023497FDE00B81B11 /* Mine */ = {
			isa = PBXGroup;
			children = (
				AEFF892123497FDE00B81B11 /* Models */,
				AEFF892223497FDE00B81B11 /* Controllers */,
				AEFF892323497FDE00B81B11 /* Views */,
			);
			path = Mine;
			sourceTree = "<group>";
		};
		AEFF892123497FDE00B81B11 /* Models */ = {
			isa = PBXGroup;
			children = (
			);
			path = Models;
			sourceTree = "<group>";
		};
		AEFF892223497FDE00B81B11 /* Controllers */ = {
			isa = PBXGroup;
			children = (
			);
			path = Controllers;
			sourceTree = "<group>";
		};
		AEFF892323497FDE00B81B11 /* Views */ = {
			isa = PBXGroup;
			children = (
			);
			path = Views;
			sourceTree = "<group>";
		};
		AEFF892423497FDE00B81B11 /* Record */ = {
			isa = PBXGroup;
			children = (
				AEFF892523497FDE00B81B11 /* Models */,
				AEFF892623497FDE00B81B11 /* Controllers */,
				AEFF892723497FDE00B81B11 /* Views */,
			);
			path = Record;
			sourceTree = "<group>";
		};
		AEFF892523497FDE00B81B11 /* Models */ = {
			isa = PBXGroup;
			children = (
			);
			path = Models;
			sourceTree = "<group>";
		};
		AEFF892623497FDE00B81B11 /* Controllers */ = {
			isa = PBXGroup;
			children = (
			);
			path = Controllers;
			sourceTree = "<group>";
		};
		AEFF892723497FDE00B81B11 /* Views */ = {
			isa = PBXGroup;
			children = (
			);
			path = Views;
			sourceTree = "<group>";
		};
		AEFF89282349806B00B81B11 /* JTCalendar */ = {
			isa = PBXGroup;
			children = (
				AEFF89292349806B00B81B11 /* JTCalendarSettings.m */,
				AEFF892A2349806B00B81B11 /* JTDateHelper.m */,
				AEFF892B2349806B00B81B11 /* JTCalendarManager.h */,
				AEFF892C2349806B00B81B11 /* JTCalendar.h */,
				AEFF892D2349806B00B81B11 /* Managers */,
				AEFF89322349806B00B81B11 /* JTCalendarSettings.h */,
				AEFF89332349806B00B81B11 /* JTCalendarManager.m */,
				AEFF89342349806B00B81B11 /* JTDateHelper.h */,
				AEFF89352349806B00B81B11 /* JTCalendarDelegate.h */,
				AEFF89362349806B00B81B11 /* Views */,
				AEFF89452349806B00B81B11 /* Protocols */,
			);
			path = JTCalendar;
			sourceTree = "<group>";
		};
		AEFF892D2349806B00B81B11 /* Managers */ = {
			isa = PBXGroup;
			children = (
				AEFF892E2349806B00B81B11 /* JTCalendarDelegateManager.h */,
				AEFF892F2349806B00B81B11 /* JTCalendarScrollManager.h */,
				AEFF89302349806B00B81B11 /* JTCalendarScrollManager.m */,
				AEFF89312349806B00B81B11 /* JTCalendarDelegateManager.m */,
			);
			path = Managers;
			sourceTree = "<group>";
		};
		AEFF89362349806B00B81B11 /* Views */ = {
			isa = PBXGroup;
			children = (
				AEFF89372349806B00B81B11 /* JTCalendarDayView.h */,
				AEFF89382349806B00B81B11 /* JTVerticalCalendarView.m */,
				AEFF89392349806B00B81B11 /* JTCalendarWeekView.h */,
				AEFF893A2349806B00B81B11 /* JTCalendarPageView.h */,
				AEFF893B2349806B00B81B11 /* JTCalendarWeekDayView.m */,
				AEFF893C2349806B00B81B11 /* JTCalendarMenuView.h */,
				AEFF893D2349806B00B81B11 /* JTHorizontalCalendarView.m */,
				AEFF893E2349806B00B81B11 /* JTCalendarWeekView.m */,
				AEFF893F2349806B00B81B11 /* JTVerticalCalendarView.h */,
				AEFF89402349806B00B81B11 /* JTCalendarDayView.m */,
				AEFF89412349806B00B81B11 /* JTCalendarPageView.m */,
				AEFF89422349806B00B81B11 /* JTHorizontalCalendarView.h */,
				AEFF89432349806B00B81B11 /* JTCalendarMenuView.m */,
				AEFF89442349806B00B81B11 /* JTCalendarWeekDayView.h */,
			);
			path = Views;
			sourceTree = "<group>";
		};
		AEFF89452349806B00B81B11 /* Protocols */ = {
			isa = PBXGroup;
			children = (
				AEFF89462349806B00B81B11 /* JTCalendarWeek.h */,
				AEFF89472349806B00B81B11 /* JTContent.h */,
				AEFF89482349806B00B81B11 /* JTCalendarPage.h */,
				AEFF89492349806B00B81B11 /* JTCalendarWeekDay.h */,
				AEFF894A2349806B00B81B11 /* JTCalendarDay.h */,
				AEFF894B2349806B00B81B11 /* JTMenu.h */,
			);
			path = Protocols;
			sourceTree = "<group>";
		};
		DB87A1116B34681753F04F5F /* Pods */ = {
			isa = PBXGroup;
			children = (
				C1DFA28AEE9D389E2E980736 /* Pods-wineAwake.debug.xcconfig */,
				448F2C8E77FD0027ED89D0E7 /* Pods-wineAwake.release.xcconfig */,
			);
			path = Pods;
			sourceTree = "<group>";
		};
/* End PBXGroup section */

/* Begin PBXNativeTarget section */
		AEFF88FD23497B2B00B81B11 /* wineAwake */ = {
			isa = PBXNativeTarget;
			buildConfigurationList = AEFF891723497B2E00B81B11 /* Build configuration list for PBXNativeTarget "wineAwake" */;
			buildPhases = (
				A603F8985EC6F0A5E0C778F8 /* [CP] Check Pods Manifest.lock */,
				AEFF88FA23497B2B00B81B11 /* Sources */,
				AEFF88FB23497B2B00B81B11 /* Frameworks */,
				AEFF88FC23497B2B00B81B11 /* Resources */,
				3AFEF721358F870DFC0C30BE /* [CP] Embed Pods Frameworks */,
			);
			buildRules = (
			);
			dependencies = (
			);
			name = wineAwake;
			productName = wineAwake;
			productReference = AEFF88FE23497B2B00B81B11 /* wineAwake.app */;
			productType = "com.apple.product-type.application";
		};
/* End PBXNativeTarget section */

/* Begin PBXProject section */
		AEFF88F623497B2B00B81B11 /* Project object */ = {
			isa = PBXProject;
			attributes = {
				LastUpgradeCheck = 1100;
				ORGANIZATIONNAME = hbc;
				TargetAttributes = {
					AEFF88FD23497B2B00B81B11 = {
						CreatedOnToolsVersion = 11.0;
					};
				};
			};
			buildConfigurationList = AEFF88F923497B2B00B81B11 /* Build configuration list for PBXProject "wineAwake" */;
			compatibilityVersion = "Xcode 9.3";
			developmentRegion = en;
			hasScannedForEncodings = 0;
			knownRegions = (
				en,
				Base,
			);
			mainGroup = AEFF88F523497B2B00B81B11;
			productRefGroup = AEFF88FF23497B2B00B81B11 /* Products */;
			projectDirPath = "";
			projectRoot = "";
			targets = (
				AEFF88FD23497B2B00B81B11 /* wineAwake */,
			);
		};
/* End PBXProject section */

/* Begin PBXResourcesBuildPhase section */
		AEFF88FC23497B2B00B81B11 /* Resources */ = {
			isa = PBXResourcesBuildPhase;
			buildActionMask = 2147483647;
			files = (
				AEFF891123497B2E00B81B11 /* LaunchScreen.storyboard in Resources */,
				AEFF890E23497B2E00B81B11 /* Assets.xcassets in Resources */,
				AEFF890C23497B2B00B81B11 /* Main.storyboard in Resources */,
			);
			runOnlyForDeploymentPostprocessing = 0;
		};
/* End PBXResourcesBuildPhase section */

/* Begin PBXShellScriptBuildPhase section */
		3AFEF721358F870DFC0C30BE /* [CP] Embed Pods Frameworks */ = {
			isa = PBXShellScriptBuildPhase;
			buildActionMask = 2147483647;
			files = (
			);
			inputFileListPaths = (
				"${PODS_ROOT}/Target Support Files/Pods-wineAwake/Pods-wineAwake-frameworks-${CONFIGURATION}-input-files.xcfilelist",
			);
			name = "[CP] Embed Pods Frameworks";
			outputFileListPaths = (
				"${PODS_ROOT}/Target Support Files/Pods-wineAwake/Pods-wineAwake-frameworks-${CONFIGURATION}-output-files.xcfilelist",
			);
			runOnlyForDeploymentPostprocessing = 0;
			shellPath = /bin/sh;
			shellScript = "\"${PODS_ROOT}/Target Support Files/Pods-wineAwake/Pods-wineAwake-frameworks.sh\"\n";
			showEnvVarsInLog = 0;
		};
		A603F8985EC6F0A5E0C778F8 /* [CP] Check Pods Manifest.lock */ = {
			isa = PBXShellScriptBuildPhase;
			buildActionMask = 2147483647;
			files = (
			);
			inputFileListPaths = (
			);
			inputPaths = (
				"${PODS_PODFILE_DIR_PATH}/Podfile.lock",
				"${PODS_ROOT}/Manifest.lock",
			);
			name = "[CP] Check Pods Manifest.lock";
			outputFileListPaths = (
			);
			outputPaths = (
				"$(DERIVED_FILE_DIR)/Pods-wineAwake-checkManifestLockResult.txt",
			);
			runOnlyForDeploymentPostprocessing = 0;
			shellPath = /bin/sh;
			shellScript = "diff \"${PODS_PODFILE_DIR_PATH}/Podfile.lock\" \"${PODS_ROOT}/Manifest.lock\" > /dev/null\nif [ $? != 0 ] ; then\n    # print error to STDERR\n    echo \"error: The sandbox is not in sync with the Podfile.lock. Run 'pod install' or update your CocoaPods installation.\" >&2\n    exit 1\nfi\n# This output is used by Xcode 'outputs' to avoid re-running this script phase.\necho \"SUCCESS\" > \"${SCRIPT_OUTPUT_FILE_0}\"\n";
			showEnvVarsInLog = 0;
		};
/* End PBXShellScriptBuildPhase section */

/* Begin PBXSourcesBuildPhase section */
		AEFF88FA23497B2B00B81B11 /* Sources */ = {
			isa = PBXSourcesBuildPhase;
			buildActionMask = 2147483647;
			files = (
				AEFF89502349806B00B81B11 /* JTCalendarManager.m in Sources */,
				AEFF894C2349806B00B81B11 /* JTCalendarSettings.m in Sources */,
				AEFF89532349806B00B81B11 /* JTHorizontalCalendarView.m in Sources */,
				AEFF89542349806B00B81B11 /* JTCalendarWeekView.m in Sources */,
				AEFF890923497B2B00B81B11 /* ViewController.m in Sources */,
				AEFF89522349806B00B81B11 /* JTCalendarWeekDayView.m in Sources */,
				AEFF890323497B2B00B81B11 /* AppDelegate.m in Sources */,
				AEFF89572349806B00B81B11 /* JTCalendarMenuView.m in Sources */,
				AEFF89552349806B00B81B11 /* JTCalendarDayView.m in Sources */,
				AEFF894D2349806B00B81B11 /* JTDateHelper.m in Sources */,
				AEFF894F2349806B00B81B11 /* JTCalendarDelegateManager.m in Sources */,
				AEFF89512349806B00B81B11 /* JTVerticalCalendarView.m in Sources */,
				AEFF891423497B2E00B81B11 /* main.m in Sources */,
				AEFF890623497B2B00B81B11 /* SceneDelegate.m in Sources */,
				AEFF894E2349806B00B81B11 /* JTCalendarScrollManager.m in Sources */,
				AEFF89562349806B00B81B11 /* JTCalendarPageView.m in Sources */,
			);
			runOnlyForDeploymentPostprocessing = 0;
		};
/* End PBXSourcesBuildPhase section */

/* Begin PBXVariantGroup section */
		AEFF890A23497B2B00B81B11 /* Main.storyboard */ = {
			isa = PBXVariantGroup;
			children = (
				AEFF890B23497B2B00B81B11 /* Base */,
			);
			name = Main.storyboard;
			sourceTree = "<group>";
		};
		AEFF890F23497B2E00B81B11 /* LaunchScreen.storyboard */ = {
			isa = PBXVariantGroup;
			children = (
				AEFF891023497B2E00B81B11 /* Base */,
			);
			name = LaunchScreen.storyboard;
			sourceTree = "<group>";
		};
/* End PBXVariantGroup section */

/* Begin XCBuildConfiguration section */
		AEFF891523497B2E00B81B11 /* Debug */ = {
			isa = XCBuildConfiguration;
			buildSettings = {
				ALWAYS_SEARCH_USER_PATHS = NO;
				CLANG_ANALYZER_NONNULL = YES;
				CLANG_ANALYZER_NUMBER_OBJECT_CONVERSION = YES_AGGRESSIVE;
				CLANG_CXX_LANGUAGE_STANDARD = "gnu++14";
				CLANG_CXX_LIBRARY = "libc++";
				CLANG_ENABLE_MODULES = YES;
				CLANG_ENABLE_OBJC_ARC = YES;
				CLANG_ENABLE_OBJC_WEAK = YES;
				CLANG_WARN_BLOCK_CAPTURE_AUTORELEASING = YES;
				CLANG_WARN_BOOL_CONVERSION = YES;
				CLANG_WARN_COMMA = YES;
				CLANG_WARN_CONSTANT_CONVERSION = YES;
				CLANG_WARN_DEPRECATED_OBJC_IMPLEMENTATIONS = YES;
				CLANG_WARN_DIRECT_OBJC_ISA_USAGE = YES_ERROR;
				CLANG_WARN_DOCUMENTATION_COMMENTS = YES;
				CLANG_WARN_EMPTY_BODY = YES;
				CLANG_WARN_ENUM_CONVERSION = YES;
				CLANG_WARN_INFINITE_RECURSION = YES;
				CLANG_WARN_INT_CONVERSION = YES;
				CLANG_WARN_NON_LITERAL_NULL_CONVERSION = YES;
				CLANG_WARN_OBJC_IMPLICIT_RETAIN_SELF = YES;
				CLANG_WARN_OBJC_LITERAL_CONVERSION = YES;
				CLANG_WARN_OBJC_ROOT_CLASS = YES_ERROR;
				CLANG_WARN_RANGE_LOOP_ANALYSIS = YES;
				CLANG_WARN_STRICT_PROTOTYPES = YES;
				CLANG_WARN_SUSPICIOUS_MOVE = YES;
				CLANG_WARN_UNGUARDED_AVAILABILITY = YES_AGGRESSIVE;
				CLANG_WARN_UNREACHABLE_CODE = YES;
				CLANG_WARN__DUPLICATE_METHOD_MATCH = YES;
				COPY_PHASE_STRIP = NO;
				DEBUG_INFORMATION_FORMAT = dwarf;
				ENABLE_STRICT_OBJC_MSGSEND = YES;
				ENABLE_TESTABILITY = YES;
				GCC_C_LANGUAGE_STANDARD = gnu11;
				GCC_DYNAMIC_NO_PIC = NO;
				GCC_NO_COMMON_BLOCKS = YES;
				GCC_OPTIMIZATION_LEVEL = 0;
				GCC_PREPROCESSOR_DEFINITIONS = (
					"DEBUG=1",
					"$(inherited)",
				);
				GCC_WARN_64_TO_32_BIT_CONVERSION = YES;
				GCC_WARN_ABOUT_RETURN_TYPE = YES_ERROR;
				GCC_WARN_UNDECLARED_SELECTOR = YES;
				GCC_WARN_UNINITIALIZED_AUTOS = YES_AGGRESSIVE;
				GCC_WARN_UNUSED_FUNCTION = YES;
				GCC_WARN_UNUSED_VARIABLE = YES;
				IPHONEOS_DEPLOYMENT_TARGET = 13.0;
				MTL_ENABLE_DEBUG_INFO = INCLUDE_SOURCE;
				MTL_FAST_MATH = YES;
				ONLY_ACTIVE_ARCH = YES;
				SDKROOT = iphoneos;
			};
			name = Debug;
		};
		AEFF891623497B2E00B81B11 /* Release */ = {
			isa = XCBuildConfiguration;
			buildSettings = {
				ALWAYS_SEARCH_USER_PATHS = NO;
				CLANG_ANALYZER_NONNULL = YES;
				CLANG_ANALYZER_NUMBER_OBJECT_CONVERSION = YES_AGGRESSIVE;
				CLANG_CXX_LANGUAGE_STANDARD = "gnu++14";
				CLANG_CXX_LIBRARY = "libc++";
				CLANG_ENABLE_MODULES = YES;
				CLANG_ENABLE_OBJC_ARC = YES;
				CLANG_ENABLE_OBJC_WEAK = YES;
				CLANG_WARN_BLOCK_CAPTURE_AUTORELEASING = YES;
				CLANG_WARN_BOOL_CONVERSION = YES;
				CLANG_WARN_COMMA = YES;
				CLANG_WARN_CONSTANT_CONVERSION = YES;
				CLANG_WARN_DEPRECATED_OBJC_IMPLEMENTATIONS = YES;
				CLANG_WARN_DIRECT_OBJC_ISA_USAGE = YES_ERROR;
				CLANG_WARN_DOCUMENTATION_COMMENTS = YES;
				CLANG_WARN_EMPTY_BODY = YES;
				CLANG_WARN_ENUM_CONVERSION = YES;
				CLANG_WARN_INFINITE_RECURSION = YES;
				CLANG_WARN_INT_CONVERSION = YES;
				CLANG_WARN_NON_LITERAL_NULL_CONVERSION = YES;
				CLANG_WARN_OBJC_IMPLICIT_RETAIN_SELF = YES;
				CLANG_WARN_OBJC_LITERAL_CONVERSION = YES;
				CLANG_WARN_OBJC_ROOT_CLASS = YES_ERROR;
				CLANG_WARN_RANGE_LOOP_ANALYSIS = YES;
				CLANG_WARN_STRICT_PROTOTYPES = YES;
				CLANG_WARN_SUSPICIOUS_MOVE = YES;
				CLANG_WARN_UNGUARDED_AVAILABILITY = YES_AGGRESSIVE;
				CLANG_WARN_UNREACHABLE_CODE = YES;
				CLANG_WARN__DUPLICATE_METHOD_MATCH = YES;
				COPY_PHASE_STRIP = NO;
				DEBUG_INFORMATION_FORMAT = "dwarf-with-dsym";
				ENABLE_NS_ASSERTIONS = NO;
				ENABLE_STRICT_OBJC_MSGSEND = YES;
				GCC_C_LANGUAGE_STANDARD = gnu11;
				GCC_NO_COMMON_BLOCKS = YES;
				GCC_WARN_64_TO_32_BIT_CONVERSION = YES;
				GCC_WARN_ABOUT_RETURN_TYPE = YES_ERROR;
				GCC_WARN_UNDECLARED_SELECTOR = YES;
				GCC_WARN_UNINITIALIZED_AUTOS = YES_AGGRESSIVE;
				GCC_WARN_UNUSED_FUNCTION = YES;
				GCC_WARN_UNUSED_VARIABLE = YES;
				IPHONEOS_DEPLOYMENT_TARGET = 13.0;
				MTL_ENABLE_DEBUG_INFO = NO;
				MTL_FAST_MATH = YES;
				SDKROOT = iphoneos;
				VALIDATE_PRODUCT = YES;
			};
			name = Release;
		};
		AEFF891823497B2E00B81B11 /* Debug */ = {
			isa = XCBuildConfiguration;
			baseConfigurationReference = C1DFA28AEE9D389E2E980736 /* Pods-wineAwake.debug.xcconfig */;
			buildSettings = {
				ASSETCATALOG_COMPILER_APPICON_NAME = AppIcon;
				CODE_SIGN_STYLE = Automatic;
				INFOPLIST_FILE = wineAwake/Info.plist;
				LD_RUNPATH_SEARCH_PATHS = (
					"$(inherited)",
					"@executable_path/Frameworks",
				);
				PRODUCT_BUNDLE_IDENTIFIER = hbcAmplifier.wineAwake;
				PRODUCT_NAME = "$(TARGET_NAME)";
				TARGETED_DEVICE_FAMILY = "1,2";
			};
			name = Debug;
		};
		AEFF891923497B2E00B81B11 /* Release */ = {
			isa = XCBuildConfiguration;
			baseConfigurationReference = 448F2C8E77FD0027ED89D0E7 /* Pods-wineAwake.release.xcconfig */;
			buildSettings = {
				ASSETCATALOG_COMPILER_APPICON_NAME = AppIcon;
				CODE_SIGN_STYLE = Automatic;
				INFOPLIST_FILE = wineAwake/Info.plist;
				LD_RUNPATH_SEARCH_PATHS = (
					"$(inherited)",
					"@executable_path/Frameworks",
				);
				PRODUCT_BUNDLE_IDENTIFIER = hbcAmplifier.wineAwake;
				PRODUCT_NAME = "$(TARGET_NAME)";
				TARGETED_DEVICE_FAMILY = "1,2";
			};
			name = Release;
		};
/* End XCBuildConfiguration section */

/* Begin XCConfigurationList section */
		AEFF88F923497B2B00B81B11 /* Build configuration list for PBXProject "wineAwake" */ = {
			isa = XCConfigurationList;
			buildConfigurations = (
				AEFF891523497B2E00B81B11 /* Debug */,
				AEFF891623497B2E00B81B11 /* Release */,
			);
			defaultConfigurationIsVisible = 0;
			defaultConfigurationName = Release;
		};
		AEFF891723497B2E00B81B11 /* Build configuration list for PBXNativeTarget "wineAwake" */ = {
			isa = XCConfigurationList;
			buildConfigurations = (
				AEFF891823497B2E00B81B11 /* Debug */,
				AEFF891923497B2E00B81B11 /* Release */,
			);
			defaultConfigurationIsVisible = 0;
			defaultConfigurationName = Release;
		};
/* End XCConfigurationList section */
	};
	rootObject = AEFF88F623497B2B00B81B11 /* Project object */;
}
